Microsoft Visual Studio Solution File, Format Version 8.00
Project("{FAE04EC0-301F-11D3-BF4B-00C04F79EFBC}") = "Nirvana.Admin", "Nirvana.Admin\Nirvana.Admin.csproj", "{61ADF42A-17D2-48D2-B07D-6C4DDE3EFC5E}"
	ProjectSection(ProjectDependencies) = postProject
	EndProjectSection
EndProject
Project("{FAE04EC0-301F-11D3-BF4B-00C04F79EFBC}") = "Nirvana.Admin.BLL", "Nirvana.Admin.BLL\Nirvana.Admin.BLL.csproj", "{F015C504-985F-44AA-92EC-E6F8C8461F9C}"
	ProjectSection(ProjectDependencies) = postProject
	EndProjectSection
EndProject
Project("{4F174C21-8C12-11D0-8340-0000F80270F8}") = "Nirvana.Admin.Database", "Nirvana.Admin.Database\Nirvana.Admin.Database.dbp", "{0EEF01DA-A0B1-41E9-A332-FAD82C438929}"
	ProjectSection(ProjectDependencies) = postProject
	EndProjectSection
EndProject
Project("{FAE04EC0-301F-11D3-BF4B-00C04F79EFBC}") = "Nirvana.Admin.Controls", "Nirvana.Admin.Controls\Nirvana.Admin.Controls.csproj", "{171A3819-4AD0-42AC-B735-AEEE760A95D7}"
	ProjectSection(ProjectDependencies) = postProject
	EndProjectSection
EndProject
Project("{FAE04EC0-301F-11D3-BF4B-00C04F79EFBC}") = "Nirvana.Admin.Utility", "Nirvana.Admin.Utility\Nirvana.Admin.Utility.csproj", "{F607BA15-449F-4064-AE8C-BD16FE329BAA}"
	ProjectSection(ProjectDependencies) = postProject
	EndProjectSection
EndProject
Project("{FAE04EC0-301F-11D3-BF4B-00C04F79EFBC}") = "Nirvana.Common", "..\..\NewSourceCode\Nirvana.Server\Nirvana.Common\Nirvana.Common.csproj", "{02D0C762-B5E6-4D9C-8E72-D4AFD391668D}"
	ProjectSection(ProjectDependencies) = postProject
	EndProjectSection
EndProject
Project("{FAE04EC0-301F-11D3-BF4B-00C04F79EFBC}") = "Nirvana.Configuration", "..\..\NewSourceCode\Nirvana.Server\Nirvana.Configuration\Nirvana.Configuration.csproj", "{D1BB1AB9-453A-4923-B77C-FA6F1D2802F9}"
	ProjectSection(ProjectDependencies) = postProject
	EndProjectSection
EndProject
Project("{FAE04EC0-301F-11D3-BF4B-00C04F79EFBC}") = "Nirvana.DAL", "..\..\NewSourceCode\Nirvana.Server\Nirvana.DAL\Nirvana.DAL.csproj", "{D349B6D8-992F-443F-BB57-57E50DD98794}"
	ProjectSection(ProjectDependencies) = postProject
	EndProjectSection
EndProject
Project("{FAE04EC0-301F-11D3-BF4B-00C04F79EFBC}") = "Nirvana.ExceptionHandling.Logging", "..\..\NewSourceCode\Nirvana.Server\Nirvana.ExceptionHandling\Nirvana.ExceptionHandling.Logging\Nirvana.ExceptionHandling.Logging.csproj", "{EC311AD3-0A26-4808-901B-A983E97E5790}"
	ProjectSection(ProjectDependencies) = postProject
	EndProjectSection
EndProject
Project("{FAE04EC0-301F-11D3-BF4B-00C04F79EFBC}") = "Nirvana.ExceptionHandling", "..\..\NewSourceCode\Nirvana.Server\Nirvana.ExceptionHandling\Nirvana.ExceptionHandling.csproj", "{2DB0AD6D-BF59-4EBB-9F99-49ABD8539FD2}"
	ProjectSection(ProjectDependencies) = postProject
	EndProjectSection
EndProject
Project("{FAE04EC0-301F-11D3-BF4B-00C04F79EFBC}") = "Nirvana.Logging", "..\..\NewSourceCode\Nirvana.Server\Nirvana.Logging\Nirvana.Logging.csproj", "{6AC97717-899D-4F72-BC5B-2C37959CD4FF}"
	ProjectSection(ProjectDependencies) = postProject
	EndProjectSection
EndProject
Project("{FAE04EC0-301F-11D3-BF4B-00C04F79EFBC}") = "Nirvana.Admin.RiskManagement", "Nirvana.Admin.RiskManagement\Nirvana.Admin.RiskManagement.csproj", "{2C180E8F-8ED9-41E4-BF5F-0961A5305270}"
	ProjectSection(ProjectDependencies) = postProject
	EndProjectSection
EndProject
Project("{FAE04EC0-301F-11D3-BF4B-00C04F79EFBC}") = "Nirvana.Admin.RiskManagement.BLL", "Nirvana.Admin.RiskManagement.BLL\Nirvana.Admin.RiskManagement.BLL.csproj", "{F772A643-6543-4926-88AE-D3E19EBF7F17}"
	ProjectSection(ProjectDependencies) = postProject
	EndProjectSection
EndProject
Project("{54435603-DBB4-11D2-8724-00A0C9A8B90C}") = "Setup", "Setup\Setup.vdproj", "{FA740E1A-466B-4DA5-990B-A65DB14A323D}"
	ProjectSection(ProjectDependencies) = postProject
	EndProjectSection
EndProject
Project("{FAE04EC0-301F-11D3-BF4B-00C04F79EFBC}") = "Nirvana.Global", "..\Nirvana.Global\Nirvana.Global.csproj", "{98BF7EEC-2A9A-4B4F-8809-E2AE23939F8A}"
	ProjectSection(ProjectDependencies) = postProject
	EndProjectSection
EndProject
Global
	GlobalSection(SourceCodeControl) = preSolution
		SccNumberOfProjects = 16
		SccProjectName0 = \u0022$/Nirvana/NewSourceCode(Admin)/NirvanaSuperAdmin\u0022,\u0020LGGAAAAA
		SccLocalPath0 = .
		SccProvider0 = MSSCCI:Microsoft\u0020Visual\u0020SourceSafe
		CanCheckoutShared = false
		SolutionUniqueID = {E03544FF-3115-42E0-AD67-52EFA85FCB7A}
		SccProjectUniqueName1 = Nirvana.Admin\\Nirvana.Admin.csproj
		SccLocalPath1 = .
		CanCheckoutShared = false
		SccProjectFilePathRelativizedFromConnection1 = Nirvana.Admin\\
		SccProjectUniqueName2 = Nirvana.Admin.BLL\\Nirvana.Admin.BLL.csproj
		SccLocalPath2 = .
		CanCheckoutShared = false
		SccProjectFilePathRelativizedFromConnection2 = Nirvana.Admin.BLL\\
		SccProjectUniqueName3 = Nirvana.Admin.Database\\Nirvana.Admin.Database.dbp
		SccLocalPath3 = .
		CanCheckoutShared = false
		SccProjectFilePathRelativizedFromConnection3 = Nirvana.Admin.Database\\
		SccProjectUniqueName4 = Nirvana.Admin.Controls\\Nirvana.Admin.Controls.csproj
		SccLocalPath4 = .
		CanCheckoutShared = false
		SccProjectFilePathRelativizedFromConnection4 = Nirvana.Admin.Controls\\
		SccProjectUniqueName5 = Nirvana.Admin.Utility\\Nirvana.Admin.Utility.csproj
		SccLocalPath5 = .
		CanCheckoutShared = false
		SccProjectFilePathRelativizedFromConnection5 = Nirvana.Admin.Utility\\
		SccProjectUniqueName6 = ..\\..\\NewSourceCode\\Nirvana.Server\\Nirvana.Common\\Nirvana.Common.csproj
		SccProjectName6 = \u0022$/Nirvana/NewSourceCode/Nirvana.Server/Nirvana.Common\u0022,\u0020PJHAAAAA
		SccLocalPath6 = ..\\..\\NewSourceCode\\Nirvana.Server\\Nirvana.Common
		CanCheckoutShared = false
		SccProjectUniqueName7 = ..\\..\\NewSourceCode\\Nirvana.Server\\Nirvana.Configuration\\Nirvana.Configuration.csproj
		SccProjectName7 = \u0022$/Nirvana/NewSourceCode/Nirvana.Server/Nirvana.Configuration\u0022,\u0020ILHAAAAA
		SccLocalPath7 = ..\\..\\NewSourceCode\\Nirvana.Server\\Nirvana.Configuration
		CanCheckoutShared = false
		SccProjectUniqueName8 = ..\\..\\NewSourceCode\\Nirvana.Server\\Nirvana.DAL\\Nirvana.DAL.csproj
		SccProjectName8 = \u0022$/Nirvana/NewSourceCode/Nirvana.Server/Nirvana.DAL\u0022,\u0020DDIAAAAA
		SccLocalPath8 = ..\\..\\NewSourceCode\\Nirvana.Server\\Nirvana.DAL
		CanCheckoutShared = false
		SccProjectUniqueName9 = ..\\..\\NewSourceCode\\Nirvana.Server\\Nirvana.ExceptionHandling\\Nirvana.ExceptionHandling.Logging\\Nirvana.ExceptionHandling.Logging.csproj
		SccProjectName9 = \u0022$/Nirvana/NewSourceCode/Nirvana.Server/Nirvana.ExceptionHandling/Nirvana.ExceptionHandling.Logging\u0022,\u0020SOIAAAAA
		SccLocalPath9 = ..\\..\\NewSourceCode\\Nirvana.Server\\Nirvana.ExceptionHandling\\Nirvana.ExceptionHandling.Logging
		CanCheckoutShared = false
		SccProjectUniqueName10 = ..\\..\\NewSourceCode\\Nirvana.Server\\Nirvana.ExceptionHandling\\Nirvana.ExceptionHandling.csproj
		SccProjectName10 = \u0022$/Nirvana/NewSourceCode/Nirvana.Server/Nirvana.ExceptionHandling\u0022,\u0020VKIAAAAA
		SccLocalPath10 = ..\\..\\NewSourceCode\\Nirvana.Server\\Nirvana.ExceptionHandling
		CanCheckoutShared = false
		SccProjectUniqueName11 = ..\\..\\NewSourceCode\\Nirvana.Server\\Nirvana.Logging\\Nirvana.Logging.csproj
		SccProjectName11 = \u0022$/Nirvana/NewSourceCode/Nirvana.Server/Nirvana.Logging\u0022,\u0020VQIAAAAA
		SccLocalPath11 = ..\\..\\NewSourceCode\\Nirvana.Server\\Nirvana.Logging
		CanCheckoutShared = false
		SccProjectUniqueName12 = Nirvana.Admin.RiskManagement\\Nirvana.Admin.RiskManagement.csproj
		SccLocalPath12 = .
		CanCheckoutShared = false
		SccProjectFilePathRelativizedFromConnection12 = Nirvana.Admin.RiskManagement\\
		SccProjectUniqueName13 = Nirvana.Admin.RiskManagement.BLL\\Nirvana.Admin.RiskManagement.BLL.csproj
		SccLocalPath13 = .
		CanCheckoutShared = false
		SccProjectFilePathRelativizedFromConnection13 = Nirvana.Admin.RiskManagement.BLL\\
		SccProjectUniqueName14 = Setup\\Setup.vdproj
		SccLocalPath14 = .
		CanCheckoutShared = false
		SccProjectFilePathRelativizedFromConnection14 = Setup\\
		SccProjectUniqueName15 = ..\\Nirvana.Global\\Nirvana.Global.csproj
		SccProjectName15 = \u0022$/Nirvana/NewSourceCode/Nirvana.Global\u0022,\u0020EYJAAAAA
		SccLocalPath15 = ..\\Nirvana.Global
		CanCheckoutShared = false
	EndGlobalSection
	GlobalSection(SolutionConfiguration) = preSolution
		Debug = Debug
		DebugLongRunningTests = DebugLongRunningTests
		DebugUnitTests = DebugUnitTests
		Release = Release
		ReleaseFinal = ReleaseFinal
		ReleaseUnitTests = ReleaseUnitTests
	EndGlobalSection
	GlobalSection(ProjectConfiguration) = postSolution
		{61ADF42A-17D2-48D2-B07D-6C4DDE3EFC5E}.Debug.ActiveCfg = Debug|.NET
		{61ADF42A-17D2-48D2-B07D-6C4DDE3EFC5E}.Debug.Build.0 = Debug|.NET
		{61ADF42A-17D2-48D2-B07D-6C4DDE3EFC5E}.DebugLongRunningTests.ActiveCfg = Debug|.NET
		{61ADF42A-17D2-48D2-B07D-6C4DDE3EFC5E}.DebugLongRunningTests.Build.0 = Debug|.NET
		{61ADF42A-17D2-48D2-B07D-6C4DDE3EFC5E}.DebugUnitTests.ActiveCfg = Debug|.NET
		{61ADF42A-17D2-48D2-B07D-6C4DDE3EFC5E}.DebugUnitTests.Build.0 = Debug|.NET
		{61ADF42A-17D2-48D2-B07D-6C4DDE3EFC5E}.Release.ActiveCfg = Release|.NET
		{61ADF42A-17D2-48D2-B07D-6C4DDE3EFC5E}.Release.Build.0 = Release|.NET
		{61ADF42A-17D2-48D2-B07D-6C4DDE3EFC5E}.ReleaseFinal.ActiveCfg = Release|.NET
		{61ADF42A-17D2-48D2-B07D-6C4DDE3EFC5E}.ReleaseFinal.Build.0 = Release|.NET
		{61ADF42A-17D2-48D2-B07D-6C4DDE3EFC5E}.ReleaseUnitTests.ActiveCfg = Release|.NET
		{61ADF42A-17D2-48D2-B07D-6C4DDE3EFC5E}.ReleaseUnitTests.Build.0 = Release|.NET
		{F015C504-985F-44AA-92EC-E6F8C8461F9C}.Debug.ActiveCfg = Debug|.NET
		{F015C504-985F-44AA-92EC-E6F8C8461F9C}.Debug.Build.0 = Debug|.NET
		{F015C504-985F-44AA-92EC-E6F8C8461F9C}.DebugLongRunningTests.ActiveCfg = Debug|.NET
		{F015C504-985F-44AA-92EC-E6F8C8461F9C}.DebugLongRunningTests.Build.0 = Debug|.NET
		{F015C504-985F-44AA-92EC-E6F8C8461F9C}.DebugUnitTests.ActiveCfg = Debug|.NET
		{F015C504-985F-44AA-92EC-E6F8C8461F9C}.DebugUnitTests.Build.0 = Debug|.NET
		{F015C504-985F-44AA-92EC-E6F8C8461F9C}.Release.ActiveCfg = Release|.NET
		{F015C504-985F-44AA-92EC-E6F8C8461F9C}.Release.Build.0 = Release|.NET
		{F015C504-985F-44AA-92EC-E6F8C8461F9C}.ReleaseFinal.ActiveCfg = Release|.NET
		{F015C504-985F-44AA-92EC-E6F8C8461F9C}.ReleaseFinal.Build.0 = Release|.NET
		{F015C504-985F-44AA-92EC-E6F8C8461F9C}.ReleaseUnitTests.ActiveCfg = Release|.NET
		{F015C504-985F-44AA-92EC-E6F8C8461F9C}.ReleaseUnitTests.Build.0 = Release|.NET
		{171A3819-4AD0-42AC-B735-AEEE760A95D7}.Debug.ActiveCfg = Debug|.NET
		{171A3819-4AD0-42AC-B735-AEEE760A95D7}.Debug.Build.0 = Debug|.NET
		{171A3819-4AD0-42AC-B735-AEEE760A95D7}.DebugLongRunningTests.ActiveCfg = Debug|.NET
		{171A3819-4AD0-42AC-B735-AEEE760A95D7}.DebugLongRunningTests.Build.0 = Debug|.NET
		{171A3819-4AD0-42AC-B735-AEEE760A95D7}.DebugUnitTests.ActiveCfg = Debug|.NET
		{171A3819-4AD0-42AC-B735-AEEE760A95D7}.DebugUnitTests.Build.0 = Debug|.NET
		{171A3819-4AD0-42AC-B735-AEEE760A95D7}.Release.ActiveCfg = Release|.NET
		{171A3819-4AD0-42AC-B735-AEEE760A95D7}.Release.Build.0 = Release|.NET
		{171A3819-4AD0-42AC-B735-AEEE760A95D7}.ReleaseFinal.ActiveCfg = Release|.NET
		{171A3819-4AD0-42AC-B735-AEEE760A95D7}.ReleaseFinal.Build.0 = Release|.NET
		{171A3819-4AD0-42AC-B735-AEEE760A95D7}.ReleaseUnitTests.ActiveCfg = Release|.NET
		{171A3819-4AD0-42AC-B735-AEEE760A95D7}.ReleaseUnitTests.Build.0 = Release|.NET
		{F607BA15-449F-4064-AE8C-BD16FE329BAA}.Debug.ActiveCfg = Debug|.NET
		{F607BA15-449F-4064-AE8C-BD16FE329BAA}.Debug.Build.0 = Debug|.NET
		{F607BA15-449F-4064-AE8C-BD16FE329BAA}.DebugLongRunningTests.ActiveCfg = Debug|.NET
		{F607BA15-449F-4064-AE8C-BD16FE329BAA}.DebugLongRunningTests.Build.0 = Debug|.NET
		{F607BA15-449F-4064-AE8C-BD16FE329BAA}.DebugUnitTests.ActiveCfg = Debug|.NET
		{F607BA15-449F-4064-AE8C-BD16FE329BAA}.DebugUnitTests.Build.0 = Debug|.NET
		{F607BA15-449F-4064-AE8C-BD16FE329BAA}.Release.ActiveCfg = Release|.NET
		{F607BA15-449F-4064-AE8C-BD16FE329BAA}.Release.Build.0 = Release|.NET
		{F607BA15-449F-4064-AE8C-BD16FE329BAA}.ReleaseFinal.ActiveCfg = Release|.NET
		{F607BA15-449F-4064-AE8C-BD16FE329BAA}.ReleaseFinal.Build.0 = Release|.NET
		{F607BA15-449F-4064-AE8C-BD16FE329BAA}.ReleaseUnitTests.ActiveCfg = Release|.NET
		{F607BA15-449F-4064-AE8C-BD16FE329BAA}.ReleaseUnitTests.Build.0 = Release|.NET
		{02D0C762-B5E6-4D9C-8E72-D4AFD391668D}.Debug.ActiveCfg = Debug|.NET
		{02D0C762-B5E6-4D9C-8E72-D4AFD391668D}.Debug.Build.0 = Debug|.NET
		{02D0C762-B5E6-4D9C-8E72-D4AFD391668D}.DebugLongRunningTests.ActiveCfg = Debug|.NET
		{02D0C762-B5E6-4D9C-8E72-D4AFD391668D}.DebugLongRunningTests.Build.0 = Debug|.NET
		{02D0C762-B5E6-4D9C-8E72-D4AFD391668D}.DebugUnitTests.ActiveCfg = Debug|.NET
		{02D0C762-B5E6-4D9C-8E72-D4AFD391668D}.DebugUnitTests.Build.0 = Debug|.NET
		{02D0C762-B5E6-4D9C-8E72-D4AFD391668D}.Release.ActiveCfg = Release|.NET
		{02D0C762-B5E6-4D9C-8E72-D4AFD391668D}.Release.Build.0 = Release|.NET
		{02D0C762-B5E6-4D9C-8E72-D4AFD391668D}.ReleaseFinal.ActiveCfg = Release|.NET
		{02D0C762-B5E6-4D9C-8E72-D4AFD391668D}.ReleaseFinal.Build.0 = Release|.NET
		{02D0C762-B5E6-4D9C-8E72-D4AFD391668D}.ReleaseUnitTests.ActiveCfg = Release|.NET
		{02D0C762-B5E6-4D9C-8E72-D4AFD391668D}.ReleaseUnitTests.Build.0 = Release|.NET
		{D1BB1AB9-453A-4923-B77C-FA6F1D2802F9}.Debug.ActiveCfg = Debug|.NET
		{D1BB1AB9-453A-4923-B77C-FA6F1D2802F9}.Debug.Build.0 = Debug|.NET
		{D1BB1AB9-453A-4923-B77C-FA6F1D2802F9}.DebugLongRunningTests.ActiveCfg = DebugLongRunningTests|.NET
		{D1BB1AB9-453A-4923-B77C-FA6F1D2802F9}.DebugLongRunningTests.Build.0 = DebugLongRunningTests|.NET
		{D1BB1AB9-453A-4923-B77C-FA6F1D2802F9}.DebugUnitTests.ActiveCfg = DebugUnitTests|.NET
		{D1BB1AB9-453A-4923-B77C-FA6F1D2802F9}.DebugUnitTests.Build.0 = DebugUnitTests|.NET
		{D1BB1AB9-453A-4923-B77C-FA6F1D2802F9}.Release.ActiveCfg = Release|.NET
		{D1BB1AB9-453A-4923-B77C-FA6F1D2802F9}.Release.Build.0 = Release|.NET
		{D1BB1AB9-453A-4923-B77C-FA6F1D2802F9}.ReleaseFinal.ActiveCfg = ReleaseFinal|.NET
		{D1BB1AB9-453A-4923-B77C-FA6F1D2802F9}.ReleaseFinal.Build.0 = ReleaseFinal|.NET
		{D1BB1AB9-453A-4923-B77C-FA6F1D2802F9}.ReleaseUnitTests.ActiveCfg = ReleaseUnitTests|.NET
		{D1BB1AB9-453A-4923-B77C-FA6F1D2802F9}.ReleaseUnitTests.Build.0 = ReleaseUnitTests|.NET
		{D349B6D8-992F-443F-BB57-57E50DD98794}.Debug.ActiveCfg = Debug|.NET
		{D349B6D8-992F-443F-BB57-57E50DD98794}.Debug.Build.0 = Debug|.NET
		{D349B6D8-992F-443F-BB57-57E50DD98794}.DebugLongRunningTests.ActiveCfg = DebugLongRunningTests|.NET
		{D349B6D8-992F-443F-BB57-57E50DD98794}.DebugLongRunningTests.Build.0 = DebugLongRunningTests|.NET
		{D349B6D8-992F-443F-BB57-57E50DD98794}.DebugUnitTests.ActiveCfg = DebugUnitTests|.NET
		{D349B6D8-992F-443F-BB57-57E50DD98794}.DebugUnitTests.Build.0 = DebugUnitTests|.NET
		{D349B6D8-992F-443F-BB57-57E50DD98794}.Release.ActiveCfg = Release|.NET
		{D349B6D8-992F-443F-BB57-57E50DD98794}.Release.Build.0 = Release|.NET
		{D349B6D8-992F-443F-BB57-57E50DD98794}.ReleaseFinal.ActiveCfg = ReleaseFinal|.NET
		{D349B6D8-992F-443F-BB57-57E50DD98794}.ReleaseFinal.Build.0 = ReleaseFinal|.NET
		{D349B6D8-992F-443F-BB57-57E50DD98794}.ReleaseUnitTests.ActiveCfg = ReleaseUnitTests|.NET
		{D349B6D8-992F-443F-BB57-57E50DD98794}.ReleaseUnitTests.Build.0 = ReleaseUnitTests|.NET
		{EC311AD3-0A26-4808-901B-A983E97E5790}.Debug.ActiveCfg = Debug|.NET
		{EC311AD3-0A26-4808-901B-A983E97E5790}.Debug.Build.0 = Debug|.NET
		{EC311AD3-0A26-4808-901B-A983E97E5790}.DebugLongRunningTests.ActiveCfg = DebugLongRunningTests|.NET
		{EC311AD3-0A26-4808-901B-A983E97E5790}.DebugLongRunningTests.Build.0 = DebugLongRunningTests|.NET
		{EC311AD3-0A26-4808-901B-A983E97E5790}.DebugUnitTests.ActiveCfg = DebugUnitTests|.NET
		{EC311AD3-0A26-4808-901B-A983E97E5790}.DebugUnitTests.Build.0 = DebugUnitTests|.NET
		{EC311AD3-0A26-4808-901B-A983E97E5790}.Release.ActiveCfg = Release|.NET
		{EC311AD3-0A26-4808-901B-A983E97E5790}.Release.Build.0 = Release|.NET
		{EC311AD3-0A26-4808-901B-A983E97E5790}.ReleaseFinal.ActiveCfg = ReleaseFinal|.NET
		{EC311AD3-0A26-4808-901B-A983E97E5790}.ReleaseFinal.Build.0 = ReleaseFinal|.NET
		{EC311AD3-0A26-4808-901B-A983E97E5790}.ReleaseUnitTests.ActiveCfg = ReleaseUnitTests|.NET
		{EC311AD3-0A26-4808-901B-A983E97E5790}.ReleaseUnitTests.Build.0 = ReleaseUnitTests|.NET
		{2DB0AD6D-BF59-4EBB-9F99-49ABD8539FD2}.Debug.ActiveCfg = Debug|.NET
		{2DB0AD6D-BF59-4EBB-9F99-49ABD8539FD2}.Debug.Build.0 = Debug|.NET
		{2DB0AD6D-BF59-4EBB-9F99-49ABD8539FD2}.DebugLongRunningTests.ActiveCfg = DebugLongRunningTests|.NET
		{2DB0AD6D-BF59-4EBB-9F99-49ABD8539FD2}.DebugLongRunningTests.Build.0 = DebugLongRunningTests|.NET
		{2DB0AD6D-BF59-4EBB-9F99-49ABD8539FD2}.DebugUnitTests.ActiveCfg = DebugUnitTests|.NET
		{2DB0AD6D-BF59-4EBB-9F99-49ABD8539FD2}.DebugUnitTests.Build.0 = DebugUnitTests|.NET
		{2DB0AD6D-BF59-4EBB-9F99-49ABD8539FD2}.Release.ActiveCfg = Release|.NET
		{2DB0AD6D-BF59-4EBB-9F99-49ABD8539FD2}.Release.Build.0 = Release|.NET
		{2DB0AD6D-BF59-4EBB-9F99-49ABD8539FD2}.ReleaseFinal.ActiveCfg = ReleaseFinal|.NET
		{2DB0AD6D-BF59-4EBB-9F99-49ABD8539FD2}.ReleaseFinal.Build.0 = ReleaseFinal|.NET
		{2DB0AD6D-BF59-4EBB-9F99-49ABD8539FD2}.ReleaseUnitTests.ActiveCfg = ReleaseUnitTests|.NET
		{2DB0AD6D-BF59-4EBB-9F99-49ABD8539FD2}.ReleaseUnitTests.Build.0 = ReleaseUnitTests|.NET
		{6AC97717-899D-4F72-BC5B-2C37959CD4FF}.Debug.ActiveCfg = Debug|.NET
		{6AC97717-899D-4F72-BC5B-2C37959CD4FF}.Debug.Build.0 = Debug|.NET
		{6AC97717-899D-4F72-BC5B-2C37959CD4FF}.DebugLongRunningTests.ActiveCfg = DebugLongRunningTests|.NET
		{6AC97717-899D-4F72-BC5B-2C37959CD4FF}.DebugLongRunningTests.Build.0 = DebugLongRunningTests|.NET
		{6AC97717-899D-4F72-BC5B-2C37959CD4FF}.DebugUnitTests.ActiveCfg = DebugUnitTests|.NET
		{6AC97717-899D-4F72-BC5B-2C37959CD4FF}.DebugUnitTests.Build.0 = DebugUnitTests|.NET
		{6AC97717-899D-4F72-BC5B-2C37959CD4FF}.Release.ActiveCfg = Release|.NET
		{6AC97717-899D-4F72-BC5B-2C37959CD4FF}.Release.Build.0 = Release|.NET
		{6AC97717-899D-4F72-BC5B-2C37959CD4FF}.ReleaseFinal.ActiveCfg = ReleaseFinal|.NET
		{6AC97717-899D-4F72-BC5B-2C37959CD4FF}.ReleaseFinal.Build.0 = ReleaseFinal|.NET
		{6AC97717-899D-4F72-BC5B-2C37959CD4FF}.ReleaseUnitTests.ActiveCfg = ReleaseUnitTests|.NET
		{6AC97717-899D-4F72-BC5B-2C37959CD4FF}.ReleaseUnitTests.Build.0 = ReleaseUnitTests|.NET
		{2C180E8F-8ED9-41E4-BF5F-0961A5305270}.Debug.ActiveCfg = Debug|.NET
		{2C180E8F-8ED9-41E4-BF5F-0961A5305270}.Debug.Build.0 = Debug|.NET
		{2C180E8F-8ED9-41E4-BF5F-0961A5305270}.DebugLongRunningTests.ActiveCfg = Debug|.NET
		{2C180E8F-8ED9-41E4-BF5F-0961A5305270}.DebugLongRunningTests.Build.0 = Debug|.NET
		{2C180E8F-8ED9-41E4-BF5F-0961A5305270}.DebugUnitTests.ActiveCfg = Debug|.NET
		{2C180E8F-8ED9-41E4-BF5F-0961A5305270}.DebugUnitTests.Build.0 = Debug|.NET
		{2C180E8F-8ED9-41E4-BF5F-0961A5305270}.Release.ActiveCfg = Release|.NET
		{2C180E8F-8ED9-41E4-BF5F-0961A5305270}.Release.Build.0 = Release|.NET
		{2C180E8F-8ED9-41E4-BF5F-0961A5305270}.ReleaseFinal.ActiveCfg = Release|.NET
		{2C180E8F-8ED9-41E4-BF5F-0961A5305270}.ReleaseFinal.Build.0 = Release|.NET
		{2C180E8F-8ED9-41E4-BF5F-0961A5305270}.ReleaseUnitTests.ActiveCfg = Release|.NET
		{2C180E8F-8ED9-41E4-BF5F-0961A5305270}.ReleaseUnitTests.Build.0 = Release|.NET
		{F772A643-6543-4926-88AE-D3E19EBF7F17}.Debug.ActiveCfg = Debug|.NET
		{F772A643-6543-4926-88AE-D3E19EBF7F17}.Debug.Build.0 = Debug|.NET
		{F772A643-6543-4926-88AE-D3E19EBF7F17}.DebugLongRunningTests.ActiveCfg = Debug|.NET
		{F772A643-6543-4926-88AE-D3E19EBF7F17}.DebugLongRunningTests.Build.0 = Debug|.NET
		{F772A643-6543-4926-88AE-D3E19EBF7F17}.DebugUnitTests.ActiveCfg = Debug|.NET
		{F772A643-6543-4926-88AE-D3E19EBF7F17}.DebugUnitTests.Build.0 = Debug|.NET
		{F772A643-6543-4926-88AE-D3E19EBF7F17}.Release.ActiveCfg = Release|.NET
		{F772A643-6543-4926-88AE-D3E19EBF7F17}.Release.Build.0 = Release|.NET
		{F772A643-6543-4926-88AE-D3E19EBF7F17}.ReleaseFinal.ActiveCfg = Release|.NET
		{F772A643-6543-4926-88AE-D3E19EBF7F17}.ReleaseFinal.Build.0 = Release|.NET
		{F772A643-6543-4926-88AE-D3E19EBF7F17}.ReleaseUnitTests.ActiveCfg = Release|.NET
		{F772A643-6543-4926-88AE-D3E19EBF7F17}.ReleaseUnitTests.Build.0 = Release|.NET
		{FA740E1A-466B-4DA5-990B-A65DB14A323D}.Debug.ActiveCfg = Debug
		{FA740E1A-466B-4DA5-990B-A65DB14A323D}.DebugLongRunningTests.ActiveCfg = Debug
		{FA740E1A-466B-4DA5-990B-A65DB14A323D}.DebugUnitTests.ActiveCfg = Debug
		{FA740E1A-466B-4DA5-990B-A65DB14A323D}.Release.ActiveCfg = Release
		{FA740E1A-466B-4DA5-990B-A65DB14A323D}.ReleaseFinal.ActiveCfg = Release
		{FA740E1A-466B-4DA5-990B-A65DB14A323D}.ReleaseUnitTests.ActiveCfg = Release
		{98BF7EEC-2A9A-4B4F-8809-E2AE23939F8A}.Debug.ActiveCfg = Debug|.NET
		{98BF7EEC-2A9A-4B4F-8809-E2AE23939F8A}.Debug.Build.0 = Debug|.NET
		{98BF7EEC-2A9A-4B4F-8809-E2AE23939F8A}.DebugLongRunningTests.ActiveCfg = Debug|.NET
		{98BF7EEC-2A9A-4B4F-8809-E2AE23939F8A}.DebugLongRunningTests.Build.0 = Debug|.NET
		{98BF7EEC-2A9A-4B4F-8809-E2AE23939F8A}.DebugUnitTests.ActiveCfg = Debug|.NET
		{98BF7EEC-2A9A-4B4F-8809-E2AE23939F8A}.DebugUnitTests.Build.0 = Debug|.NET
		{98BF7EEC-2A9A-4B4F-8809-E2AE23939F8A}.Release.ActiveCfg = Release|.NET
		{98BF7EEC-2A9A-4B4F-8809-E2AE23939F8A}.Release.Build.0 = Release|.NET
		{98BF7EEC-2A9A-4B4F-8809-E2AE23939F8A}.ReleaseFinal.ActiveCfg = Release|.NET
		{98BF7EEC-2A9A-4B4F-8809-E2AE23939F8A}.ReleaseFinal.Build.0 = Release|.NET
		{98BF7EEC-2A9A-4B4F-8809-E2AE23939F8A}.ReleaseUnitTests.ActiveCfg = Release|.NET
		{98BF7EEC-2A9A-4B4F-8809-E2AE23939F8A}.ReleaseUnitTests.Build.0 = Release|.NET
	EndGlobalSection
	GlobalSection(ExtensibilityGlobals) = postSolution
	EndGlobalSection
	GlobalSection(ExtensibilityAddIns) = postSolution
	EndGlobalSection
EndGlobal
