
Microsoft Visual Studio Solution File, Format Version 12.00
# Visual Studio 2012
Project("{F14B399A-7131-4C87-9E4B-1186C45EF12D}") = "PranaServerReports", "Prana.ServerReports\PranaServerReports.rptproj", "{EAA6013F-D38A-48F4-A281-C8EDEAE21E0B}"
EndProject
Global
	GlobalSection(SubversionScc) = preSolution
		Svn-Managed = True
		Manager = AnkhSVN - Subversion Support for Visual Studio
	EndGlobalSection
	GlobalSection(SolutionConfigurationPlatforms) = preSolution
		Debug|Default = Debug|Default
		DebugLocal|Default = DebugLocal|Default
		Production|Default = Production|Default
	EndGlobalSection
	GlobalSection(ProjectConfigurationPlatforms) = postSolution
		{EAA6013F-D38A-48F4-A281-C8EDEAE21E0B}.Debug|Default.ActiveCfg = Debug
		{EAA6013F-D38A-48F4-A281-C8EDEAE21E0B}.Debug|Default.Build.0 = DebugLocal
		{EAA6013F-D38A-48F4-A281-C8EDEAE21E0B}.Debug|Default.Deploy.0 = DebugLocal
		{EAA6013F-D38A-48F4-A281-C8EDEAE21E0B}.DebugLocal|Default.ActiveCfg = DebugLocal
		{EAA6013F-D38A-48F4-A281-C8EDEAE21E0B}.DebugLocal|Default.Build.0 = DebugLocal
		{EAA6013F-D38A-48F4-A281-C8EDEAE21E0B}.DebugLocal|Default.Deploy.0 = DebugLocal
		{EAA6013F-D38A-48F4-A281-C8EDEAE21E0B}.Production|Default.ActiveCfg = Production
		{EAA6013F-D38A-48F4-A281-C8EDEAE21E0B}.Production|Default.Build.0 = Production
		{EAA6013F-D38A-48F4-A281-C8EDEAE21E0B}.Production|Default.Deploy.0 = Production
	EndGlobalSection
	GlobalSection(SolutionProperties) = preSolution
		HideSolutionNode = FALSE
	EndGlobalSection
EndGlobal
