
Microsoft Visual Studio Solution File, Format Version 12.00
# Visual Studio 2012
Project("{FAE04EC0-301F-11D3-BF4B-00C04F79EFBC}") = "Prana.Global", "Application\Prana.Global\Prana.Global.csproj", "{98BF7EEC-2A9A-4B4F-8809-E2AE23939F8A}"
EndProject
Project("{FAE04EC0-301F-11D3-BF4B-00C04F79EFBC}") = "Prana.BusinessObjects", "Application\Prana.BusinessObjects\Prana.BusinessObjects.csproj", "{B209105C-CA12-4CDA-9CC5-3540D487BBB6}"
EndProject
Project("{FAE04EC0-301F-11D3-BF4B-00C04F79EFBC}") = "Prana.Interfaces", "Application\Prana.Interfaces\Prana.Interfaces.csproj", "{0BAB7DC4-552E-41C6-B216-AB831495E5D5}"
EndProject
Project("{FAE04EC0-301F-11D3-BF4B-00C04F79EFBC}") = "Prana.BlpDLWSAdapter", "Application\Prana.BlpDLWSAdapter\Prana.BlpDLWSAdapter.csproj", "{3AF56066-4223-445A-958D-A15F4DB855AB}"
EndProject
Project("{FAE04EC0-301F-11D3-BF4B-00C04F79EFBC}") = "Prana.Utilities", "Application\Prana.Utilities\Prana.Utilities.csproj", "{6D8871AA-7521-4CE6-9755-F4B99E8ED081}"
EndProject
Project("{FAE04EC0-301F-11D3-BF4B-00C04F79EFBC}") = "Prana.CentralSMDataCache", "Application\Prana.CentralSMDataCache\Prana.CentralSMDataCache.csproj", "{9B161F5D-A8D2-4EBD-9631-7B23C25B5CD4}"
EndProject
Project("{FAE04EC0-301F-11D3-BF4B-00C04F79EFBC}") = "Prana.CentralSM", "Application\Prana.CentralSM\Prana.CentralSM.csproj", "{B3BFEFA4-E2E7-4DC1-AB66-550BFB5D8F61}"
EndProject
Global
	GlobalSection(SolutionConfigurationPlatforms) = preSolution
		Debug|Any CPU = Debug|Any CPU
		Release|Any CPU = Release|Any CPU
	EndGlobalSection
	GlobalSection(ProjectConfigurationPlatforms) = postSolution
		{98BF7EEC-2A9A-4B4F-8809-E2AE23939F8A}.Debug|Any CPU.ActiveCfg = Debug|Any CPU
		{98BF7EEC-2A9A-4B4F-8809-E2AE23939F8A}.Debug|Any CPU.Build.0 = Debug|Any CPU
		{98BF7EEC-2A9A-4B4F-8809-E2AE23939F8A}.Release|Any CPU.ActiveCfg = Release|Any CPU
		{98BF7EEC-2A9A-4B4F-8809-E2AE23939F8A}.Release|Any CPU.Build.0 = Release|Any CPU
		{B209105C-CA12-4CDA-9CC5-3540D487BBB6}.Debug|Any CPU.ActiveCfg = Debug|Any CPU
		{B209105C-CA12-4CDA-9CC5-3540D487BBB6}.Debug|Any CPU.Build.0 = Debug|Any CPU
		{B209105C-CA12-4CDA-9CC5-3540D487BBB6}.Release|Any CPU.ActiveCfg = Release|Any CPU
		{B209105C-CA12-4CDA-9CC5-3540D487BBB6}.Release|Any CPU.Build.0 = Release|Any CPU
		{0BAB7DC4-552E-41C6-B216-AB831495E5D5}.Debug|Any CPU.ActiveCfg = Debug|Any CPU
		{0BAB7DC4-552E-41C6-B216-AB831495E5D5}.Debug|Any CPU.Build.0 = Debug|Any CPU
		{0BAB7DC4-552E-41C6-B216-AB831495E5D5}.Release|Any CPU.ActiveCfg = Release|Any CPU
		{0BAB7DC4-552E-41C6-B216-AB831495E5D5}.Release|Any CPU.Build.0 = Release|Any CPU
		{3AF56066-4223-445A-958D-A15F4DB855AB}.Debug|Any CPU.ActiveCfg = Debug|Any CPU
		{3AF56066-4223-445A-958D-A15F4DB855AB}.Debug|Any CPU.Build.0 = Debug|Any CPU
		{3AF56066-4223-445A-958D-A15F4DB855AB}.Release|Any CPU.ActiveCfg = Release|Any CPU
		{3AF56066-4223-445A-958D-A15F4DB855AB}.Release|Any CPU.Build.0 = Release|Any CPU
		{6D8871AA-7521-4CE6-9755-F4B99E8ED081}.Debug|Any CPU.ActiveCfg = Debug|Any CPU
		{6D8871AA-7521-4CE6-9755-F4B99E8ED081}.Debug|Any CPU.Build.0 = Debug|Any CPU
		{6D8871AA-7521-4CE6-9755-F4B99E8ED081}.Release|Any CPU.ActiveCfg = Release|Any CPU
		{6D8871AA-7521-4CE6-9755-F4B99E8ED081}.Release|Any CPU.Build.0 = Release|Any CPU
		{9B161F5D-A8D2-4EBD-9631-7B23C25B5CD4}.Debug|Any CPU.ActiveCfg = Debug|Any CPU
		{9B161F5D-A8D2-4EBD-9631-7B23C25B5CD4}.Debug|Any CPU.Build.0 = Debug|Any CPU
		{9B161F5D-A8D2-4EBD-9631-7B23C25B5CD4}.Release|Any CPU.ActiveCfg = Release|Any CPU
		{9B161F5D-A8D2-4EBD-9631-7B23C25B5CD4}.Release|Any CPU.Build.0 = Release|Any CPU
		{B3BFEFA4-E2E7-4DC1-AB66-550BFB5D8F61}.Debug|Any CPU.ActiveCfg = Debug|Any CPU
		{B3BFEFA4-E2E7-4DC1-AB66-550BFB5D8F61}.Debug|Any CPU.Build.0 = Debug|Any CPU
		{B3BFEFA4-E2E7-4DC1-AB66-550BFB5D8F61}.Release|Any CPU.ActiveCfg = Release|Any CPU
		{B3BFEFA4-E2E7-4DC1-AB66-550BFB5D8F61}.Release|Any CPU.Build.0 = Release|Any CPU
	EndGlobalSection
	GlobalSection(SolutionProperties) = preSolution
		HideSolutionNode = FALSE
	EndGlobalSection
EndGlobal
