
Microsoft Visual Studio Solution File, Format Version 12.00
# Visual Studio 2012
Project("{00D1A9C2-B5F0-4AF3-8072-F6C62B433612}") = "Prana.NirvanaClient", "Database\Prana.NirvanaClient\Prana.NirvanaClient.sqlproj", "{30D46E29-0E93-47CF-A23A-7A6B444CCD98}"
EndProject
Project("{00D1A9C2-B5F0-4AF3-8072-F6C62B433612}") = "Prana.SecurityMaster", "Database\Prana.SecurityMaster\Prana.SecurityMaster.sqlproj", "{6E2ECBD9-20C1-48BC-AEF5-21871457D0E3}"
EndProject
Project("{2150E333-8FDC-42A3-9474-1A3956D46DE8}") = "Client Specific Scripts", "Client Specific Scripts", "{DF6261AD-0C50-43DE-A8A6-1EFFA65DD332}"
EndProject
Project("{2150E333-8FDC-42A3-9474-1A3956D46DE8}") = "Acuta", "Acuta", "{5B7C6CD0-41CB-48EA-AE34-3A43DEBFEB44}"
EndProject
Project("{2150E333-8FDC-42A3-9474-1A3956D46DE8}") = "Agile", "Agile", "{6839A7FA-5058-4060-8906-46EBE6E5DEC2}"
EndProject
Project("{2150E333-8FDC-42A3-9474-1A3956D46DE8}") = "Agile2", "Agile2", "{EAFEB94E-C960-4C1A-ACBB-37723CAF12EE}"
EndProject
Project("{2150E333-8FDC-42A3-9474-1A3956D46DE8}") = "Agile3", "Agile3", "{4437AAB8-D90B-4F22-A2D3-888DE022A70B}"
EndProject
Project("{2150E333-8FDC-42A3-9474-1A3956D46DE8}") = "Citrine", "Citrine", "{A0E969ED-A50B-4747-86F5-400FF41B85B0}"
EndProject
Project("{2150E333-8FDC-42A3-9474-1A3956D46DE8}") = "Cloverdale", "Cloverdale", "{AF112E45-7FEA-47E5-949A-B094728EB8E2}"
EndProject
Project("{2150E333-8FDC-42A3-9474-1A3956D46DE8}") = "Constellation1", "Constellation1", "{A725BDAE-50D1-4DEA-8226-07C5909EF9B0}"
EndProject
Project("{2150E333-8FDC-42A3-9474-1A3956D46DE8}") = "Constellation2", "Constellation2", "{B813187A-C718-4F42-B1F2-6E60C70BA13F}"
EndProject
Project("{2150E333-8FDC-42A3-9474-1A3956D46DE8}") = "Ecor", "Ecor", "{9CFA3FD8-4628-43B5-B4C0-A2D7A22E619C}"
EndProject
Project("{2150E333-8FDC-42A3-9474-1A3956D46DE8}") = "G2", "G2", "{0E2D15F6-6BD2-470E-AC77-C0CC64A6E262}"
EndProject
Project("{2150E333-8FDC-42A3-9474-1A3956D46DE8}") = "Iguana", "Iguana", "{B7F11BC0-6D23-481E-918C-4B133CB0213E}"
EndProject
Project("{2150E333-8FDC-42A3-9474-1A3956D46DE8}") = "Kaleidoscope", "Kaleidoscope", "{5FB12D87-F840-402B-94B0-84A7F2CEEF8B}"
EndProject
Project("{2150E333-8FDC-42A3-9474-1A3956D46DE8}") = "Kettlehill", "Kettlehill", "{C7E86CE5-758B-429C-B36F-904DDB176FF6}"
EndProject
Project("{2150E333-8FDC-42A3-9474-1A3956D46DE8}") = "Mapleock", "Mapleock", "{25B3E62E-D6C7-4BFA-AE09-F5685495E4B6}"
EndProject
Project("{2150E333-8FDC-42A3-9474-1A3956D46DE8}") = "Markston", "Markston", "{14E85781-7E74-4D53-873A-D3BD47A69249}"
EndProject
Project("{2150E333-8FDC-42A3-9474-1A3956D46DE8}") = "Prod_CD", "Prod_CD", "{C83866F7-7269-4849-9B45-2990C97B3073}"
EndProject
Project("{2150E333-8FDC-42A3-9474-1A3956D46DE8}") = "Prospect", "Prospect", "{2674CF72-4D7D-4C23-9E09-024DDAD0AC2D}"
EndProject
Project("{2150E333-8FDC-42A3-9474-1A3956D46DE8}") = "QA_Reporting", "QA_Reporting", "{70B94F70-2585-4C1B-8CB2-7F239C602332}"
EndProject
Project("{2150E333-8FDC-42A3-9474-1A3956D46DE8}") = "Telsey", "Telsey", "{083137ED-347F-48BE-88FA-FE04539463E8}"
EndProject
Project("{2150E333-8FDC-42A3-9474-1A3956D46DE8}") = "UAT_Prod", "UAT_Prod", "{72C97284-8E87-47AA-9D49-8DF06325BBBE}"
EndProject
Project("{2150E333-8FDC-42A3-9474-1A3956D46DE8}") = "Whitman", "Whitman", "{C26F48C7-C490-413E-8C09-214B1D6453AF}"
EndProject
Project("{2150E333-8FDC-42A3-9474-1A3956D46DE8}") = "WPS", "WPS", "{52F40895-72CB-409F-B05A-712297766333}"
EndProject
Project("{00D1A9C2-B5F0-4AF3-8072-F6C62B433612}") = "Prana.NirvanaClient", "Database\ClientDB\Acuta\Prana.NirvanaClient\Prana.NirvanaClient.sqlproj", "{9B6D4356-A3CF-46BD-A3BC-2735A3B2240C}"
EndProject
Project("{00D1A9C2-B5F0-4AF3-8072-F6C62B433612}") = "Prana.NirvanaClient", "Database\ClientDB\Agile\Prana.NirvanaClient\Prana.NirvanaClient.sqlproj", "{CB290033-31BA-45A3-9380-CEDFF95F4C6E}"
EndProject
Project("{00D1A9C2-B5F0-4AF3-8072-F6C62B433612}") = "Prana.NirvanaClient", "Database\ClientDB\Agile2\Prana.NirvanaClient\Prana.NirvanaClient.sqlproj", "{A5259F0F-F202-4A19-A0AC-232BB5AE9911}"
EndProject
Project("{00D1A9C2-B5F0-4AF3-8072-F6C62B433612}") = "Prana.NirvanaClient", "Database\ClientDB\Agile3\Prana.NirvanaClient\Prana.NirvanaClient.sqlproj", "{7575DE45-11D2-4319-8785-D1A62D9FB4EB}"
EndProject
Project("{00D1A9C2-B5F0-4AF3-8072-F6C62B433612}") = "Prana.NirvanaClient", "Database\ClientDB\Citrine\Prana.NirvanaClient\Prana.NirvanaClient.sqlproj", "{DEAEA93F-C651-4040-A94D-C96EF5BFD27C}"
EndProject
Project("{00D1A9C2-B5F0-4AF3-8072-F6C62B433612}") = "Prana.NirvanaClient", "Database\ClientDB\Cloverdale\Prana.NirvanaClient\Prana.NirvanaClient.sqlproj", "{FB9DEA06-1D59-4C3B-BB3C-B2461EBC7D8D}"
EndProject
Project("{00D1A9C2-B5F0-4AF3-8072-F6C62B433612}") = "Prana.NirvanaClient", "Database\ClientDB\Constellation1\Prana.NirvanaClient\Prana.NirvanaClient.sqlproj", "{58E0FD65-6D14-42A6-A0E8-34C38BD27870}"
EndProject
Project("{00D1A9C2-B5F0-4AF3-8072-F6C62B433612}") = "Prana.NirvanaClient", "Database\ClientDB\Constellation2\Prana.NirvanaClient\Prana.NirvanaClient.sqlproj", "{9F72CCC4-6001-42E1-9AAF-ABF0538E30BE}"
EndProject
Project("{00D1A9C2-B5F0-4AF3-8072-F6C62B433612}") = "Prana.NirvanaClient", "Database\ClientDB\Ecor\Prana.NirvanaClient\Prana.NirvanaClient.sqlproj", "{2B5AF7C8-15ED-42BC-825E-8E52BDF33794}"
EndProject
Project("{00D1A9C2-B5F0-4AF3-8072-F6C62B433612}") = "Prana.NirvanaClient", "Database\ClientDB\G2\Prana.NirvanaClient\Prana.NirvanaClient.sqlproj", "{A3D5BFA5-2E3C-4D89-865F-28E276E236AF}"
EndProject
Project("{00D1A9C2-B5F0-4AF3-8072-F6C62B433612}") = "Prana.NirvanaClient", "Database\ClientDB\Iguana\Prana.NirvanaClient\Prana.NirvanaClient.sqlproj", "{289B992E-EA5E-4768-8BD7-F74BE2E188A9}"
EndProject
Project("{00D1A9C2-B5F0-4AF3-8072-F6C62B433612}") = "Prana.NirvanaClient", "Database\ClientDB\Kaleidoscope\Prana.NirvanaClient\Prana.NirvanaClient.sqlproj", "{54DBEAA6-084B-47ED-87DD-EFD65B1EC921}"
EndProject
Project("{00D1A9C2-B5F0-4AF3-8072-F6C62B433612}") = "Prana.NirvanaClient", "Database\ClientDB\Kettlehill\Prana.NirvanaClient\Prana.NirvanaClient.sqlproj", "{2426ACC4-C384-4EE9-B6B3-A7C426E7AEDA}"
EndProject
Project("{00D1A9C2-B5F0-4AF3-8072-F6C62B433612}") = "Prana.NirvanaClient", "Database\ClientDB\Mapleock\Prana.NirvanaClient\Prana.NirvanaClient.sqlproj", "{509CAD2D-450A-4C7A-A6F8-730BD6D12C10}"
EndProject
Project("{00D1A9C2-B5F0-4AF3-8072-F6C62B433612}") = "Prana.NirvanaClient", "Database\ClientDB\Markston\Prana.NirvanaClient\Prana.NirvanaClient.sqlproj", "{729598C8-787F-441F-965F-EDC00F140C27}"
EndProject
Project("{00D1A9C2-B5F0-4AF3-8072-F6C62B433612}") = "Prana.NirvanaClient", "Database\ClientDB\Prod_CD\Prana.NirvanaClient\Prana.NirvanaClient.sqlproj", "{7438CBEC-251D-4B44-8763-83D92AE8B3BE}"
EndProject
Project("{00D1A9C2-B5F0-4AF3-8072-F6C62B433612}") = "Prana.NirvanaClient", "Database\ClientDB\Prospect\Prana.NirvanaClient\Prana.NirvanaClient.sqlproj", "{3A0B22C3-17A6-4EFA-B874-D2D1F0D1F408}"
EndProject
Project("{00D1A9C2-B5F0-4AF3-8072-F6C62B433612}") = "Prana.NirvanaClient", "Database\ClientDB\QA_Reporting\Prana.NirvanaClient\Prana.NirvanaClient.sqlproj", "{848B960A-06B6-40AE-A94D-64875955AE69}"
EndProject
Project("{00D1A9C2-B5F0-4AF3-8072-F6C62B433612}") = "Prana.NirvanaClient", "Database\ClientDB\Telsey\Prana.NirvanaClient\Prana.NirvanaClient.sqlproj", "{F0EB1DB5-D883-40B5-BC18-1C66BA39E936}"
EndProject
Project("{00D1A9C2-B5F0-4AF3-8072-F6C62B433612}") = "Prana.NirvanaClient", "Database\ClientDB\UAT_Prod\Prana.NirvanaClient\Prana.NirvanaClient.sqlproj", "{D95B38B3-6657-45E0-A448-D202B418053B}"
EndProject
Project("{00D1A9C2-B5F0-4AF3-8072-F6C62B433612}") = "Prana.NirvanaClient", "Database\ClientDB\Whitman\Prana.NirvanaClient\Prana.NirvanaClient.sqlproj", "{EE275AF7-843A-45DA-98BA-6748709389FA}"
EndProject
Project("{00D1A9C2-B5F0-4AF3-8072-F6C62B433612}") = "Prana.NirvanaClient", "Database\ClientDB\WPS\Prana.NirvanaClient\Prana.NirvanaClient.sqlproj", "{38AF5D8B-C15B-4EE4-96D3-2BDC232FF799}"
EndProject
Project("{2150E333-8FDC-42A3-9474-1A3956D46DE8}") = "DataHub", "DataHub", "{D38BD8DC-E264-4D9B-BDC8-C1E524579561}"
EndProject
Project("{00D1A9C2-B5F0-4AF3-8072-F6C62B433612}") = "Prana.NirvanaClient", "Database\ClientDB\DataHub\Prana.NirvanaClient\Prana.NirvanaClient.sqlproj", "{0BE41C39-40D6-4D86-9BD3-402A6CB7A53D}"
EndProject
Project("{2150E333-8FDC-42A3-9474-1A3956D46DE8}") = "Performance", "Performance", "{80C3A7EE-E152-4A12-8261-D149E5221E23}"
EndProject
Project("{00D1A9C2-B5F0-4AF3-8072-F6C62B433612}") = "Prana.NirvanaClient", "Database\ClientDB\Performance\Prana.NirvanaClient\Prana.NirvanaClient.sqlproj", "{BD360876-44E8-403D-99F3-93048C6A8D9F}"
EndProject
Project("{2150E333-8FDC-42A3-9474-1A3956D46DE8}") = "Triad", "Triad", "{EB4EFB3E-67A0-4C10-B290-9EE8CA11A8B8}"
EndProject
Project("{00D1A9C2-B5F0-4AF3-8072-F6C62B433612}") = "Prana.NirvanaClient", "Database\ClientDB\Triad\Prana.NirvanaClient\Prana.NirvanaClient.sqlproj", "{400F8459-E6FD-42B0-9B2B-5D84E440221E}"
EndProject
Project("{2150E333-8FDC-42A3-9474-1A3956D46DE8}") = "Newtyn", "Newtyn", "{6D114000-1349-462A-B6BD-DC01923893AB}"
EndProject
Project("{00D1A9C2-B5F0-4AF3-8072-F6C62B433612}") = "Prana.NirvanaClient", "Database\ClientDB\Newtyn\Prana.NirvanaClient\Prana.NirvanaClient.sqlproj", "{AE97DFD4-FF09-4B5E-A6B1-8885C7CCD1A5}"
EndProject
Project("{2150E333-8FDC-42A3-9474-1A3956D46DE8}") = "EquinoxOMS", "EquinoxOMS", "{262BEBB1-3B4C-4F65-9E1E-E0B883CF7A11}"
EndProject
Project("{00D1A9C2-B5F0-4AF3-8072-F6C62B433612}") = "Prana.NirvanaClient", "Database\ClientDB\EquinoxOMS\Prana.NirvanaClient\Prana.NirvanaClient.sqlproj", "{6C99EA1B-B3D2-44AF-AB31-BC9F35EBE0FE}"
EndProject
Project("{2150E333-8FDC-42A3-9474-1A3956D46DE8}") = "BlueClayCapital", "BlueClayCapital", "{759356F2-BD87-4872-B01B-F623999345FD}"
EndProject
Project("{2150E333-8FDC-42A3-9474-1A3956D46DE8}") = "Chimera", "Chimera", "{019427BC-C1FC-42E8-BB6D-B3FA302A9E5C}"
EndProject
Project("{2150E333-8FDC-42A3-9474-1A3956D46DE8}") = "CustomHouse", "CustomHouse", "{1D1C65D8-AFE7-4368-A38C-3FADF1117472}"
EndProject
Project("{00D1A9C2-B5F0-4AF3-8072-F6C62B433612}") = "Prana.NirvanaClient", "Database\ClientDB\Blue Clay Capital\Prana.NirvanaClient\Prana.NirvanaClient.sqlproj", "{C92B7336-4C35-4C82-A6B3-E5C7F0147496}"
EndProject
Project("{00D1A9C2-B5F0-4AF3-8072-F6C62B433612}") = "Prana.NirvanaClient", "Database\ClientDB\Chimera\Prana.NirvanaClient\Prana.NirvanaClient.sqlproj", "{8C17F27B-24D0-4CFA-82F1-1B2762CD0C9A}"
EndProject
Project("{00D1A9C2-B5F0-4AF3-8072-F6C62B433612}") = "Prana.NirvanaClient", "Database\ClientDB\Custom House\Prana.NirvanaClient\Prana.NirvanaClient.sqlproj", "{DB2B5D9A-F73F-4E03-B840-3E9829E415FE}"
EndProject
Project("{2150E333-8FDC-42A3-9474-1A3956D46DE8}") = "Constellation3", "Constellation3", "{C82B8835-92FB-4379-9615-C9845138318E}"
EndProject
Project("{00D1A9C2-B5F0-4AF3-8072-F6C62B433612}") = "Prana.NirvanaClient", "Database\ClientDB\Constellation3\Prana.NirvanaClient\Prana.NirvanaClient.sqlproj", "{2C3935F6-BE49-497D-9043-51E9B77D7CAF}"
EndProject
Global
	GlobalSection(SolutionConfigurationPlatforms) = preSolution
		Debug|Any CPU = Debug|Any CPU
		Release|Any CPU = Release|Any CPU
	EndGlobalSection
	GlobalSection(ProjectConfigurationPlatforms) = postSolution
		{30D46E29-0E93-47CF-A23A-7A6B444CCD98}.Debug|Any CPU.ActiveCfg = Debug|Any CPU
		{30D46E29-0E93-47CF-A23A-7A6B444CCD98}.Debug|Any CPU.Build.0 = Debug|Any CPU
		{30D46E29-0E93-47CF-A23A-7A6B444CCD98}.Release|Any CPU.ActiveCfg = Release|Any CPU
		{30D46E29-0E93-47CF-A23A-7A6B444CCD98}.Release|Any CPU.Build.0 = Release|Any CPU
		{6E2ECBD9-20C1-48BC-AEF5-21871457D0E3}.Debug|Any CPU.ActiveCfg = Debug|Any CPU
		{6E2ECBD9-20C1-48BC-AEF5-21871457D0E3}.Debug|Any CPU.Build.0 = Debug|Any CPU
		{6E2ECBD9-20C1-48BC-AEF5-21871457D0E3}.Release|Any CPU.ActiveCfg = Release|Any CPU
		{6E2ECBD9-20C1-48BC-AEF5-21871457D0E3}.Release|Any CPU.Build.0 = Release|Any CPU
		{9B6D4356-A3CF-46BD-A3BC-2735A3B2240C}.Debug|Any CPU.ActiveCfg = Debug|Any CPU
		{9B6D4356-A3CF-46BD-A3BC-2735A3B2240C}.Debug|Any CPU.Build.0 = Debug|Any CPU
		{9B6D4356-A3CF-46BD-A3BC-2735A3B2240C}.Debug|Any CPU.Deploy.0 = Debug|Any CPU
		{9B6D4356-A3CF-46BD-A3BC-2735A3B2240C}.Release|Any CPU.ActiveCfg = Release|Any CPU
		{9B6D4356-A3CF-46BD-A3BC-2735A3B2240C}.Release|Any CPU.Build.0 = Release|Any CPU
		{9B6D4356-A3CF-46BD-A3BC-2735A3B2240C}.Release|Any CPU.Deploy.0 = Release|Any CPU
		{CB290033-31BA-45A3-9380-CEDFF95F4C6E}.Debug|Any CPU.ActiveCfg = Debug|Any CPU
		{CB290033-31BA-45A3-9380-CEDFF95F4C6E}.Debug|Any CPU.Build.0 = Debug|Any CPU
		{CB290033-31BA-45A3-9380-CEDFF95F4C6E}.Debug|Any CPU.Deploy.0 = Debug|Any CPU
		{CB290033-31BA-45A3-9380-CEDFF95F4C6E}.Release|Any CPU.ActiveCfg = Release|Any CPU
		{CB290033-31BA-45A3-9380-CEDFF95F4C6E}.Release|Any CPU.Build.0 = Release|Any CPU
		{CB290033-31BA-45A3-9380-CEDFF95F4C6E}.Release|Any CPU.Deploy.0 = Release|Any CPU
		{A5259F0F-F202-4A19-A0AC-232BB5AE9911}.Debug|Any CPU.ActiveCfg = Debug|Any CPU
		{A5259F0F-F202-4A19-A0AC-232BB5AE9911}.Debug|Any CPU.Build.0 = Debug|Any CPU
		{A5259F0F-F202-4A19-A0AC-232BB5AE9911}.Debug|Any CPU.Deploy.0 = Debug|Any CPU
		{A5259F0F-F202-4A19-A0AC-232BB5AE9911}.Release|Any CPU.ActiveCfg = Release|Any CPU
		{A5259F0F-F202-4A19-A0AC-232BB5AE9911}.Release|Any CPU.Build.0 = Release|Any CPU
		{A5259F0F-F202-4A19-A0AC-232BB5AE9911}.Release|Any CPU.Deploy.0 = Release|Any CPU
		{7575DE45-11D2-4319-8785-D1A62D9FB4EB}.Debug|Any CPU.ActiveCfg = Debug|Any CPU
		{7575DE45-11D2-4319-8785-D1A62D9FB4EB}.Debug|Any CPU.Build.0 = Debug|Any CPU
		{7575DE45-11D2-4319-8785-D1A62D9FB4EB}.Debug|Any CPU.Deploy.0 = Debug|Any CPU
		{7575DE45-11D2-4319-8785-D1A62D9FB4EB}.Release|Any CPU.ActiveCfg = Release|Any CPU
		{7575DE45-11D2-4319-8785-D1A62D9FB4EB}.Release|Any CPU.Build.0 = Release|Any CPU
		{7575DE45-11D2-4319-8785-D1A62D9FB4EB}.Release|Any CPU.Deploy.0 = Release|Any CPU
		{DEAEA93F-C651-4040-A94D-C96EF5BFD27C}.Debug|Any CPU.ActiveCfg = Debug|Any CPU
		{DEAEA93F-C651-4040-A94D-C96EF5BFD27C}.Debug|Any CPU.Build.0 = Debug|Any CPU
		{DEAEA93F-C651-4040-A94D-C96EF5BFD27C}.Debug|Any CPU.Deploy.0 = Debug|Any CPU
		{DEAEA93F-C651-4040-A94D-C96EF5BFD27C}.Release|Any CPU.ActiveCfg = Release|Any CPU
		{DEAEA93F-C651-4040-A94D-C96EF5BFD27C}.Release|Any CPU.Build.0 = Release|Any CPU
		{DEAEA93F-C651-4040-A94D-C96EF5BFD27C}.Release|Any CPU.Deploy.0 = Release|Any CPU
		{FB9DEA06-1D59-4C3B-BB3C-B2461EBC7D8D}.Debug|Any CPU.ActiveCfg = Debug|Any CPU
		{FB9DEA06-1D59-4C3B-BB3C-B2461EBC7D8D}.Debug|Any CPU.Build.0 = Debug|Any CPU
		{FB9DEA06-1D59-4C3B-BB3C-B2461EBC7D8D}.Debug|Any CPU.Deploy.0 = Debug|Any CPU
		{FB9DEA06-1D59-4C3B-BB3C-B2461EBC7D8D}.Release|Any CPU.ActiveCfg = Release|Any CPU
		{FB9DEA06-1D59-4C3B-BB3C-B2461EBC7D8D}.Release|Any CPU.Build.0 = Release|Any CPU
		{FB9DEA06-1D59-4C3B-BB3C-B2461EBC7D8D}.Release|Any CPU.Deploy.0 = Release|Any CPU
		{58E0FD65-6D14-42A6-A0E8-34C38BD27870}.Debug|Any CPU.ActiveCfg = Debug|Any CPU
		{58E0FD65-6D14-42A6-A0E8-34C38BD27870}.Debug|Any CPU.Build.0 = Debug|Any CPU
		{58E0FD65-6D14-42A6-A0E8-34C38BD27870}.Debug|Any CPU.Deploy.0 = Debug|Any CPU
		{58E0FD65-6D14-42A6-A0E8-34C38BD27870}.Release|Any CPU.ActiveCfg = Release|Any CPU
		{58E0FD65-6D14-42A6-A0E8-34C38BD27870}.Release|Any CPU.Build.0 = Release|Any CPU
		{58E0FD65-6D14-42A6-A0E8-34C38BD27870}.Release|Any CPU.Deploy.0 = Release|Any CPU
		{9F72CCC4-6001-42E1-9AAF-ABF0538E30BE}.Debug|Any CPU.ActiveCfg = Debug|Any CPU
		{9F72CCC4-6001-42E1-9AAF-ABF0538E30BE}.Debug|Any CPU.Build.0 = Debug|Any CPU
		{9F72CCC4-6001-42E1-9AAF-ABF0538E30BE}.Debug|Any CPU.Deploy.0 = Debug|Any CPU
		{9F72CCC4-6001-42E1-9AAF-ABF0538E30BE}.Release|Any CPU.ActiveCfg = Release|Any CPU
		{9F72CCC4-6001-42E1-9AAF-ABF0538E30BE}.Release|Any CPU.Build.0 = Release|Any CPU
		{9F72CCC4-6001-42E1-9AAF-ABF0538E30BE}.Release|Any CPU.Deploy.0 = Release|Any CPU
		{2B5AF7C8-15ED-42BC-825E-8E52BDF33794}.Debug|Any CPU.ActiveCfg = Debug|Any CPU
		{2B5AF7C8-15ED-42BC-825E-8E52BDF33794}.Debug|Any CPU.Build.0 = Debug|Any CPU
		{2B5AF7C8-15ED-42BC-825E-8E52BDF33794}.Debug|Any CPU.Deploy.0 = Debug|Any CPU
		{2B5AF7C8-15ED-42BC-825E-8E52BDF33794}.Release|Any CPU.ActiveCfg = Release|Any CPU
		{2B5AF7C8-15ED-42BC-825E-8E52BDF33794}.Release|Any CPU.Build.0 = Release|Any CPU
		{2B5AF7C8-15ED-42BC-825E-8E52BDF33794}.Release|Any CPU.Deploy.0 = Release|Any CPU
		{A3D5BFA5-2E3C-4D89-865F-28E276E236AF}.Debug|Any CPU.ActiveCfg = Debug|Any CPU
		{A3D5BFA5-2E3C-4D89-865F-28E276E236AF}.Debug|Any CPU.Build.0 = Debug|Any CPU
		{A3D5BFA5-2E3C-4D89-865F-28E276E236AF}.Debug|Any CPU.Deploy.0 = Debug|Any CPU
		{A3D5BFA5-2E3C-4D89-865F-28E276E236AF}.Release|Any CPU.ActiveCfg = Release|Any CPU
		{A3D5BFA5-2E3C-4D89-865F-28E276E236AF}.Release|Any CPU.Build.0 = Release|Any CPU
		{A3D5BFA5-2E3C-4D89-865F-28E276E236AF}.Release|Any CPU.Deploy.0 = Release|Any CPU
		{289B992E-EA5E-4768-8BD7-F74BE2E188A9}.Debug|Any CPU.ActiveCfg = Debug|Any CPU
		{289B992E-EA5E-4768-8BD7-F74BE2E188A9}.Debug|Any CPU.Build.0 = Debug|Any CPU
		{289B992E-EA5E-4768-8BD7-F74BE2E188A9}.Debug|Any CPU.Deploy.0 = Debug|Any CPU
		{289B992E-EA5E-4768-8BD7-F74BE2E188A9}.Release|Any CPU.ActiveCfg = Release|Any CPU
		{289B992E-EA5E-4768-8BD7-F74BE2E188A9}.Release|Any CPU.Build.0 = Release|Any CPU
		{289B992E-EA5E-4768-8BD7-F74BE2E188A9}.Release|Any CPU.Deploy.0 = Release|Any CPU
		{54DBEAA6-084B-47ED-87DD-EFD65B1EC921}.Debug|Any CPU.ActiveCfg = Debug|Any CPU
		{54DBEAA6-084B-47ED-87DD-EFD65B1EC921}.Debug|Any CPU.Build.0 = Debug|Any CPU
		{54DBEAA6-084B-47ED-87DD-EFD65B1EC921}.Debug|Any CPU.Deploy.0 = Debug|Any CPU
		{54DBEAA6-084B-47ED-87DD-EFD65B1EC921}.Release|Any CPU.ActiveCfg = Release|Any CPU
		{54DBEAA6-084B-47ED-87DD-EFD65B1EC921}.Release|Any CPU.Build.0 = Release|Any CPU
		{54DBEAA6-084B-47ED-87DD-EFD65B1EC921}.Release|Any CPU.Deploy.0 = Release|Any CPU
		{2426ACC4-C384-4EE9-B6B3-A7C426E7AEDA}.Debug|Any CPU.ActiveCfg = Debug|Any CPU
		{2426ACC4-C384-4EE9-B6B3-A7C426E7AEDA}.Debug|Any CPU.Build.0 = Debug|Any CPU
		{2426ACC4-C384-4EE9-B6B3-A7C426E7AEDA}.Debug|Any CPU.Deploy.0 = Debug|Any CPU
		{2426ACC4-C384-4EE9-B6B3-A7C426E7AEDA}.Release|Any CPU.ActiveCfg = Release|Any CPU
		{2426ACC4-C384-4EE9-B6B3-A7C426E7AEDA}.Release|Any CPU.Build.0 = Release|Any CPU
		{2426ACC4-C384-4EE9-B6B3-A7C426E7AEDA}.Release|Any CPU.Deploy.0 = Release|Any CPU
		{509CAD2D-450A-4C7A-A6F8-730BD6D12C10}.Debug|Any CPU.ActiveCfg = Debug|Any CPU
		{509CAD2D-450A-4C7A-A6F8-730BD6D12C10}.Debug|Any CPU.Build.0 = Debug|Any CPU
		{509CAD2D-450A-4C7A-A6F8-730BD6D12C10}.Debug|Any CPU.Deploy.0 = Debug|Any CPU
		{509CAD2D-450A-4C7A-A6F8-730BD6D12C10}.Release|Any CPU.ActiveCfg = Release|Any CPU
		{509CAD2D-450A-4C7A-A6F8-730BD6D12C10}.Release|Any CPU.Build.0 = Release|Any CPU
		{509CAD2D-450A-4C7A-A6F8-730BD6D12C10}.Release|Any CPU.Deploy.0 = Release|Any CPU
		{729598C8-787F-441F-965F-EDC00F140C27}.Debug|Any CPU.ActiveCfg = Debug|Any CPU
		{729598C8-787F-441F-965F-EDC00F140C27}.Debug|Any CPU.Build.0 = Debug|Any CPU
		{729598C8-787F-441F-965F-EDC00F140C27}.Debug|Any CPU.Deploy.0 = Debug|Any CPU
		{729598C8-787F-441F-965F-EDC00F140C27}.Release|Any CPU.ActiveCfg = Release|Any CPU
		{729598C8-787F-441F-965F-EDC00F140C27}.Release|Any CPU.Build.0 = Release|Any CPU
		{729598C8-787F-441F-965F-EDC00F140C27}.Release|Any CPU.Deploy.0 = Release|Any CPU
		{7438CBEC-251D-4B44-8763-83D92AE8B3BE}.Debug|Any CPU.ActiveCfg = Debug|Any CPU
		{7438CBEC-251D-4B44-8763-83D92AE8B3BE}.Debug|Any CPU.Build.0 = Debug|Any CPU
		{7438CBEC-251D-4B44-8763-83D92AE8B3BE}.Debug|Any CPU.Deploy.0 = Debug|Any CPU
		{7438CBEC-251D-4B44-8763-83D92AE8B3BE}.Release|Any CPU.ActiveCfg = Release|Any CPU
		{7438CBEC-251D-4B44-8763-83D92AE8B3BE}.Release|Any CPU.Build.0 = Release|Any CPU
		{7438CBEC-251D-4B44-8763-83D92AE8B3BE}.Release|Any CPU.Deploy.0 = Release|Any CPU
		{3A0B22C3-17A6-4EFA-B874-D2D1F0D1F408}.Debug|Any CPU.ActiveCfg = Debug|Any CPU
		{3A0B22C3-17A6-4EFA-B874-D2D1F0D1F408}.Debug|Any CPU.Build.0 = Debug|Any CPU
		{3A0B22C3-17A6-4EFA-B874-D2D1F0D1F408}.Debug|Any CPU.Deploy.0 = Debug|Any CPU
		{3A0B22C3-17A6-4EFA-B874-D2D1F0D1F408}.Release|Any CPU.ActiveCfg = Release|Any CPU
		{3A0B22C3-17A6-4EFA-B874-D2D1F0D1F408}.Release|Any CPU.Build.0 = Release|Any CPU
		{3A0B22C3-17A6-4EFA-B874-D2D1F0D1F408}.Release|Any CPU.Deploy.0 = Release|Any CPU
		{848B960A-06B6-40AE-A94D-64875955AE69}.Debug|Any CPU.ActiveCfg = Debug|Any CPU
		{848B960A-06B6-40AE-A94D-64875955AE69}.Debug|Any CPU.Build.0 = Debug|Any CPU
		{848B960A-06B6-40AE-A94D-64875955AE69}.Debug|Any CPU.Deploy.0 = Debug|Any CPU
		{848B960A-06B6-40AE-A94D-64875955AE69}.Release|Any CPU.ActiveCfg = Release|Any CPU
		{848B960A-06B6-40AE-A94D-64875955AE69}.Release|Any CPU.Build.0 = Release|Any CPU
		{848B960A-06B6-40AE-A94D-64875955AE69}.Release|Any CPU.Deploy.0 = Release|Any CPU
		{F0EB1DB5-D883-40B5-BC18-1C66BA39E936}.Debug|Any CPU.ActiveCfg = Debug|Any CPU
		{F0EB1DB5-D883-40B5-BC18-1C66BA39E936}.Debug|Any CPU.Build.0 = Debug|Any CPU
		{F0EB1DB5-D883-40B5-BC18-1C66BA39E936}.Debug|Any CPU.Deploy.0 = Debug|Any CPU
		{F0EB1DB5-D883-40B5-BC18-1C66BA39E936}.Release|Any CPU.ActiveCfg = Release|Any CPU
		{F0EB1DB5-D883-40B5-BC18-1C66BA39E936}.Release|Any CPU.Build.0 = Release|Any CPU
		{F0EB1DB5-D883-40B5-BC18-1C66BA39E936}.Release|Any CPU.Deploy.0 = Release|Any CPU
		{D95B38B3-6657-45E0-A448-D202B418053B}.Debug|Any CPU.ActiveCfg = Debug|Any CPU
		{D95B38B3-6657-45E0-A448-D202B418053B}.Debug|Any CPU.Build.0 = Debug|Any CPU
		{D95B38B3-6657-45E0-A448-D202B418053B}.Debug|Any CPU.Deploy.0 = Debug|Any CPU
		{D95B38B3-6657-45E0-A448-D202B418053B}.Release|Any CPU.ActiveCfg = Release|Any CPU
		{D95B38B3-6657-45E0-A448-D202B418053B}.Release|Any CPU.Build.0 = Release|Any CPU
		{D95B38B3-6657-45E0-A448-D202B418053B}.Release|Any CPU.Deploy.0 = Release|Any CPU
		{EE275AF7-843A-45DA-98BA-6748709389FA}.Debug|Any CPU.ActiveCfg = Debug|Any CPU
		{EE275AF7-843A-45DA-98BA-6748709389FA}.Debug|Any CPU.Build.0 = Debug|Any CPU
		{EE275AF7-843A-45DA-98BA-6748709389FA}.Debug|Any CPU.Deploy.0 = Debug|Any CPU
		{EE275AF7-843A-45DA-98BA-6748709389FA}.Release|Any CPU.ActiveCfg = Release|Any CPU
		{EE275AF7-843A-45DA-98BA-6748709389FA}.Release|Any CPU.Build.0 = Release|Any CPU
		{EE275AF7-843A-45DA-98BA-6748709389FA}.Release|Any CPU.Deploy.0 = Release|Any CPU
		{38AF5D8B-C15B-4EE4-96D3-2BDC232FF799}.Debug|Any CPU.ActiveCfg = Debug|Any CPU
		{38AF5D8B-C15B-4EE4-96D3-2BDC232FF799}.Debug|Any CPU.Build.0 = Debug|Any CPU
		{38AF5D8B-C15B-4EE4-96D3-2BDC232FF799}.Debug|Any CPU.Deploy.0 = Debug|Any CPU
		{38AF5D8B-C15B-4EE4-96D3-2BDC232FF799}.Release|Any CPU.ActiveCfg = Release|Any CPU
		{38AF5D8B-C15B-4EE4-96D3-2BDC232FF799}.Release|Any CPU.Build.0 = Release|Any CPU
		{38AF5D8B-C15B-4EE4-96D3-2BDC232FF799}.Release|Any CPU.Deploy.0 = Release|Any CPU
		{0BE41C39-40D6-4D86-9BD3-402A6CB7A53D}.Debug|Any CPU.ActiveCfg = Debug|Any CPU
		{0BE41C39-40D6-4D86-9BD3-402A6CB7A53D}.Debug|Any CPU.Build.0 = Debug|Any CPU
		{0BE41C39-40D6-4D86-9BD3-402A6CB7A53D}.Debug|Any CPU.Deploy.0 = Debug|Any CPU
		{0BE41C39-40D6-4D86-9BD3-402A6CB7A53D}.Release|Any CPU.ActiveCfg = Release|Any CPU
		{0BE41C39-40D6-4D86-9BD3-402A6CB7A53D}.Release|Any CPU.Build.0 = Release|Any CPU
		{0BE41C39-40D6-4D86-9BD3-402A6CB7A53D}.Release|Any CPU.Deploy.0 = Release|Any CPU
		{BD360876-44E8-403D-99F3-93048C6A8D9F}.Debug|Any CPU.ActiveCfg = Debug|Any CPU
		{BD360876-44E8-403D-99F3-93048C6A8D9F}.Debug|Any CPU.Build.0 = Debug|Any CPU
		{BD360876-44E8-403D-99F3-93048C6A8D9F}.Debug|Any CPU.Deploy.0 = Debug|Any CPU
		{BD360876-44E8-403D-99F3-93048C6A8D9F}.Release|Any CPU.ActiveCfg = Release|Any CPU
		{BD360876-44E8-403D-99F3-93048C6A8D9F}.Release|Any CPU.Build.0 = Release|Any CPU
		{BD360876-44E8-403D-99F3-93048C6A8D9F}.Release|Any CPU.Deploy.0 = Release|Any CPU
		{400F8459-E6FD-42B0-9B2B-5D84E440221E}.Debug|Any CPU.ActiveCfg = Debug|Any CPU
		{400F8459-E6FD-42B0-9B2B-5D84E440221E}.Debug|Any CPU.Build.0 = Debug|Any CPU
		{400F8459-E6FD-42B0-9B2B-5D84E440221E}.Debug|Any CPU.Deploy.0 = Debug|Any CPU
		{400F8459-E6FD-42B0-9B2B-5D84E440221E}.Release|Any CPU.ActiveCfg = Release|Any CPU
		{400F8459-E6FD-42B0-9B2B-5D84E440221E}.Release|Any CPU.Build.0 = Release|Any CPU
		{400F8459-E6FD-42B0-9B2B-5D84E440221E}.Release|Any CPU.Deploy.0 = Release|Any CPU
		{AE97DFD4-FF09-4B5E-A6B1-8885C7CCD1A5}.Debug|Any CPU.ActiveCfg = Debug|Any CPU
		{AE97DFD4-FF09-4B5E-A6B1-8885C7CCD1A5}.Debug|Any CPU.Build.0 = Debug|Any CPU
		{AE97DFD4-FF09-4B5E-A6B1-8885C7CCD1A5}.Debug|Any CPU.Deploy.0 = Debug|Any CPU
		{AE97DFD4-FF09-4B5E-A6B1-8885C7CCD1A5}.Release|Any CPU.ActiveCfg = Release|Any CPU
		{AE97DFD4-FF09-4B5E-A6B1-8885C7CCD1A5}.Release|Any CPU.Build.0 = Release|Any CPU
		{AE97DFD4-FF09-4B5E-A6B1-8885C7CCD1A5}.Release|Any CPU.Deploy.0 = Release|Any CPU
		{6C99EA1B-B3D2-44AF-AB31-BC9F35EBE0FE}.Debug|Any CPU.ActiveCfg = Debug|Any CPU
		{6C99EA1B-B3D2-44AF-AB31-BC9F35EBE0FE}.Debug|Any CPU.Build.0 = Debug|Any CPU
		{6C99EA1B-B3D2-44AF-AB31-BC9F35EBE0FE}.Debug|Any CPU.Deploy.0 = Debug|Any CPU
		{6C99EA1B-B3D2-44AF-AB31-BC9F35EBE0FE}.Release|Any CPU.ActiveCfg = Release|Any CPU
		{6C99EA1B-B3D2-44AF-AB31-BC9F35EBE0FE}.Release|Any CPU.Build.0 = Release|Any CPU
		{6C99EA1B-B3D2-44AF-AB31-BC9F35EBE0FE}.Release|Any CPU.Deploy.0 = Release|Any CPU
		{C92B7336-4C35-4C82-A6B3-E5C7F0147496}.Debug|Any CPU.ActiveCfg = Debug|Any CPU
		{C92B7336-4C35-4C82-A6B3-E5C7F0147496}.Debug|Any CPU.Build.0 = Debug|Any CPU
		{C92B7336-4C35-4C82-A6B3-E5C7F0147496}.Debug|Any CPU.Deploy.0 = Debug|Any CPU
		{C92B7336-4C35-4C82-A6B3-E5C7F0147496}.Release|Any CPU.ActiveCfg = Release|Any CPU
		{C92B7336-4C35-4C82-A6B3-E5C7F0147496}.Release|Any CPU.Build.0 = Release|Any CPU
		{C92B7336-4C35-4C82-A6B3-E5C7F0147496}.Release|Any CPU.Deploy.0 = Release|Any CPU
		{8C17F27B-24D0-4CFA-82F1-1B2762CD0C9A}.Debug|Any CPU.ActiveCfg = Debug|Any CPU
		{8C17F27B-24D0-4CFA-82F1-1B2762CD0C9A}.Debug|Any CPU.Build.0 = Debug|Any CPU
		{8C17F27B-24D0-4CFA-82F1-1B2762CD0C9A}.Debug|Any CPU.Deploy.0 = Debug|Any CPU
		{8C17F27B-24D0-4CFA-82F1-1B2762CD0C9A}.Release|Any CPU.ActiveCfg = Release|Any CPU
		{8C17F27B-24D0-4CFA-82F1-1B2762CD0C9A}.Release|Any CPU.Build.0 = Release|Any CPU
		{8C17F27B-24D0-4CFA-82F1-1B2762CD0C9A}.Release|Any CPU.Deploy.0 = Release|Any CPU
		{DB2B5D9A-F73F-4E03-B840-3E9829E415FE}.Debug|Any CPU.ActiveCfg = Debug|Any CPU
		{DB2B5D9A-F73F-4E03-B840-3E9829E415FE}.Debug|Any CPU.Build.0 = Debug|Any CPU
		{DB2B5D9A-F73F-4E03-B840-3E9829E415FE}.Debug|Any CPU.Deploy.0 = Debug|Any CPU
		{DB2B5D9A-F73F-4E03-B840-3E9829E415FE}.Release|Any CPU.ActiveCfg = Release|Any CPU
		{DB2B5D9A-F73F-4E03-B840-3E9829E415FE}.Release|Any CPU.Build.0 = Release|Any CPU
		{DB2B5D9A-F73F-4E03-B840-3E9829E415FE}.Release|Any CPU.Deploy.0 = Release|Any CPU
		{2C3935F6-BE49-497D-9043-51E9B77D7CAF}.Debug|Any CPU.ActiveCfg = Debug|Any CPU
		{2C3935F6-BE49-497D-9043-51E9B77D7CAF}.Debug|Any CPU.Build.0 = Debug|Any CPU
		{2C3935F6-BE49-497D-9043-51E9B77D7CAF}.Debug|Any CPU.Deploy.0 = Debug|Any CPU
		{2C3935F6-BE49-497D-9043-51E9B77D7CAF}.Release|Any CPU.ActiveCfg = Release|Any CPU
		{2C3935F6-BE49-497D-9043-51E9B77D7CAF}.Release|Any CPU.Build.0 = Release|Any CPU
		{2C3935F6-BE49-497D-9043-51E9B77D7CAF}.Release|Any CPU.Deploy.0 = Release|Any CPU
	EndGlobalSection
	GlobalSection(SolutionProperties) = preSolution
		HideSolutionNode = FALSE
	EndGlobalSection
	GlobalSection(NestedProjects) = preSolution
		{5B7C6CD0-41CB-48EA-AE34-3A43DEBFEB44} = {DF6261AD-0C50-43DE-A8A6-1EFFA65DD332}
		{6839A7FA-5058-4060-8906-46EBE6E5DEC2} = {DF6261AD-0C50-43DE-A8A6-1EFFA65DD332}
		{EAFEB94E-C960-4C1A-ACBB-37723CAF12EE} = {DF6261AD-0C50-43DE-A8A6-1EFFA65DD332}
		{4437AAB8-D90B-4F22-A2D3-888DE022A70B} = {DF6261AD-0C50-43DE-A8A6-1EFFA65DD332}
		{A0E969ED-A50B-4747-86F5-400FF41B85B0} = {DF6261AD-0C50-43DE-A8A6-1EFFA65DD332}
		{AF112E45-7FEA-47E5-949A-B094728EB8E2} = {DF6261AD-0C50-43DE-A8A6-1EFFA65DD332}
		{A725BDAE-50D1-4DEA-8226-07C5909EF9B0} = {DF6261AD-0C50-43DE-A8A6-1EFFA65DD332}
		{B813187A-C718-4F42-B1F2-6E60C70BA13F} = {DF6261AD-0C50-43DE-A8A6-1EFFA65DD332}
		{9CFA3FD8-4628-43B5-B4C0-A2D7A22E619C} = {DF6261AD-0C50-43DE-A8A6-1EFFA65DD332}
		{0E2D15F6-6BD2-470E-AC77-C0CC64A6E262} = {DF6261AD-0C50-43DE-A8A6-1EFFA65DD332}
		{B7F11BC0-6D23-481E-918C-4B133CB0213E} = {DF6261AD-0C50-43DE-A8A6-1EFFA65DD332}
		{5FB12D87-F840-402B-94B0-84A7F2CEEF8B} = {DF6261AD-0C50-43DE-A8A6-1EFFA65DD332}
		{C7E86CE5-758B-429C-B36F-904DDB176FF6} = {DF6261AD-0C50-43DE-A8A6-1EFFA65DD332}
		{25B3E62E-D6C7-4BFA-AE09-F5685495E4B6} = {DF6261AD-0C50-43DE-A8A6-1EFFA65DD332}
		{14E85781-7E74-4D53-873A-D3BD47A69249} = {DF6261AD-0C50-43DE-A8A6-1EFFA65DD332}
		{C83866F7-7269-4849-9B45-2990C97B3073} = {DF6261AD-0C50-43DE-A8A6-1EFFA65DD332}
		{2674CF72-4D7D-4C23-9E09-024DDAD0AC2D} = {DF6261AD-0C50-43DE-A8A6-1EFFA65DD332}
		{70B94F70-2585-4C1B-8CB2-7F239C602332} = {DF6261AD-0C50-43DE-A8A6-1EFFA65DD332}
		{083137ED-347F-48BE-88FA-FE04539463E8} = {DF6261AD-0C50-43DE-A8A6-1EFFA65DD332}
		{72C97284-8E87-47AA-9D49-8DF06325BBBE} = {DF6261AD-0C50-43DE-A8A6-1EFFA65DD332}
		{C26F48C7-C490-413E-8C09-214B1D6453AF} = {DF6261AD-0C50-43DE-A8A6-1EFFA65DD332}
		{52F40895-72CB-409F-B05A-712297766333} = {DF6261AD-0C50-43DE-A8A6-1EFFA65DD332}
		{D38BD8DC-E264-4D9B-BDC8-C1E524579561} = {DF6261AD-0C50-43DE-A8A6-1EFFA65DD332}
		{80C3A7EE-E152-4A12-8261-D149E5221E23} = {DF6261AD-0C50-43DE-A8A6-1EFFA65DD332}
		{EB4EFB3E-67A0-4C10-B290-9EE8CA11A8B8} = {DF6261AD-0C50-43DE-A8A6-1EFFA65DD332}
		{6D114000-1349-462A-B6BD-DC01923893AB} = {DF6261AD-0C50-43DE-A8A6-1EFFA65DD332}
		{262BEBB1-3B4C-4F65-9E1E-E0B883CF7A11} = {DF6261AD-0C50-43DE-A8A6-1EFFA65DD332}
		{759356F2-BD87-4872-B01B-F623999345FD} = {DF6261AD-0C50-43DE-A8A6-1EFFA65DD332}
		{019427BC-C1FC-42E8-BB6D-B3FA302A9E5C} = {DF6261AD-0C50-43DE-A8A6-1EFFA65DD332}
		{1D1C65D8-AFE7-4368-A38C-3FADF1117472} = {DF6261AD-0C50-43DE-A8A6-1EFFA65DD332}
		{C82B8835-92FB-4379-9615-C9845138318E} = {DF6261AD-0C50-43DE-A8A6-1EFFA65DD332}
		{9B6D4356-A3CF-46BD-A3BC-2735A3B2240C} = {5B7C6CD0-41CB-48EA-AE34-3A43DEBFEB44}
		{CB290033-31BA-45A3-9380-CEDFF95F4C6E} = {6839A7FA-5058-4060-8906-46EBE6E5DEC2}
		{A5259F0F-F202-4A19-A0AC-232BB5AE9911} = {EAFEB94E-C960-4C1A-ACBB-37723CAF12EE}
		{7575DE45-11D2-4319-8785-D1A62D9FB4EB} = {4437AAB8-D90B-4F22-A2D3-888DE022A70B}
		{DEAEA93F-C651-4040-A94D-C96EF5BFD27C} = {A0E969ED-A50B-4747-86F5-400FF41B85B0}
		{FB9DEA06-1D59-4C3B-BB3C-B2461EBC7D8D} = {AF112E45-7FEA-47E5-949A-B094728EB8E2}
		{58E0FD65-6D14-42A6-A0E8-34C38BD27870} = {A725BDAE-50D1-4DEA-8226-07C5909EF9B0}
		{9F72CCC4-6001-42E1-9AAF-ABF0538E30BE} = {B813187A-C718-4F42-B1F2-6E60C70BA13F}
		{2B5AF7C8-15ED-42BC-825E-8E52BDF33794} = {9CFA3FD8-4628-43B5-B4C0-A2D7A22E619C}
		{A3D5BFA5-2E3C-4D89-865F-28E276E236AF} = {0E2D15F6-6BD2-470E-AC77-C0CC64A6E262}
		{289B992E-EA5E-4768-8BD7-F74BE2E188A9} = {B7F11BC0-6D23-481E-918C-4B133CB0213E}
		{54DBEAA6-084B-47ED-87DD-EFD65B1EC921} = {5FB12D87-F840-402B-94B0-84A7F2CEEF8B}
		{2426ACC4-C384-4EE9-B6B3-A7C426E7AEDA} = {C7E86CE5-758B-429C-B36F-904DDB176FF6}
		{509CAD2D-450A-4C7A-A6F8-730BD6D12C10} = {25B3E62E-D6C7-4BFA-AE09-F5685495E4B6}
		{729598C8-787F-441F-965F-EDC00F140C27} = {14E85781-7E74-4D53-873A-D3BD47A69249}
		{7438CBEC-251D-4B44-8763-83D92AE8B3BE} = {C83866F7-7269-4849-9B45-2990C97B3073}
		{3A0B22C3-17A6-4EFA-B874-D2D1F0D1F408} = {2674CF72-4D7D-4C23-9E09-024DDAD0AC2D}
		{848B960A-06B6-40AE-A94D-64875955AE69} = {70B94F70-2585-4C1B-8CB2-7F239C602332}
		{F0EB1DB5-D883-40B5-BC18-1C66BA39E936} = {083137ED-347F-48BE-88FA-FE04539463E8}
		{D95B38B3-6657-45E0-A448-D202B418053B} = {72C97284-8E87-47AA-9D49-8DF06325BBBE}
		{EE275AF7-843A-45DA-98BA-6748709389FA} = {C26F48C7-C490-413E-8C09-214B1D6453AF}
		{38AF5D8B-C15B-4EE4-96D3-2BDC232FF799} = {52F40895-72CB-409F-B05A-712297766333}
		{0BE41C39-40D6-4D86-9BD3-402A6CB7A53D} = {D38BD8DC-E264-4D9B-BDC8-C1E524579561}
		{BD360876-44E8-403D-99F3-93048C6A8D9F} = {80C3A7EE-E152-4A12-8261-D149E5221E23}
		{400F8459-E6FD-42B0-9B2B-5D84E440221E} = {EB4EFB3E-67A0-4C10-B290-9EE8CA11A8B8}
		{AE97DFD4-FF09-4B5E-A6B1-8885C7CCD1A5} = {6D114000-1349-462A-B6BD-DC01923893AB}
		{6C99EA1B-B3D2-44AF-AB31-BC9F35EBE0FE} = {262BEBB1-3B4C-4F65-9E1E-E0B883CF7A11}
		{C92B7336-4C35-4C82-A6B3-E5C7F0147496} = {759356F2-BD87-4872-B01B-F623999345FD}
		{8C17F27B-24D0-4CFA-82F1-1B2762CD0C9A} = {019427BC-C1FC-42E8-BB6D-B3FA302A9E5C}
		{DB2B5D9A-F73F-4E03-B840-3E9829E415FE} = {1D1C65D8-AFE7-4368-A38C-3FADF1117472}
		{2C3935F6-BE49-497D-9043-51E9B77D7CAF} = {C82B8835-92FB-4379-9615-C9845138318E}
	EndGlobalSection
EndGlobal
