
Microsoft Visual Studio Solution File, Format Version 12.00
# Visual Studio 2012
Project("{FAE04EC0-301F-11D3-BF4B-00C04F79EFBC}") = "Prana.MonitoringServices", "Application\Prana.MonitoringServices\PranaMonitoringMainForm\PranaMonitoringMainForm\Prana.MonitoringServices.csproj", "{2C28CA61-EAA5-4745-B65E-F71596990927}"
EndProject
Project("{FAE04EC0-301F-11D3-BF4B-00C04F79EFBC}") = "Prana.Global", "Application\Prana.Global\Prana.Global.csproj", "{98BF7EEC-2A9A-4B4F-8809-E2AE23939F8A}"
EndProject
Project("{FAE04EC0-301F-11D3-BF4B-00C04F79EFBC}") = "Prana.BusinessObjects", "Application\Prana.BusinessObjects\Prana.BusinessObjects.csproj", "{B209105C-CA12-4CDA-9CC5-3540D487BBB6}"
EndProject
Project("{FAE04EC0-301F-11D3-BF4B-00C04F79EFBC}") = "Prana.SocketCommunication", "Prana.SocketCommunication\Prana.SocketCommunication.csproj", "{F221A266-01C2-4ECA-ADED-0717573BCC2E}"
EndProject
Project("{FAE04EC0-301F-11D3-BF4B-00C04F79EFBC}") = "Prana.QueueManager", "Application\Prana.Server\Prana.QueueManager\Prana.QueueManager.csproj", "{D3D605FA-45B0-41B6-ABC6-12CB49A81815}"
EndProject
Project("{FAE04EC0-301F-11D3-BF4B-00C04F79EFBC}") = "Prana.Interfaces", "Application\Prana.Interfaces\Prana.Interfaces.csproj", "{0BAB7DC4-552E-41C6-B216-AB831495E5D5}"
EndProject
Project("{FAE04EC0-301F-11D3-BF4B-00C04F79EFBC}") = "Prana.Utilities", "Application\Prana.Utilities\Prana.Utilities.csproj", "{6D8871AA-7521-4CE6-9755-F4B99E8ED081}"
EndProject
Project("{FAE04EC0-301F-11D3-BF4B-00C04F79EFBC}") = "Prana.LogManager", "Prana.LogManager\Prana.LogManager.csproj", "{498026B8-A7E0-4BFA-AC4F-C43DAA2A4835}"
EndProject
Project("{FAE04EC0-301F-11D3-BF4B-00C04F79EFBC}") = "Prana.Utilities.UI", "Application\Prana.Utilities.UI\Prana.Utilities.UI.csproj", "{22F06506-2258-4E7E-BE07-4DED5D8B8A6B}"
EndProject
Project("{FAE04EC0-301F-11D3-BF4B-00C04F79EFBC}") = "Prana.LogManager.EnterpriseLibrary", "Prana.LogManager.EnterpriseLibrary\Prana.LogManager.EnterpriseLibrary.csproj", "{B0EC40C3-11D8-4F1C-B6A7-7FC8674274EC}"
EndProject
Global
	GlobalSection(SolutionConfigurationPlatforms) = preSolution
		Debug|.NET = Debug|.NET
		Debug|Any CPU = Debug|Any CPU
		Debug|Mixed Platforms = Debug|Mixed Platforms
		Release|.NET = Release|.NET
		Release|Any CPU = Release|Any CPU
		Release|Mixed Platforms = Release|Mixed Platforms
	EndGlobalSection
	GlobalSection(ProjectConfigurationPlatforms) = postSolution
		{2C28CA61-EAA5-4745-B65E-F71596990927}.Debug|.NET.ActiveCfg = Debug|Any CPU
		{2C28CA61-EAA5-4745-B65E-F71596990927}.Debug|Any CPU.ActiveCfg = Debug|Any CPU
		{2C28CA61-EAA5-4745-B65E-F71596990927}.Debug|Any CPU.Build.0 = Debug|Any CPU
		{2C28CA61-EAA5-4745-B65E-F71596990927}.Debug|Mixed Platforms.ActiveCfg = Debug|Any CPU
		{2C28CA61-EAA5-4745-B65E-F71596990927}.Debug|Mixed Platforms.Build.0 = Debug|Any CPU
		{2C28CA61-EAA5-4745-B65E-F71596990927}.Release|.NET.ActiveCfg = Release|Any CPU
		{2C28CA61-EAA5-4745-B65E-F71596990927}.Release|Any CPU.ActiveCfg = Release|Any CPU
		{2C28CA61-EAA5-4745-B65E-F71596990927}.Release|Any CPU.Build.0 = Release|Any CPU
		{2C28CA61-EAA5-4745-B65E-F71596990927}.Release|Mixed Platforms.ActiveCfg = Release|Any CPU
		{2C28CA61-EAA5-4745-B65E-F71596990927}.Release|Mixed Platforms.Build.0 = Release|Any CPU
		{98BF7EEC-2A9A-4B4F-8809-E2AE23939F8A}.Debug|.NET.ActiveCfg = Debug|Any CPU
		{98BF7EEC-2A9A-4B4F-8809-E2AE23939F8A}.Debug|Any CPU.ActiveCfg = Debug|Any CPU
		{98BF7EEC-2A9A-4B4F-8809-E2AE23939F8A}.Debug|Any CPU.Build.0 = Debug|Any CPU
		{98BF7EEC-2A9A-4B4F-8809-E2AE23939F8A}.Debug|Mixed Platforms.ActiveCfg = Debug|Any CPU
		{98BF7EEC-2A9A-4B4F-8809-E2AE23939F8A}.Debug|Mixed Platforms.Build.0 = Debug|Any CPU
		{98BF7EEC-2A9A-4B4F-8809-E2AE23939F8A}.Release|.NET.ActiveCfg = Release|Any CPU
		{98BF7EEC-2A9A-4B4F-8809-E2AE23939F8A}.Release|Any CPU.ActiveCfg = Release|Any CPU
		{98BF7EEC-2A9A-4B4F-8809-E2AE23939F8A}.Release|Any CPU.Build.0 = Release|Any CPU
		{98BF7EEC-2A9A-4B4F-8809-E2AE23939F8A}.Release|Mixed Platforms.ActiveCfg = Release|Any CPU
		{98BF7EEC-2A9A-4B4F-8809-E2AE23939F8A}.Release|Mixed Platforms.Build.0 = Release|Any CPU
		{B209105C-CA12-4CDA-9CC5-3540D487BBB6}.Debug|.NET.ActiveCfg = Debug|Any CPU
		{B209105C-CA12-4CDA-9CC5-3540D487BBB6}.Debug|Any CPU.ActiveCfg = Debug|Any CPU
		{B209105C-CA12-4CDA-9CC5-3540D487BBB6}.Debug|Any CPU.Build.0 = Debug|Any CPU
		{B209105C-CA12-4CDA-9CC5-3540D487BBB6}.Debug|Mixed Platforms.ActiveCfg = Debug|Any CPU
		{B209105C-CA12-4CDA-9CC5-3540D487BBB6}.Debug|Mixed Platforms.Build.0 = Debug|Any CPU
		{B209105C-CA12-4CDA-9CC5-3540D487BBB6}.Release|.NET.ActiveCfg = Release|Any CPU
		{B209105C-CA12-4CDA-9CC5-3540D487BBB6}.Release|Any CPU.ActiveCfg = Release|Any CPU
		{B209105C-CA12-4CDA-9CC5-3540D487BBB6}.Release|Any CPU.Build.0 = Release|Any CPU
		{B209105C-CA12-4CDA-9CC5-3540D487BBB6}.Release|Mixed Platforms.ActiveCfg = Release|Any CPU
		{B209105C-CA12-4CDA-9CC5-3540D487BBB6}.Release|Mixed Platforms.Build.0 = Release|Any CPU
		{F221A266-01C2-4ECA-ADED-0717573BCC2E}.Debug|.NET.ActiveCfg = Debug|Any CPU
		{F221A266-01C2-4ECA-ADED-0717573BCC2E}.Debug|Any CPU.ActiveCfg = Debug|Any CPU
		{F221A266-01C2-4ECA-ADED-0717573BCC2E}.Debug|Any CPU.Build.0 = Debug|Any CPU
		{F221A266-01C2-4ECA-ADED-0717573BCC2E}.Debug|Mixed Platforms.ActiveCfg = Debug|Any CPU
		{F221A266-01C2-4ECA-ADED-0717573BCC2E}.Debug|Mixed Platforms.Build.0 = Debug|Any CPU
		{F221A266-01C2-4ECA-ADED-0717573BCC2E}.Release|.NET.ActiveCfg = Release|Any CPU
		{F221A266-01C2-4ECA-ADED-0717573BCC2E}.Release|Any CPU.ActiveCfg = Release|Any CPU
		{F221A266-01C2-4ECA-ADED-0717573BCC2E}.Release|Any CPU.Build.0 = Release|Any CPU
		{F221A266-01C2-4ECA-ADED-0717573BCC2E}.Release|Mixed Platforms.ActiveCfg = Release|Any CPU
		{F221A266-01C2-4ECA-ADED-0717573BCC2E}.Release|Mixed Platforms.Build.0 = Release|Any CPU
		{D3D605FA-45B0-41B6-ABC6-12CB49A81815}.Debug|.NET.ActiveCfg = Debug|Any CPU
		{D3D605FA-45B0-41B6-ABC6-12CB49A81815}.Debug|Any CPU.ActiveCfg = Debug|Any CPU
		{D3D605FA-45B0-41B6-ABC6-12CB49A81815}.Debug|Any CPU.Build.0 = Debug|Any CPU
		{D3D605FA-45B0-41B6-ABC6-12CB49A81815}.Debug|Mixed Platforms.ActiveCfg = Debug|Any CPU
		{D3D605FA-45B0-41B6-ABC6-12CB49A81815}.Debug|Mixed Platforms.Build.0 = Debug|Any CPU
		{D3D605FA-45B0-41B6-ABC6-12CB49A81815}.Release|.NET.ActiveCfg = Release|Any CPU
		{D3D605FA-45B0-41B6-ABC6-12CB49A81815}.Release|Any CPU.ActiveCfg = Release|Any CPU
		{D3D605FA-45B0-41B6-ABC6-12CB49A81815}.Release|Any CPU.Build.0 = Release|Any CPU
		{D3D605FA-45B0-41B6-ABC6-12CB49A81815}.Release|Mixed Platforms.ActiveCfg = Release|Any CPU
		{D3D605FA-45B0-41B6-ABC6-12CB49A81815}.Release|Mixed Platforms.Build.0 = Release|Any CPU
		{0BAB7DC4-552E-41C6-B216-AB831495E5D5}.Debug|.NET.ActiveCfg = Debug|Any CPU
		{0BAB7DC4-552E-41C6-B216-AB831495E5D5}.Debug|Any CPU.ActiveCfg = Debug|Any CPU
		{0BAB7DC4-552E-41C6-B216-AB831495E5D5}.Debug|Any CPU.Build.0 = Debug|Any CPU
		{0BAB7DC4-552E-41C6-B216-AB831495E5D5}.Debug|Mixed Platforms.ActiveCfg = Debug|Any CPU
		{0BAB7DC4-552E-41C6-B216-AB831495E5D5}.Debug|Mixed Platforms.Build.0 = Debug|Any CPU
		{0BAB7DC4-552E-41C6-B216-AB831495E5D5}.Release|.NET.ActiveCfg = Release|Any CPU
		{0BAB7DC4-552E-41C6-B216-AB831495E5D5}.Release|Any CPU.ActiveCfg = Release|Any CPU
		{0BAB7DC4-552E-41C6-B216-AB831495E5D5}.Release|Any CPU.Build.0 = Release|Any CPU
		{0BAB7DC4-552E-41C6-B216-AB831495E5D5}.Release|Mixed Platforms.ActiveCfg = Release|Any CPU
		{0BAB7DC4-552E-41C6-B216-AB831495E5D5}.Release|Mixed Platforms.Build.0 = Release|Any CPU
		{6D8871AA-7521-4CE6-9755-F4B99E8ED081}.Debug|.NET.ActiveCfg = Debug|Any CPU
		{6D8871AA-7521-4CE6-9755-F4B99E8ED081}.Debug|Any CPU.ActiveCfg = Debug|Any CPU
		{6D8871AA-7521-4CE6-9755-F4B99E8ED081}.Debug|Any CPU.Build.0 = Debug|Any CPU
		{6D8871AA-7521-4CE6-9755-F4B99E8ED081}.Debug|Mixed Platforms.ActiveCfg = Debug|Any CPU
		{6D8871AA-7521-4CE6-9755-F4B99E8ED081}.Debug|Mixed Platforms.Build.0 = Debug|Any CPU
		{6D8871AA-7521-4CE6-9755-F4B99E8ED081}.Release|.NET.ActiveCfg = Release|Any CPU
		{6D8871AA-7521-4CE6-9755-F4B99E8ED081}.Release|Any CPU.ActiveCfg = Release|Any CPU
		{6D8871AA-7521-4CE6-9755-F4B99E8ED081}.Release|Any CPU.Build.0 = Release|Any CPU
		{6D8871AA-7521-4CE6-9755-F4B99E8ED081}.Release|Mixed Platforms.ActiveCfg = Release|Any CPU
		{6D8871AA-7521-4CE6-9755-F4B99E8ED081}.Release|Mixed Platforms.Build.0 = Release|Any CPU
		{498026B8-A7E0-4BFA-AC4F-C43DAA2A4835}.Debug|.NET.ActiveCfg = Debug|Any CPU
		{498026B8-A7E0-4BFA-AC4F-C43DAA2A4835}.Debug|Any CPU.ActiveCfg = Debug|Any CPU
		{498026B8-A7E0-4BFA-AC4F-C43DAA2A4835}.Debug|Any CPU.Build.0 = Debug|Any CPU
		{498026B8-A7E0-4BFA-AC4F-C43DAA2A4835}.Debug|Mixed Platforms.ActiveCfg = Debug|Any CPU
		{498026B8-A7E0-4BFA-AC4F-C43DAA2A4835}.Debug|Mixed Platforms.Build.0 = Debug|Any CPU
		{498026B8-A7E0-4BFA-AC4F-C43DAA2A4835}.Release|.NET.ActiveCfg = Release|Any CPU
		{498026B8-A7E0-4BFA-AC4F-C43DAA2A4835}.Release|Any CPU.ActiveCfg = Release|Any CPU
		{498026B8-A7E0-4BFA-AC4F-C43DAA2A4835}.Release|Any CPU.Build.0 = Release|Any CPU
		{498026B8-A7E0-4BFA-AC4F-C43DAA2A4835}.Release|Mixed Platforms.ActiveCfg = Release|Any CPU
		{498026B8-A7E0-4BFA-AC4F-C43DAA2A4835}.Release|Mixed Platforms.Build.0 = Release|Any CPU
		{22F06506-2258-4E7E-BE07-4DED5D8B8A6B}.Debug|.NET.ActiveCfg = Debug|Any CPU
		{22F06506-2258-4E7E-BE07-4DED5D8B8A6B}.Debug|Any CPU.ActiveCfg = Debug|Any CPU
		{22F06506-2258-4E7E-BE07-4DED5D8B8A6B}.Debug|Any CPU.Build.0 = Debug|Any CPU
		{22F06506-2258-4E7E-BE07-4DED5D8B8A6B}.Debug|Mixed Platforms.ActiveCfg = Debug|Any CPU
		{22F06506-2258-4E7E-BE07-4DED5D8B8A6B}.Debug|Mixed Platforms.Build.0 = Debug|Any CPU
		{22F06506-2258-4E7E-BE07-4DED5D8B8A6B}.Release|.NET.ActiveCfg = Release|Any CPU
		{22F06506-2258-4E7E-BE07-4DED5D8B8A6B}.Release|Any CPU.ActiveCfg = Release|Any CPU
		{22F06506-2258-4E7E-BE07-4DED5D8B8A6B}.Release|Any CPU.Build.0 = Release|Any CPU
		{22F06506-2258-4E7E-BE07-4DED5D8B8A6B}.Release|Mixed Platforms.ActiveCfg = Release|Any CPU
		{22F06506-2258-4E7E-BE07-4DED5D8B8A6B}.Release|Mixed Platforms.Build.0 = Release|Any CPU
		{B0EC40C3-11D8-4F1C-B6A7-7FC8674274EC}.Debug|.NET.ActiveCfg = Debug|Any CPU
		{B0EC40C3-11D8-4F1C-B6A7-7FC8674274EC}.Debug|Any CPU.ActiveCfg = Debug|Any CPU
		{B0EC40C3-11D8-4F1C-B6A7-7FC8674274EC}.Debug|Any CPU.Build.0 = Debug|Any CPU
		{B0EC40C3-11D8-4F1C-B6A7-7FC8674274EC}.Debug|Mixed Platforms.ActiveCfg = Debug|Any CPU
		{B0EC40C3-11D8-4F1C-B6A7-7FC8674274EC}.Debug|Mixed Platforms.Build.0 = Debug|Any CPU
		{B0EC40C3-11D8-4F1C-B6A7-7FC8674274EC}.Release|.NET.ActiveCfg = Release|Any CPU
		{B0EC40C3-11D8-4F1C-B6A7-7FC8674274EC}.Release|Any CPU.ActiveCfg = Release|Any CPU
		{B0EC40C3-11D8-4F1C-B6A7-7FC8674274EC}.Release|Any CPU.Build.0 = Release|Any CPU
		{B0EC40C3-11D8-4F1C-B6A7-7FC8674274EC}.Release|Mixed Platforms.ActiveCfg = Release|Any CPU
		{B0EC40C3-11D8-4F1C-B6A7-7FC8674274EC}.Release|Mixed Platforms.Build.0 = Release|Any CPU
	EndGlobalSection
	GlobalSection(SolutionProperties) = preSolution
		HideSolutionNode = FALSE
	EndGlobalSection
EndGlobal
