
Microsoft Visual Studio Solution File, Format Version 12.00
# Visual Studio Version 17
VisualStudioVersion = 17.3.32811.315
MinimumVisualStudioVersion = 10.0.40219.1
Project("{FAE04EC0-301F-11D3-BF4B-00C04F79EFBC}") = "Prana", "Application\Prana.Client\Prana\Prana.csproj", "{172F7D68-B0D1-4579-A252-BEB24EEDEC37}"
	ProjectSection(ProjectDependencies) = postProject
		{64697A00-2561-4167-B31B-7E0596E34BA1} = {64697A00-2561-4167-B31B-7E0596E34BA1}
		{8C38BB01-A351-4E6E-89FC-A169BFE25EFB} = {8C38BB01-A351-4E6E-89FC-A169BFE25EFB}
		{7E180C04-2F09-49E7-A483-3F141C3547FE} = {7E180C04-2F09-49E7-A483-3F141C3547FE}
		{4E18AA07-C6F6-47A6-A7C2-F4363281F978} = {4E18AA07-C6F6-47A6-A7C2-F4363281F978}
		{DB822308-7562-4404-8D85-E1DE6F5A317D} = {DB822308-7562-4404-8D85-E1DE6F5A317D}
		{1C384909-59F6-43A5-814C-8532D58A5267} = {1C384909-59F6-43A5-814C-8532D58A5267}
		{81EB1E0A-9114-4B01-BC71-5816C6A4F495} = {81EB1E0A-9114-4B01-BC71-5816C6A4F495}
		{6D05550A-9F3D-444E-882E-B67B5B32CE8C} = {6D05550A-9F3D-444E-882E-B67B5B32CE8C}
		{F6494C0C-1A4A-41C0-AC7E-6446FF958CDC} = {F6494C0C-1A4A-41C0-AC7E-6446FF958CDC}
		{CCE11E0D-2CF9-4EA1-9CCC-B86747687129} = {CCE11E0D-2CF9-4EA1-9CCC-B86747687129}
		{5FB30912-0851-40EE-A312-9FB67D33AF3F} = {5FB30912-0851-40EE-A312-9FB67D33AF3F}
		{461CB715-F2D5-429C-B36B-5F367375043B} = {461CB715-F2D5-429C-B36B-5F367375043B}
		{60D8C317-AE83-4739-B63B-27DCF9323B66} = {60D8C317-AE83-4739-B63B-27DCF9323B66}
		{132F431F-652A-49C0-81AC-1DB921BE02A8} = {132F431F-652A-49C0-81AC-1DB921BE02A8}
		{618EA226-74BF-46BE-8345-65BED17E26BB} = {618EA226-74BF-46BE-8345-65BED17E26BB}
		{64BF192C-6525-4901-B648-985DEE4B875F} = {64BF192C-6525-4901-B648-985DEE4B875F}
		{22605932-14D9-48CC-A46F-2E918DCC69BC} = {22605932-14D9-48CC-A46F-2E918DCC69BC}
		{F8EE7E38-74ED-4F8D-8095-B19EF19CD479} = {F8EE7E38-74ED-4F8D-8095-B19EF19CD479}
		{77EDD942-555B-4D21-B68B-AFD0FBAB36B3} = {77EDD942-555B-4D21-B68B-AFD0FBAB36B3}
		{2D361045-9144-4BA7-93A5-653A98A0F8CC} = {2D361045-9144-4BA7-93A5-653A98A0F8CC}
		{07FBDC4F-2B59-4C74-8739-72E6A010802D} = {07FBDC4F-2B59-4C74-8739-72E6A010802D}
		{C01B0151-9FA1-41C3-A33B-4A32F264D036} = {C01B0151-9FA1-41C3-A33B-4A32F264D036}
		{32885552-8F03-45FD-8806-CCC39090A1E5} = {32885552-8F03-45FD-8806-CCC39090A1E5}
		{BDE0C25D-08EF-477E-9ACE-E086AA3694BD} = {BDE0C25D-08EF-477E-9ACE-E086AA3694BD}
		{4A035762-7313-4316-B3D3-D4CA11E303F5} = {4A035762-7313-4316-B3D3-D4CA11E303F5}
		{E6B4A775-5F7E-4129-928F-3B5F48023D3E} = {E6B4A775-5F7E-4129-928F-3B5F48023D3E}
		{CDC7EF78-A00D-4B5A-A500-DB31E2B45F48} = {CDC7EF78-A00D-4B5A-A500-DB31E2B45F48}
		{9BA6EE7D-BB97-40C4-A7CA-D4491E26CDD7} = {9BA6EE7D-BB97-40C4-A7CA-D4491E26CDD7}
		{188CA486-DEC3-4BB2-B335-4BCAB1C0D76C} = {188CA486-DEC3-4BB2-B335-4BCAB1C0D76C}
		{81DD4C94-38CB-4836-A864-B9BF38EF5AF0} = {81DD4C94-38CB-4836-A864-B9BF38EF5AF0}
		{BC0C239D-7F00-43B4-B94F-A2BD0A484F10} = {BC0C239D-7F00-43B4-B94F-A2BD0A484F10}
		{0F1B569F-3A60-4D7B-BDE3-2803C218BAAC} = {0F1B569F-3A60-4D7B-BDE3-2803C218BAAC}
		{8386B4A1-A60B-42E6-ADC1-007DC95AA438} = {8386B4A1-A60B-42E6-ADC1-007DC95AA438}
		{CA3F44AC-2814-4E5E-84B7-DCAF8F42A026} = {CA3F44AC-2814-4E5E-84B7-DCAF8F42A026}
		{F3EB40AF-D2B7-44C9-A7ED-FD54F4D95A3D} = {F3EB40AF-D2B7-44C9-A7ED-FD54F4D95A3D}
		{A7618CC8-DF0E-4D12-AB7B-EE3269DC854D} = {A7618CC8-DF0E-4D12-AB7B-EE3269DC854D}
		{D1291ECA-FF3C-4B6C-81DF-2DE12E81C0CD} = {D1291ECA-FF3C-4B6C-81DF-2DE12E81C0CD}
		{4C0CBECD-F6FC-4B55-94E2-2ED811C2DB85} = {4C0CBECD-F6FC-4B55-94E2-2ED811C2DB85}
		{80C5ADCE-8B79-4873-8544-80EC9EB4FD38} = {80C5ADCE-8B79-4873-8544-80EC9EB4FD38}
		{A6B366D0-2376-48CE-A7C7-DBFFFCCEA694} = {A6B366D0-2376-48CE-A7C7-DBFFFCCEA694}
		{BC6595D1-C281-42BF-A560-C7F634AD332C} = {BC6595D1-C281-42BF-A560-C7F634AD332C}
		{E22FB7D4-13D8-4354-BE73-B2671360AB04} = {E22FB7D4-13D8-4354-BE73-B2671360AB04}
		{0E2E40E8-8E6D-4730-9A00-E6FD1DECE9BC} = {0E2E40E8-8E6D-4730-9A00-E6FD1DECE9BC}
		{15335EEB-7358-4FAA-A8ED-987F79A8BC6F} = {15335EEB-7358-4FAA-A8ED-987F79A8BC6F}
		{41D53EF7-6606-41E1-8A40-5B55D8F47DBB} = {41D53EF7-6606-41E1-8A40-5B55D8F47DBB}
		{FFBFBCF7-7CE3-4090-A744-A3309F87B283} = {FFBFBCF7-7CE3-4090-A744-A3309F87B283}
		{D3D605FA-45B0-41B6-ABC6-12CB49A81815} = {D3D605FA-45B0-41B6-ABC6-12CB49A81815}
	EndProjectSection
EndProject
Project("{2150E333-8FDC-42A3-9474-1A3956D46DE8}") = "AlgoStrategyControls", "AlgoStrategyControls", "{0CA05515-7625-4500-AB21-AE4BF0B6C103}"
EndProject
Project("{FAE04EC0-301F-11D3-BF4B-00C04F79EFBC}") = "Prana.LiveFeed.UI", "Application\Prana.Client\Prana.LiveFeed.UI\Prana.LiveFeed.UI.csproj", "{BC6595D1-C281-42BF-A560-C7F634AD332C}"
	ProjectSection(ProjectDependencies) = postProject
		{5FB30912-0851-40EE-A312-9FB67D33AF3F} = {5FB30912-0851-40EE-A312-9FB67D33AF3F}
		{4A035762-7313-4316-B3D3-D4CA11E303F5} = {4A035762-7313-4316-B3D3-D4CA11E303F5}
	EndProjectSection
EndProject
Project("{FAE04EC0-301F-11D3-BF4B-00C04F79EFBC}") = "Prana.Admin.BLL", "ApplicationAdmin\PranaSuperAdmin\Prana.Admin.BLL\Prana.Admin.BLL.csproj", "{F015C504-985F-44AA-92EC-E6F8C8461F9C}"
EndProject
Project("{FAE04EC0-301F-11D3-BF4B-00C04F79EFBC}") = "Prana.BusinessObjects", "Application\Prana.BusinessObjects\Prana.BusinessObjects.csproj", "{B209105C-CA12-4CDA-9CC5-3540D487BBB6}"
EndProject
Project("{FAE04EC0-301F-11D3-BF4B-00C04F79EFBC}") = "Prana.Global", "Application\Prana.Global\Prana.Global.csproj", "{98BF7EEC-2A9A-4B4F-8809-E2AE23939F8A}"
EndProject
Project("{FAE04EC0-301F-11D3-BF4B-00C04F79EFBC}") = "Prana.InstanceCreator", "Application\Prana.Client\Prana.InstanceCreator\Prana.InstanceCreator.csproj", "{3F5CFA1B-EA85-4EFF-9FFB-0564B801DC10}"
EndProject
Project("{FAE04EC0-301F-11D3-BF4B-00C04F79EFBC}") = "Prana.Interfaces", "Application\Prana.Interfaces\Prana.Interfaces.csproj", "{0BAB7DC4-552E-41C6-B216-AB831495E5D5}"
EndProject
Project("{FAE04EC0-301F-11D3-BF4B-00C04F79EFBC}") = "Prana.LiveFeedProvider", "Application\Prana.Client\Prana.LiveFeedProvider\Prana.LiveFeedProvider.csproj", "{188CA486-DEC3-4BB2-B335-4BCAB1C0D76C}"
EndProject
Project("{FAE04EC0-301F-11D3-BF4B-00C04F79EFBC}") = "Prana.Preferences", "Application\Prana.Client\Prana.Preferences\Prana.Preferences.csproj", "{8F145D78-4EA1-487E-8BE7-0CBCB764D934}"
EndProject
Project("{FAE04EC0-301F-11D3-BF4B-00C04F79EFBC}") = "Prana.TradingTicket", "Application\Prana.Client\Prana.TradingTicket\Prana.TradingTicket.csproj", "{32885552-8F03-45FD-8806-CCC39090A1E5}"
EndProject
Project("{FAE04EC0-301F-11D3-BF4B-00C04F79EFBC}") = "Prana.TradeManager", "Application\Prana.Client\Prana.TradeManager\Prana.TradeManager.csproj", "{ABB4950F-DEF1-4095-8E93-1EB3292C69F5}"
EndProject
Project("{FAE04EC0-301F-11D3-BF4B-00C04F79EFBC}") = "Prana.Utilities", "Application\Prana.Utilities\Prana.Utilities.csproj", "{6D8871AA-7521-4CE6-9755-F4B99E8ED081}"
EndProject
Project("{FAE04EC0-301F-11D3-BF4B-00C04F79EFBC}") = "Prana.Fix.FixDictionary", "Application\Prana.Fix.FixDictionary\Prana.Fix.FixDictionary.csproj", "{08AD82EF-9FC2-4225-8014-A030A9B1B356}"
EndProject
Project("{FAE04EC0-301F-11D3-BF4B-00C04F79EFBC}") = "Prana.AlgoStrategyControls", "Application\Prana.Client\Prana.AlgoStrategyControls\Prana.AlgoStrategyControls.csproj", "{22605932-14D9-48CC-A46F-2E918DCC69BC}"
EndProject
Project("{FAE04EC0-301F-11D3-BF4B-00C04F79EFBC}") = "Prana.ThirdPartyReport", "Application\Prana.Client\Prana.ThirdPartyReport\Prana.ThirdPartyReport.csproj", "{9BA6EE7D-BB97-40C4-A7CA-D4491E26CDD7}"
EndProject
Project("{FAE04EC0-301F-11D3-BF4B-00C04F79EFBC}") = "Prana.DropCopyClient", "Application\Prana.Client\Prana.DropCopyClient\Prana.DropCopyClient.csproj", "{20319BEC-1798-4A21-9BC4-28481DC5BACE}"
EndProject
Project("{FAE04EC0-301F-11D3-BF4B-00C04F79EFBC}") = "Prana.QueueManager", "Application\Prana.Server\Prana.QueueManager\Prana.QueueManager.csproj", "{D3D605FA-45B0-41B6-ABC6-12CB49A81815}"
EndProject
Project("{FAE04EC0-301F-11D3-BF4B-00C04F79EFBC}") = "Prana.PM.Client.UI", "Prana.PM\Prana.PM.Client.UI\Prana.PM.Client.UI.csproj", "{8C38BB01-A351-4E6E-89FC-A169BFE25EFB}"
EndProject
Project("{FAE04EC0-301F-11D3-BF4B-00C04F79EFBC}") = "Prana.PM.Common", "Prana.PM\Prana.PM.Common\Prana.PM.Common.csproj", "{CA3F44AC-2814-4E5E-84B7-DCAF8F42A026}"
EndProject
Project("{FAE04EC0-301F-11D3-BF4B-00C04F79EFBC}") = "Prana.CommonDataCache", "Application\Prana.CommonDataCache\Prana.CommonDataCache.csproj", "{4EFE8391-0C06-425F-83C7-78E7FEF8717F}"
EndProject
Project("{FAE04EC0-301F-11D3-BF4B-00C04F79EFBC}") = "Prana.ClientCommon", "Application\Prana.Client\Prana.ClientCommon\Prana.ClientCommon.csproj", "{A28AE507-104B-45C5-BCB1-CE51394E3620}"
EndProject
Project("{FAE04EC0-301F-11D3-BF4B-00C04F79EFBC}") = "Prana.PM.BLL", "Prana.PM\Prana.PM.BLL\Prana.PM.BLL.csproj", "{F3EB40AF-D2B7-44C9-A7ED-FD54F4D95A3D}"
EndProject
Project("{FAE04EC0-301F-11D3-BF4B-00C04F79EFBC}") = "Prana.ExposurePnlCache", "Application\Prana.ExposurePnlCache\Prana.ExposurePnlCache.csproj", "{704A1960-D9CC-4702-9FFB-D82C6E872047}"
EndProject
Project("{FAE04EC0-301F-11D3-BF4B-00C04F79EFBC}") = "Prana.Blotter", "Application\Prana.Client\Prana.BlotterNew\Prana.Blotter.csproj", "{2D361045-9144-4BA7-93A5-653A98A0F8CC}"
EndProject
Project("{FAE04EC0-301F-11D3-BF4B-00C04F79EFBC}") = "PranaAlgoStrategyControlsUCEndTime", "Application\Prana.Client\PranaAlgoStrategyControlsNew\ClassLibrary1\PranaAlgoStrategyControlsUCEndTime.csproj", "{F6494C0C-1A4A-41C0-AC7E-6446FF958CDC}"
EndProject
Project("{FAE04EC0-301F-11D3-BF4B-00C04F79EFBC}") = "PranaAlgoStrategyControlsUCStartTime", "Application\Prana.Client\PranaAlgoStrategyControlsNew\ClassLibrary2\PranaAlgoStrategyControlsUCStartTime.csproj", "{15335EEB-7358-4FAA-A8ED-987F79A8BC6F}"
EndProject
Project("{FAE04EC0-301F-11D3-BF4B-00C04F79EFBC}") = "PranaAlgoStrategyControlsUCParticipationRate", "Application\Prana.Client\PranaAlgoStrategyControlsNew\ClassLibrary3\PranaAlgoStrategyControlsUCParticipationRate.csproj", "{C01B0151-9FA1-41C3-A33B-4A32F264D036}"
EndProject
Project("{FAE04EC0-301F-11D3-BF4B-00C04F79EFBC}") = "PranaAlgoStrategyControlsUCOnOpen", "Application\Prana.Client\PranaAlgoStrategyControlsNew\ClassLibrary4\PranaAlgoStrategyControlsUCOnOpen.csproj", "{CDC7EF78-A00D-4B5A-A500-DB31E2B45F48}"
EndProject
Project("{FAE04EC0-301F-11D3-BF4B-00C04F79EFBC}") = "PranaAlgoStrategyControlsUCOnCloseandType", "Application\Prana.Client\PranaAlgoStrategyControlsNew\ClassLibrary5\PranaAlgoStrategyControlsUCOnCloseandType.csproj", "{132F431F-652A-49C0-81AC-1DB921BE02A8}"
EndProject
Project("{FAE04EC0-301F-11D3-BF4B-00C04F79EFBC}") = "PranaAlgoStrategyControlsUCOnClose", "Application\Prana.Client\PranaAlgoStrategyControlsNew\ClassLibrary6\PranaAlgoStrategyControlsUCOnClose.csproj", "{7E180C04-2F09-49E7-A483-3F141C3547FE}"
EndProject
Project("{FAE04EC0-301F-11D3-BF4B-00C04F79EFBC}") = "PranaAlgoStrategyControlsUCExecutionMode", "Application\Prana.Client\PranaAlgoStrategyControlsNew\ClassLibrary7\PranaAlgoStrategyControlsUCExecutionMode.csproj", "{D1291ECA-FF3C-4B6C-81DF-2DE12E81C0CD}"
EndProject
Project("{FAE04EC0-301F-11D3-BF4B-00C04F79EFBC}") = "PranaAlgoStrategyControlsUCEndTimeandDuration", "Application\Prana.Client\PranaAlgoStrategyControlsNew\ClassLibrary8\PranaAlgoStrategyControlsUCEndTimeandDuration.csproj", "{E6B4A775-5F7E-4129-928F-3B5F48023D3E}"
EndProject
Project("{FAE04EC0-301F-11D3-BF4B-00C04F79EFBC}") = "PranaAlgoStrategyControlsNoPost", "Application\Prana.Client\PranaAlgoStrategyControlsNew\PranaAlgoStrategyControlsNoPost\PranaAlgoStrategyControlsNoPost.csproj", "{E22FB7D4-13D8-4354-BE73-B2671360AB04}"
EndProject
Project("{FAE04EC0-301F-11D3-BF4B-00C04F79EFBC}") = "PranaAlgoStrategyControlsSpinner", "Application\Prana.Client\PranaAlgoStrategyControlsNew\PranaAlgoStrategyControlsSpinner\PranaAlgoStrategyControlsSpinner.csproj", "{60D8C317-AE83-4739-B63B-27DCF9323B66}"
EndProject
Project("{FAE04EC0-301F-11D3-BF4B-00C04F79EFBC}") = "Prana.SocketCommunication", "Prana.SocketCommunication\Prana.SocketCommunication.csproj", "{F221A266-01C2-4ECA-ADED-0717573BCC2E}"
EndProject
Project("{FAE04EC0-301F-11D3-BF4B-00C04F79EFBC}") = "Prana.BusinessLogic", "Application\Prana.BusinessLogic\Prana.BusinessLogic.csproj", "{DB822308-7562-4404-8D85-E1DE6F5A317D}"
EndProject
Project("{FAE04EC0-301F-11D3-BF4B-00C04F79EFBC}") = "Prana.CounterPartyRules", "Application\Prana.CounterPartyRules\ClassLibrary1\Prana.CounterPartyRules.csproj", "{07FBDC4F-2B59-4C74-8739-72E6A010802D}"
EndProject
Project("{FAE04EC0-301F-11D3-BF4B-00C04F79EFBC}") = "Prana.CustomMapper", "Application\Prana.Server\Prana.CustomMapper\Prana.CustomMapper.csproj", "{618EA226-74BF-46BE-8345-65BED17E26BB}"
EndProject
Project("{FAE04EC0-301F-11D3-BF4B-00C04F79EFBC}") = "Prana.Tools", "Prana.Tools\Prana.Tools.csproj", "{77EDD942-555B-4D21-B68B-AFD0FBAB36B3}"
EndProject
Project("{FAE04EC0-301F-11D3-BF4B-00C04F79EFBC}") = "Prana.Analytics", "Application\Prana.Client\Prana.Analytics\Prana.Analytics.csproj", "{F8EE7E38-74ED-4F8D-8095-B19EF19CD479}"
EndProject
Project("{FAE04EC0-301F-11D3-BF4B-00C04F79EFBC}") = "Prana.CorporateActionNew", "Application\Prana.Client\Prana.CorporateActionNew\Prana.CorporateActionNew.csproj", "{FFBFBCF7-7CE3-4090-A744-A3309F87B283}"
EndProject
Project("{FAE04EC0-301F-11D3-BF4B-00C04F79EFBC}") = "Prana.CashManagement", "Application\Prana.Client\Prana.CashManagement\Prana.CashManagement.csproj", "{64BF192C-6525-4901-B648-985DEE4B875F}"
EndProject
Project("{FAE04EC0-301F-11D3-BF4B-00C04F79EFBC}") = "Prana.PostTradeServices", "Application\Prana.PostTradeServices\Prana.PostTradeServices.csproj", "{E185F480-B1EA-4AD6-8A69-4F8CD6708D0D}"
EndProject
Project("{FAE04EC0-301F-11D3-BF4B-00C04F79EFBC}") = "Prana.WCFConnectionMgr", "Application\WCFConnectionMgr\Prana.WCFConnectionMgr.csproj", "{6205A21C-5CBE-4C10-965C-383F26246DAD}"
EndProject
Project("{FAE04EC0-301F-11D3-BF4B-00C04F79EFBC}") = "Prana.PositionManagement", "Application\Prana.Client\Prana.PositionManagement\Prana.PositionManagement.csproj", "{8386B4A1-A60B-42E6-ADC1-007DC95AA438}"
EndProject
Project("{FAE04EC0-301F-11D3-BF4B-00C04F79EFBC}") = "Prana.ThirdPartyUI", "Application\Prana.Client\Prana.ThirdPartyUI\Prana.ThirdPartyUI.csproj", "{BC0C239D-7F00-43B4-B94F-A2BD0A484F10}"
EndProject
Project("{FAE04EC0-301F-11D3-BF4B-00C04F79EFBC}") = "Prana.Middleware", "Application\Prana.Client\Prana.Middleware\Prana.Middleware.csproj", "{1C384909-59F6-43A5-814C-8532D58A5267}"
EndProject
Project("{FAE04EC0-301F-11D3-BF4B-00C04F79EFBC}") = "Prana.AmqpAdapter", "AmqpAdapter\Prana.AmqpAdapter.csproj", "{10DD56D7-73F5-4213-9F65-74ABCCA49938}"
EndProject
Project("{FAE04EC0-301F-11D3-BF4B-00C04F79EFBC}") = "Prana.AuditTrail", "Application\Prana.AuditTrail\Prana.AuditTrail.csproj", "{4C0CBECD-F6FC-4B55-94E2-2ED811C2DB85}"
EndProject
Project("{FAE04EC0-301F-11D3-BF4B-00C04F79EFBC}") = "Prana.Import", "Application\Prana.Client\Prana.Import\Prana.Import.csproj", "{A7618CC8-DF0E-4D12-AB7B-EE3269DC854D}"
EndProject
Project("{FAE04EC0-301F-11D3-BF4B-00C04F79EFBC}") = "Prana.ReconciliationNew", "Application\Prana.Client\Prana.ReconciliationNew\Prana.ReconciliationNew.csproj", "{A6B366D0-2376-48CE-A7C7-DBFFFCCEA694}"
EndProject
Project("{FAE04EC0-301F-11D3-BF4B-00C04F79EFBC}") = "Prana.ComplianceEngine", "Application\Prana.ComplianceEngine\Prana.ComplianceEngine.csproj", "{CCE11E0D-2CF9-4EA1-9CCC-B86747687129}"
EndProject
Project("{FAE04EC0-301F-11D3-BF4B-00C04F79EFBC}") = "Prana.AuditManager", "Application\Prana.AuditManager\Prana.AuditManager.csproj", "{64697A00-2561-4167-B31B-7E0596E34BA1}"
EndProject
Project("{FAE04EC0-301F-11D3-BF4B-00C04F79EFBC}") = "Prana.Admin.CommonControls", "Prana.Admin.CommonControls\Prana.Admin.CommonControls.csproj", "{4E18AA07-C6F6-47A6-A7C2-F4363281F978}"
EndProject
Project("{FAE04EC0-301F-11D3-BF4B-00C04F79EFBC}") = "Prana.TaskManagement.Definition", "Application\Prana.TaskManagement.Definition\Prana.TaskManagement.Definition.csproj", "{5FB30912-0851-40EE-A312-9FB67D33AF3F}"
EndProject
Project("{FAE04EC0-301F-11D3-BF4B-00C04F79EFBC}") = "Prana.TaskManagement.Execution", "Application\Prana.TaskManagement.Execution\Prana.TaskManagement.Execution.csproj", "{4A035762-7313-4316-B3D3-D4CA11E303F5}"
EndProject
Project("{FAE04EC0-301F-11D3-BF4B-00C04F79EFBC}") = "Prana.Auth", "Application\Prana.Auth\Prana.Auth.csproj", "{0F1B569F-3A60-4D7B-BDE3-2803C218BAAC}"
EndProject
Project("{FAE04EC0-301F-11D3-BF4B-00C04F79EFBC}") = "Prana.SecurityMasterNew", "Application\Prana.Client\Prana.SecurityMasterNew\Prana.SecurityMasterNew.csproj", "{8237C28A-EE49-4A68-A89A-1F1F6A939FC4}"
EndProject
Project("{FAE04EC0-301F-11D3-BF4B-00C04F79EFBC}") = "Prana.Allocation.Common", "Application\Prana.Allocation.Common\Prana.Allocation.Common.csproj", "{0C0E7E36-5ABB-4D29-B872-272DB9B72399}"
EndProject
Project("{FAE04EC0-301F-11D3-BF4B-00C04F79EFBC}") = "Prana.Dashboard", "Application\Prana.Client\Prana.Dashboard\Prana.Dashboard.csproj", "{51EC1DC4-28DE-466E-A90A-223CF59D0235}"
EndProject
Project("{FAE04EC0-301F-11D3-BF4B-00C04F79EFBC}") = "Prana.PortfolioReports", "Application\Prana.Client\Prana.PortfolioReports\Prana.PortfolioReports.csproj", "{81DD4C94-38CB-4836-A864-B9BF38EF5AF0}"
EndProject
Project("{FAE04EC0-301F-11D3-BF4B-00C04F79EFBC}") = "Prana.HeatMapControlsWPF", "Prana.HeatMapControlsWPF\Prana.HeatMapControlsWPF.csproj", "{461CB715-F2D5-429C-B36B-5F367375043B}"
EndProject
Project("{FAE04EC0-301F-11D3-BF4B-00C04F79EFBC}") = "Prana.HeatMap", "Application\Prana.HeatMap\Prana.HeatMap.csproj", "{BDE0C25D-08EF-477E-9ACE-E086AA3694BD}"
EndProject
Project("{FAE04EC0-301F-11D3-BF4B-00C04F79EFBC}") = "Prana.HeatMapControls", "Application\Prana.HeatMapControls\Prana.HeatMapControls.csproj", "{41D53EF7-6606-41E1-8A40-5B55D8F47DBB}"
EndProject
Project("{FAE04EC0-301F-11D3-BF4B-00C04F79EFBC}") = "Prana.Rebalancer", "Application\Prana.Rebalancer\Prana.Rebalancer.csproj", "{0E2E40E8-8E6D-4730-9A00-E6FD1DECE9BC}"
EndProject
Project("{FAE04EC0-301F-11D3-BF4B-00C04F79EFBC}") = "Prana.SecuritySearch", "Application\Prana.SecuritySearch\Prana.SecuritySearch.csproj", "{80C5ADCE-8B79-4873-8544-80EC9EB4FD38}"
EndProject
Project("{FAE04EC0-301F-11D3-BF4B-00C04F79EFBC}") = "Act40OrderGeneratorTool", "Application\Act40OrderGeneratorTool\Act40OrderGeneratorTool.csproj", "{81EB1E0A-9114-4B01-BC71-5816C6A4F495}"
EndProject
Project("{FAE04EC0-301F-11D3-BF4B-00C04F79EFBC}") = "Prana.Allocation.Client", "Application\Prana.Allocation.Client\Prana.Allocation.Client.csproj", "{6352B192-FC82-45AD-B543-10982F67DF4F}"
EndProject
Project("{FAE04EC0-301F-11D3-BF4B-00C04F79EFBC}") = "Microsoft.Windows.Shell", "Application\Microsoft.Windows.Shell\Microsoft.Windows.Shell.csproj", "{55D5297C-F1DF-4B76-A3C1-D82CC294EEBB}"
EndProject
Project("{FAE04EC0-301F-11D3-BF4B-00C04F79EFBC}") = "Prana.CustomChromeLibrary", "Application\Prana.CustomChromeLibrary\Prana.CustomChromeLibrary.csproj", "{25990F61-A27B-4EDF-A402-B31BF952153F}"
EndProject
Project("{FAE04EC0-301F-11D3-BF4B-00C04F79EFBC}") = "Prana.UIEventAggregator", "Application\Prana.UIEventAggregator\Prana.UIEventAggregator.csproj", "{A00A7A0B-2B49-4905-A043-DA6C7A012FE4}"
EndProject
Project("{FAE04EC0-301F-11D3-BF4B-00C04F79EFBC}") = "Prana.MvvmDialogs", "Application\Prana.Client\Prana.MvvmDialogs\Prana.MvvmDialogs.csproj", "{29051B6F-74C5-4EF6-A792-4E382CE233FA}"
EndProject
Project("{FAE04EC0-301F-11D3-BF4B-00C04F79EFBC}") = "Prana.ServiceConnector", "Prana.ServiceConnector\Prana.ServiceConnector.csproj", "{BE2A9463-08F3-46C5-B230-165C3056718D}"
EndProject
Project("{FAE04EC0-301F-11D3-BF4B-00C04F79EFBC}") = "Prana.ShortcutMonitor", "Application\Prana.ShortcutMonitor\Prana.ShortcutMonitor.csproj", "{F52AA97E-180A-40ED-8F2B-09080171D6C7}"
EndProject
Project("{FAE04EC0-301F-11D3-BF4B-00C04F79EFBC}") = "Prana.QualityChecker", "Application\Prana.Client\Prana.QualityChecker\Prana.QualityChecker.csproj", "{BC4533C6-F705-48AD-B850-E3297D1942FE}"
EndProject
Project("{FAE04EC0-301F-11D3-BF4B-00C04F79EFBC}") = "Prana.User", "Application\Prana.Client\Prana.User\Prana.User.csproj", "{C60CBC5A-199E-4516-857D-FA9873C067E8}"
EndProject
Project("{FAE04EC0-301F-11D3-BF4B-00C04F79EFBC}") = "Prana.SM.OTC", "Application\Prana.Client\Prana.SM.OTC\Prana.SM.OTC.csproj", "{E689F137-E3B0-431A-A41B-B073D1A89E1B}"
EndProject
Project("{FAE04EC0-301F-11D3-BF4B-00C04F79EFBC}") = "Prana.LogManager", "Prana.LogManager\Prana.LogManager.csproj", "{498026B8-A7E0-4BFA-AC4F-C43DAA2A4835}"
EndProject
Project("{FAE04EC0-301F-11D3-BF4B-00C04F79EFBC}") = "Prana.DatabaseManager", "Prana.DatabaseManager\Prana.DatabaseManager.csproj", "{2888477E-5152-4CBF-B120-97DB05CBC464}"
EndProject
Project("{FAE04EC0-301F-11D3-BF4B-00C04F79EFBC}") = "Prana.WatchList", "Application\Prana.WatchList\Prana.WatchList.csproj", "{33813047-BFB8-4434-B9C6-CA85B173646F}"
EndProject
Project("{FAE04EC0-301F-11D3-BF4B-00C04F79EFBC}") = "Prana.LogManager.EnterpriseLibrary", "Prana.LogManager.EnterpriseLibrary\Prana.LogManager.EnterpriseLibrary.csproj", "{B0EC40C3-11D8-4F1C-B6A7-7FC8674274EC}"
EndProject
Project("{FAE04EC0-301F-11D3-BF4B-00C04F79EFBC}") = "Prana.DatabaseManager.EnterpriseLibrary", "Prana.DatabaseManager.EnterpriseLibrary\Prana.DatabaseManager.EnterpriseLibrary.csproj", "{B4EFD38B-6CDD-4963-82FC-67A1C8C71BA8}"
EndProject
Project("{FAE04EC0-301F-11D3-BF4B-00C04F79EFBC}") = "Prana.Utilities.UI", "Application\Prana.Utilities.UI\Prana.Utilities.UI.csproj", "{22F06506-2258-4E7E-BE07-4DED5D8B8A6B}"
EndProject
Project("{FAE04EC0-301F-11D3-BF4B-00C04F79EFBC}") = "Prana.ShortLocate", "Application\Prana.ShortLocate\Prana.ShortLocate.csproj", "{9B6487CE-D331-4387-9585-1B3C1B1A4CFE}"
EndProject
Project("{FAE04EC0-301F-11D3-BF4B-00C04F79EFBC}") = "Prana.WashSale", "Application\Prana.Client\Prana.WashSale\Prana.WashSale.csproj", "{A815C2B0-DB39-44FC-8A76-1452E794B2DA}"
EndProject
Project("{FAE04EC0-301F-11D3-BF4B-00C04F79EFBC}") = "Prana.PubSubService.Interfaces", "Application\Prana.PubSubService.Interfaces\Prana.PubSubService.Interfaces.csproj", "{35B3FD76-9AA5-424B-9E04-B7FF1EF1BFC2}"
EndProject
Project("{FAE04EC0-301F-11D3-BF4B-00C04F79EFBC}") = "Prana.ServiceCommon.Interfaces", "Prana.ServiceCommon.Interfaces\Prana.ServiceCommon.Interfaces.csproj", "{AEBD67D7-2487-4D54-B93F-FE8B3685E6B3}"
EndProject
Project("{FAE04EC0-301F-11D3-BF4B-00C04F79EFBC}") = "Prana.CoreService.Interfaces", "Prana.CoreService.Interfaces\Prana.CoreService.Interfaces.csproj", "{79A6B4BD-7843-477B-A6D2-980BEDAB9F86}"
EndProject
Project("{FAE04EC0-301F-11D3-BF4B-00C04F79EFBC}") = "Prana.Allocation.ClientLibrary", "Application\Prana.Allocation.ClientLibrary\Prana.Allocation.ClientLibrary.csproj", "{7C2711ED-3C85-473D-BC01-06B640744889}"
EndProject
Project("{FAE04EC0-301F-11D3-BF4B-00C04F79EFBC}") = "Prana.Authentication.Common", "Application\Prana.Authentication.Common\Prana.Authentication.Common.csproj", "{E24D23E5-1AB0-4588-A7F8-03492C524B62}"
EndProject
Project("{FAE04EC0-301F-11D3-BF4B-00C04F79EFBC}") = "Prana.CommonDatabaseAccess", "Prana.CommonDatabaseAccess\Prana.CommonDatabaseAccess.csproj", "{4D196202-276E-4B9D-A377-642CD133226D}"
EndProject
Project("{FAE04EC0-301F-11D3-BF4B-00C04F79EFBC}") = "Prana.WatchListData", "Application\Prana.WatchListData\Prana.WatchListData.csproj", "{1F37BEDF-4987-4317-A01B-16DB1596B5A7}"
EndProject
Project("{FAE04EC0-301F-11D3-BF4B-00C04F79EFBC}") = "Prana.ClientPreferences", "Prana.ClientPreferences\Prana.ClientPreferences.csproj", "{87409B83-E284-40A0-8DAF-40B58413449C}"
EndProject
Project("{FAE04EC0-301F-11D3-BF4B-00C04F79EFBC}") = "Prana.TradeManager.Extension", "Application\Prana.Client\Prana.TradeManager.Extension\Prana.TradeManager.Extension.csproj", "{7CADBFE3-8E3E-4C3B-A6DD-F3764519E6C2}"
EndProject
Project("{FAE04EC0-301F-11D3-BF4B-00C04F79EFBC}") = "Prana.NavLockUI", "Application\Prana.Client\Prana.NavLockUI\Prana.NavLockUI.csproj", "{6D05550A-9F3D-444E-882E-B67B5B32CE8C}"
EndProject
Project("{FAE04EC0-301F-11D3-BF4B-00C04F79EFBC}") = "ExportGridsData", "ExportGridsData\ExportGridsData.csproj", "{C7D2FAEB-0FE4-4E42-8317-AC5249EE0E4E}"
EndProject
Project("{FAE04EC0-301F-11D3-BF4B-00C04F79EFBC}") = "ExportDataServiceBehaviour", "ExportDataServiceBehaviour\ExportDataServiceBehaviour.csproj", "{A22B6965-1FE4-4CA2-9CDE-A1046F0872A6}"
EndProject
Global
	GlobalSection(SolutionConfigurationPlatforms) = preSolution
		Debug|Any CPU = Debug|Any CPU
		Debug|x86 = Debug|x86
		Release|Any CPU = Release|Any CPU
		Release|x86 = Release|x86
	EndGlobalSection
	GlobalSection(ProjectConfigurationPlatforms) = postSolution
		{172F7D68-B0D1-4579-A252-BEB24EEDEC37}.Debug|Any CPU.ActiveCfg = Debug|Any CPU
		{172F7D68-B0D1-4579-A252-BEB24EEDEC37}.Debug|Any CPU.Build.0 = Debug|Any CPU
		{172F7D68-B0D1-4579-A252-BEB24EEDEC37}.Debug|x86.ActiveCfg = Debug|Any CPU
		{172F7D68-B0D1-4579-A252-BEB24EEDEC37}.Release|Any CPU.ActiveCfg = Release|Any CPU
		{172F7D68-B0D1-4579-A252-BEB24EEDEC37}.Release|Any CPU.Build.0 = Release|Any CPU
		{172F7D68-B0D1-4579-A252-BEB24EEDEC37}.Release|x86.ActiveCfg = Release|Any CPU
		{BC6595D1-C281-42BF-A560-C7F634AD332C}.Debug|Any CPU.ActiveCfg = Debug|Any CPU
		{BC6595D1-C281-42BF-A560-C7F634AD332C}.Debug|Any CPU.Build.0 = Debug|Any CPU
		{BC6595D1-C281-42BF-A560-C7F634AD332C}.Debug|x86.ActiveCfg = Debug|Any CPU
		{BC6595D1-C281-42BF-A560-C7F634AD332C}.Release|Any CPU.ActiveCfg = Release|Any CPU
		{BC6595D1-C281-42BF-A560-C7F634AD332C}.Release|Any CPU.Build.0 = Release|Any CPU
		{BC6595D1-C281-42BF-A560-C7F634AD332C}.Release|x86.ActiveCfg = Release|Any CPU
		{F015C504-985F-44AA-92EC-E6F8C8461F9C}.Debug|Any CPU.ActiveCfg = Debug|Any CPU
		{F015C504-985F-44AA-92EC-E6F8C8461F9C}.Debug|Any CPU.Build.0 = Debug|Any CPU
		{F015C504-985F-44AA-92EC-E6F8C8461F9C}.Debug|x86.ActiveCfg = Debug|Any CPU
		{F015C504-985F-44AA-92EC-E6F8C8461F9C}.Release|Any CPU.ActiveCfg = Release|Any CPU
		{F015C504-985F-44AA-92EC-E6F8C8461F9C}.Release|Any CPU.Build.0 = Release|Any CPU
		{F015C504-985F-44AA-92EC-E6F8C8461F9C}.Release|x86.ActiveCfg = Release|Any CPU
		{B209105C-CA12-4CDA-9CC5-3540D487BBB6}.Debug|Any CPU.ActiveCfg = Debug|Any CPU
		{B209105C-CA12-4CDA-9CC5-3540D487BBB6}.Debug|Any CPU.Build.0 = Debug|Any CPU
		{B209105C-CA12-4CDA-9CC5-3540D487BBB6}.Debug|x86.ActiveCfg = Debug|Any CPU
		{B209105C-CA12-4CDA-9CC5-3540D487BBB6}.Release|Any CPU.ActiveCfg = Release|Any CPU
		{B209105C-CA12-4CDA-9CC5-3540D487BBB6}.Release|Any CPU.Build.0 = Release|Any CPU
		{B209105C-CA12-4CDA-9CC5-3540D487BBB6}.Release|x86.ActiveCfg = Release|Any CPU
		{98BF7EEC-2A9A-4B4F-8809-E2AE23939F8A}.Debug|Any CPU.ActiveCfg = Debug|Any CPU
		{98BF7EEC-2A9A-4B4F-8809-E2AE23939F8A}.Debug|Any CPU.Build.0 = Debug|Any CPU
		{98BF7EEC-2A9A-4B4F-8809-E2AE23939F8A}.Debug|x86.ActiveCfg = Debug|Any CPU
		{98BF7EEC-2A9A-4B4F-8809-E2AE23939F8A}.Release|Any CPU.ActiveCfg = Release|Any CPU
		{98BF7EEC-2A9A-4B4F-8809-E2AE23939F8A}.Release|Any CPU.Build.0 = Release|Any CPU
		{98BF7EEC-2A9A-4B4F-8809-E2AE23939F8A}.Release|x86.ActiveCfg = Release|Any CPU
		{3F5CFA1B-EA85-4EFF-9FFB-0564B801DC10}.Debug|Any CPU.ActiveCfg = Debug|Any CPU
		{3F5CFA1B-EA85-4EFF-9FFB-0564B801DC10}.Debug|Any CPU.Build.0 = Debug|Any CPU
		{3F5CFA1B-EA85-4EFF-9FFB-0564B801DC10}.Debug|x86.ActiveCfg = Debug|Any CPU
		{3F5CFA1B-EA85-4EFF-9FFB-0564B801DC10}.Release|Any CPU.ActiveCfg = Release|Any CPU
		{3F5CFA1B-EA85-4EFF-9FFB-0564B801DC10}.Release|Any CPU.Build.0 = Release|Any CPU
		{3F5CFA1B-EA85-4EFF-9FFB-0564B801DC10}.Release|x86.ActiveCfg = Release|Any CPU
		{0BAB7DC4-552E-41C6-B216-AB831495E5D5}.Debug|Any CPU.ActiveCfg = Debug|Any CPU
		{0BAB7DC4-552E-41C6-B216-AB831495E5D5}.Debug|Any CPU.Build.0 = Debug|Any CPU
		{0BAB7DC4-552E-41C6-B216-AB831495E5D5}.Debug|x86.ActiveCfg = Debug|Any CPU
		{0BAB7DC4-552E-41C6-B216-AB831495E5D5}.Release|Any CPU.ActiveCfg = Release|Any CPU
		{0BAB7DC4-552E-41C6-B216-AB831495E5D5}.Release|Any CPU.Build.0 = Release|Any CPU
		{0BAB7DC4-552E-41C6-B216-AB831495E5D5}.Release|x86.ActiveCfg = Release|Any CPU
		{188CA486-DEC3-4BB2-B335-4BCAB1C0D76C}.Debug|Any CPU.ActiveCfg = Debug|Any CPU
		{188CA486-DEC3-4BB2-B335-4BCAB1C0D76C}.Debug|Any CPU.Build.0 = Debug|Any CPU
		{188CA486-DEC3-4BB2-B335-4BCAB1C0D76C}.Debug|x86.ActiveCfg = Debug|Any CPU
		{188CA486-DEC3-4BB2-B335-4BCAB1C0D76C}.Release|Any CPU.ActiveCfg = Release|Any CPU
		{188CA486-DEC3-4BB2-B335-4BCAB1C0D76C}.Release|Any CPU.Build.0 = Release|Any CPU
		{188CA486-DEC3-4BB2-B335-4BCAB1C0D76C}.Release|x86.ActiveCfg = Release|Any CPU
		{8F145D78-4EA1-487E-8BE7-0CBCB764D934}.Debug|Any CPU.ActiveCfg = Debug|Any CPU
		{8F145D78-4EA1-487E-8BE7-0CBCB764D934}.Debug|Any CPU.Build.0 = Debug|Any CPU
		{8F145D78-4EA1-487E-8BE7-0CBCB764D934}.Debug|x86.ActiveCfg = Debug|Any CPU
		{8F145D78-4EA1-487E-8BE7-0CBCB764D934}.Release|Any CPU.ActiveCfg = Release|Any CPU
		{8F145D78-4EA1-487E-8BE7-0CBCB764D934}.Release|Any CPU.Build.0 = Release|Any CPU
		{8F145D78-4EA1-487E-8BE7-0CBCB764D934}.Release|x86.ActiveCfg = Release|Any CPU
		{32885552-8F03-45FD-8806-CCC39090A1E5}.Debug|Any CPU.ActiveCfg = Debug|Any CPU
		{32885552-8F03-45FD-8806-CCC39090A1E5}.Debug|Any CPU.Build.0 = Debug|Any CPU
		{32885552-8F03-45FD-8806-CCC39090A1E5}.Debug|x86.ActiveCfg = Debug|Any CPU
		{32885552-8F03-45FD-8806-CCC39090A1E5}.Release|Any CPU.ActiveCfg = Release|Any CPU
		{32885552-8F03-45FD-8806-CCC39090A1E5}.Release|Any CPU.Build.0 = Release|Any CPU
		{32885552-8F03-45FD-8806-CCC39090A1E5}.Release|x86.ActiveCfg = Release|Any CPU
		{ABB4950F-DEF1-4095-8E93-1EB3292C69F5}.Debug|Any CPU.ActiveCfg = Debug|Any CPU
		{ABB4950F-DEF1-4095-8E93-1EB3292C69F5}.Debug|Any CPU.Build.0 = Debug|Any CPU
		{ABB4950F-DEF1-4095-8E93-1EB3292C69F5}.Debug|x86.ActiveCfg = Debug|Any CPU
		{ABB4950F-DEF1-4095-8E93-1EB3292C69F5}.Release|Any CPU.ActiveCfg = Release|Any CPU
		{ABB4950F-DEF1-4095-8E93-1EB3292C69F5}.Release|Any CPU.Build.0 = Release|Any CPU
		{ABB4950F-DEF1-4095-8E93-1EB3292C69F5}.Release|x86.ActiveCfg = Release|Any CPU
		{6D8871AA-7521-4CE6-9755-F4B99E8ED081}.Debug|Any CPU.ActiveCfg = Debug|Any CPU
		{6D8871AA-7521-4CE6-9755-F4B99E8ED081}.Debug|Any CPU.Build.0 = Debug|Any CPU
		{6D8871AA-7521-4CE6-9755-F4B99E8ED081}.Debug|x86.ActiveCfg = Debug|Any CPU
		{6D8871AA-7521-4CE6-9755-F4B99E8ED081}.Release|Any CPU.ActiveCfg = Release|Any CPU
		{6D8871AA-7521-4CE6-9755-F4B99E8ED081}.Release|Any CPU.Build.0 = Release|Any CPU
		{6D8871AA-7521-4CE6-9755-F4B99E8ED081}.Release|x86.ActiveCfg = Release|Any CPU
		{08AD82EF-9FC2-4225-8014-A030A9B1B356}.Debug|Any CPU.ActiveCfg = Debug|Any CPU
		{08AD82EF-9FC2-4225-8014-A030A9B1B356}.Debug|Any CPU.Build.0 = Debug|Any CPU
		{08AD82EF-9FC2-4225-8014-A030A9B1B356}.Debug|x86.ActiveCfg = Debug|Any CPU
		{08AD82EF-9FC2-4225-8014-A030A9B1B356}.Release|Any CPU.ActiveCfg = Release|Any CPU
		{08AD82EF-9FC2-4225-8014-A030A9B1B356}.Release|Any CPU.Build.0 = Release|Any CPU
		{08AD82EF-9FC2-4225-8014-A030A9B1B356}.Release|x86.ActiveCfg = Release|Any CPU
		{22605932-14D9-48CC-A46F-2E918DCC69BC}.Debug|Any CPU.ActiveCfg = Debug|Any CPU
		{22605932-14D9-48CC-A46F-2E918DCC69BC}.Debug|Any CPU.Build.0 = Debug|Any CPU
		{22605932-14D9-48CC-A46F-2E918DCC69BC}.Debug|x86.ActiveCfg = Debug|Any CPU
		{22605932-14D9-48CC-A46F-2E918DCC69BC}.Release|Any CPU.ActiveCfg = Release|Any CPU
		{22605932-14D9-48CC-A46F-2E918DCC69BC}.Release|Any CPU.Build.0 = Release|Any CPU
		{22605932-14D9-48CC-A46F-2E918DCC69BC}.Release|x86.ActiveCfg = Release|Any CPU
		{9BA6EE7D-BB97-40C4-A7CA-D4491E26CDD7}.Debug|Any CPU.ActiveCfg = Debug|Any CPU
		{9BA6EE7D-BB97-40C4-A7CA-D4491E26CDD7}.Debug|Any CPU.Build.0 = Debug|Any CPU
		{9BA6EE7D-BB97-40C4-A7CA-D4491E26CDD7}.Debug|x86.ActiveCfg = Debug|Any CPU
		{9BA6EE7D-BB97-40C4-A7CA-D4491E26CDD7}.Release|Any CPU.ActiveCfg = Release|Any CPU
		{9BA6EE7D-BB97-40C4-A7CA-D4491E26CDD7}.Release|Any CPU.Build.0 = Release|Any CPU
		{9BA6EE7D-BB97-40C4-A7CA-D4491E26CDD7}.Release|x86.ActiveCfg = Release|Any CPU
		{20319BEC-1798-4A21-9BC4-28481DC5BACE}.Debug|Any CPU.ActiveCfg = Debug|Any CPU
		{20319BEC-1798-4A21-9BC4-28481DC5BACE}.Debug|Any CPU.Build.0 = Debug|Any CPU
		{20319BEC-1798-4A21-9BC4-28481DC5BACE}.Debug|x86.ActiveCfg = Debug|Any CPU
		{20319BEC-1798-4A21-9BC4-28481DC5BACE}.Release|Any CPU.ActiveCfg = Release|Any CPU
		{20319BEC-1798-4A21-9BC4-28481DC5BACE}.Release|Any CPU.Build.0 = Release|Any CPU
		{20319BEC-1798-4A21-9BC4-28481DC5BACE}.Release|x86.ActiveCfg = Release|Any CPU
		{D3D605FA-45B0-41B6-ABC6-12CB49A81815}.Debug|Any CPU.ActiveCfg = Debug|Any CPU
		{D3D605FA-45B0-41B6-ABC6-12CB49A81815}.Debug|Any CPU.Build.0 = Debug|Any CPU
		{D3D605FA-45B0-41B6-ABC6-12CB49A81815}.Debug|x86.ActiveCfg = Debug|Any CPU
		{D3D605FA-45B0-41B6-ABC6-12CB49A81815}.Release|Any CPU.ActiveCfg = Release|Any CPU
		{D3D605FA-45B0-41B6-ABC6-12CB49A81815}.Release|Any CPU.Build.0 = Release|Any CPU
		{D3D605FA-45B0-41B6-ABC6-12CB49A81815}.Release|x86.ActiveCfg = Release|Any CPU
		{8C38BB01-A351-4E6E-89FC-A169BFE25EFB}.Debug|Any CPU.ActiveCfg = Debug|Any CPU
		{8C38BB01-A351-4E6E-89FC-A169BFE25EFB}.Debug|Any CPU.Build.0 = Debug|Any CPU
		{8C38BB01-A351-4E6E-89FC-A169BFE25EFB}.Debug|x86.ActiveCfg = Debug|Any CPU
		{8C38BB01-A351-4E6E-89FC-A169BFE25EFB}.Release|Any CPU.ActiveCfg = Release|Any CPU
		{8C38BB01-A351-4E6E-89FC-A169BFE25EFB}.Release|Any CPU.Build.0 = Release|Any CPU
		{8C38BB01-A351-4E6E-89FC-A169BFE25EFB}.Release|x86.ActiveCfg = Release|Any CPU
		{CA3F44AC-2814-4E5E-84B7-DCAF8F42A026}.Debug|Any CPU.ActiveCfg = Debug|Any CPU
		{CA3F44AC-2814-4E5E-84B7-DCAF8F42A026}.Debug|Any CPU.Build.0 = Debug|Any CPU
		{CA3F44AC-2814-4E5E-84B7-DCAF8F42A026}.Debug|x86.ActiveCfg = Debug|Any CPU
		{CA3F44AC-2814-4E5E-84B7-DCAF8F42A026}.Release|Any CPU.ActiveCfg = Release|Any CPU
		{CA3F44AC-2814-4E5E-84B7-DCAF8F42A026}.Release|Any CPU.Build.0 = Release|Any CPU
		{CA3F44AC-2814-4E5E-84B7-DCAF8F42A026}.Release|x86.ActiveCfg = Release|Any CPU
		{4EFE8391-0C06-425F-83C7-78E7FEF8717F}.Debug|Any CPU.ActiveCfg = Debug|Any CPU
		{4EFE8391-0C06-425F-83C7-78E7FEF8717F}.Debug|Any CPU.Build.0 = Debug|Any CPU
		{4EFE8391-0C06-425F-83C7-78E7FEF8717F}.Debug|x86.ActiveCfg = Debug|Any CPU
		{4EFE8391-0C06-425F-83C7-78E7FEF8717F}.Release|Any CPU.ActiveCfg = Release|Any CPU
		{4EFE8391-0C06-425F-83C7-78E7FEF8717F}.Release|Any CPU.Build.0 = Release|Any CPU
		{4EFE8391-0C06-425F-83C7-78E7FEF8717F}.Release|x86.ActiveCfg = Release|Any CPU
		{A28AE507-104B-45C5-BCB1-CE51394E3620}.Debug|Any CPU.ActiveCfg = Debug|Any CPU
		{A28AE507-104B-45C5-BCB1-CE51394E3620}.Debug|Any CPU.Build.0 = Debug|Any CPU
		{A28AE507-104B-45C5-BCB1-CE51394E3620}.Debug|x86.ActiveCfg = Debug|Any CPU
		{A28AE507-104B-45C5-BCB1-CE51394E3620}.Release|Any CPU.ActiveCfg = Release|Any CPU
		{A28AE507-104B-45C5-BCB1-CE51394E3620}.Release|Any CPU.Build.0 = Release|Any CPU
		{A28AE507-104B-45C5-BCB1-CE51394E3620}.Release|x86.ActiveCfg = Release|Any CPU
		{F3EB40AF-D2B7-44C9-A7ED-FD54F4D95A3D}.Debug|Any CPU.ActiveCfg = Debug|Any CPU
		{F3EB40AF-D2B7-44C9-A7ED-FD54F4D95A3D}.Debug|Any CPU.Build.0 = Debug|Any CPU
		{F3EB40AF-D2B7-44C9-A7ED-FD54F4D95A3D}.Debug|x86.ActiveCfg = Debug|Any CPU
		{F3EB40AF-D2B7-44C9-A7ED-FD54F4D95A3D}.Release|Any CPU.ActiveCfg = Release|Any CPU
		{F3EB40AF-D2B7-44C9-A7ED-FD54F4D95A3D}.Release|Any CPU.Build.0 = Release|Any CPU
		{F3EB40AF-D2B7-44C9-A7ED-FD54F4D95A3D}.Release|x86.ActiveCfg = Release|Any CPU
		{704A1960-D9CC-4702-9FFB-D82C6E872047}.Debug|Any CPU.ActiveCfg = Debug|Any CPU
		{704A1960-D9CC-4702-9FFB-D82C6E872047}.Debug|Any CPU.Build.0 = Debug|Any CPU
		{704A1960-D9CC-4702-9FFB-D82C6E872047}.Debug|x86.ActiveCfg = Debug|Any CPU
		{704A1960-D9CC-4702-9FFB-D82C6E872047}.Release|Any CPU.ActiveCfg = Release|Any CPU
		{704A1960-D9CC-4702-9FFB-D82C6E872047}.Release|Any CPU.Build.0 = Release|Any CPU
		{704A1960-D9CC-4702-9FFB-D82C6E872047}.Release|x86.ActiveCfg = Release|Any CPU
		{2D361045-9144-4BA7-93A5-653A98A0F8CC}.Debug|Any CPU.ActiveCfg = Debug|Any CPU
		{2D361045-9144-4BA7-93A5-653A98A0F8CC}.Debug|Any CPU.Build.0 = Debug|Any CPU
		{2D361045-9144-4BA7-93A5-653A98A0F8CC}.Debug|x86.ActiveCfg = Debug|Any CPU
		{2D361045-9144-4BA7-93A5-653A98A0F8CC}.Release|Any CPU.ActiveCfg = Release|Any CPU
		{2D361045-9144-4BA7-93A5-653A98A0F8CC}.Release|Any CPU.Build.0 = Release|Any CPU
		{2D361045-9144-4BA7-93A5-653A98A0F8CC}.Release|x86.ActiveCfg = Release|Any CPU
		{F6494C0C-1A4A-41C0-AC7E-6446FF958CDC}.Debug|Any CPU.ActiveCfg = Debug|Any CPU
		{F6494C0C-1A4A-41C0-AC7E-6446FF958CDC}.Debug|Any CPU.Build.0 = Debug|Any CPU
		{F6494C0C-1A4A-41C0-AC7E-6446FF958CDC}.Debug|x86.ActiveCfg = Debug|Any CPU
		{F6494C0C-1A4A-41C0-AC7E-6446FF958CDC}.Release|Any CPU.ActiveCfg = Release|Any CPU
		{F6494C0C-1A4A-41C0-AC7E-6446FF958CDC}.Release|Any CPU.Build.0 = Release|Any CPU
		{F6494C0C-1A4A-41C0-AC7E-6446FF958CDC}.Release|x86.ActiveCfg = Release|Any CPU
		{15335EEB-7358-4FAA-A8ED-987F79A8BC6F}.Debug|Any CPU.ActiveCfg = Debug|Any CPU
		{15335EEB-7358-4FAA-A8ED-987F79A8BC6F}.Debug|Any CPU.Build.0 = Debug|Any CPU
		{15335EEB-7358-4FAA-A8ED-987F79A8BC6F}.Debug|x86.ActiveCfg = Debug|Any CPU
		{15335EEB-7358-4FAA-A8ED-987F79A8BC6F}.Release|Any CPU.ActiveCfg = Release|Any CPU
		{15335EEB-7358-4FAA-A8ED-987F79A8BC6F}.Release|Any CPU.Build.0 = Release|Any CPU
		{15335EEB-7358-4FAA-A8ED-987F79A8BC6F}.Release|x86.ActiveCfg = Release|Any CPU
		{C01B0151-9FA1-41C3-A33B-4A32F264D036}.Debug|Any CPU.ActiveCfg = Debug|Any CPU
		{C01B0151-9FA1-41C3-A33B-4A32F264D036}.Debug|Any CPU.Build.0 = Debug|Any CPU
		{C01B0151-9FA1-41C3-A33B-4A32F264D036}.Debug|x86.ActiveCfg = Debug|Any CPU
		{C01B0151-9FA1-41C3-A33B-4A32F264D036}.Release|Any CPU.ActiveCfg = Release|Any CPU
		{C01B0151-9FA1-41C3-A33B-4A32F264D036}.Release|Any CPU.Build.0 = Release|Any CPU
		{C01B0151-9FA1-41C3-A33B-4A32F264D036}.Release|x86.ActiveCfg = Release|Any CPU
		{CDC7EF78-A00D-4B5A-A500-DB31E2B45F48}.Debug|Any CPU.ActiveCfg = Debug|Any CPU
		{CDC7EF78-A00D-4B5A-A500-DB31E2B45F48}.Debug|Any CPU.Build.0 = Debug|Any CPU
		{CDC7EF78-A00D-4B5A-A500-DB31E2B45F48}.Debug|x86.ActiveCfg = Debug|Any CPU
		{CDC7EF78-A00D-4B5A-A500-DB31E2B45F48}.Release|Any CPU.ActiveCfg = Release|Any CPU
		{CDC7EF78-A00D-4B5A-A500-DB31E2B45F48}.Release|Any CPU.Build.0 = Release|Any CPU
		{CDC7EF78-A00D-4B5A-A500-DB31E2B45F48}.Release|x86.ActiveCfg = Release|Any CPU
		{132F431F-652A-49C0-81AC-1DB921BE02A8}.Debug|Any CPU.ActiveCfg = Debug|Any CPU
		{132F431F-652A-49C0-81AC-1DB921BE02A8}.Debug|Any CPU.Build.0 = Debug|Any CPU
		{132F431F-652A-49C0-81AC-1DB921BE02A8}.Debug|x86.ActiveCfg = Debug|Any CPU
		{132F431F-652A-49C0-81AC-1DB921BE02A8}.Release|Any CPU.ActiveCfg = Release|Any CPU
		{132F431F-652A-49C0-81AC-1DB921BE02A8}.Release|Any CPU.Build.0 = Release|Any CPU
		{132F431F-652A-49C0-81AC-1DB921BE02A8}.Release|x86.ActiveCfg = Release|Any CPU
		{7E180C04-2F09-49E7-A483-3F141C3547FE}.Debug|Any CPU.ActiveCfg = Debug|Any CPU
		{7E180C04-2F09-49E7-A483-3F141C3547FE}.Debug|Any CPU.Build.0 = Debug|Any CPU
		{7E180C04-2F09-49E7-A483-3F141C3547FE}.Debug|x86.ActiveCfg = Debug|Any CPU
		{7E180C04-2F09-49E7-A483-3F141C3547FE}.Release|Any CPU.ActiveCfg = Release|Any CPU
		{7E180C04-2F09-49E7-A483-3F141C3547FE}.Release|Any CPU.Build.0 = Release|Any CPU
		{7E180C04-2F09-49E7-A483-3F141C3547FE}.Release|x86.ActiveCfg = Release|Any CPU
		{D1291ECA-FF3C-4B6C-81DF-2DE12E81C0CD}.Debug|Any CPU.ActiveCfg = Debug|Any CPU
		{D1291ECA-FF3C-4B6C-81DF-2DE12E81C0CD}.Debug|Any CPU.Build.0 = Debug|Any CPU
		{D1291ECA-FF3C-4B6C-81DF-2DE12E81C0CD}.Debug|x86.ActiveCfg = Debug|Any CPU
		{D1291ECA-FF3C-4B6C-81DF-2DE12E81C0CD}.Release|Any CPU.ActiveCfg = Release|Any CPU
		{D1291ECA-FF3C-4B6C-81DF-2DE12E81C0CD}.Release|Any CPU.Build.0 = Release|Any CPU
		{D1291ECA-FF3C-4B6C-81DF-2DE12E81C0CD}.Release|x86.ActiveCfg = Release|Any CPU
		{E6B4A775-5F7E-4129-928F-3B5F48023D3E}.Debug|Any CPU.ActiveCfg = Debug|Any CPU
		{E6B4A775-5F7E-4129-928F-3B5F48023D3E}.Debug|Any CPU.Build.0 = Debug|Any CPU
		{E6B4A775-5F7E-4129-928F-3B5F48023D3E}.Debug|x86.ActiveCfg = Debug|Any CPU
		{E6B4A775-5F7E-4129-928F-3B5F48023D3E}.Release|Any CPU.ActiveCfg = Release|Any CPU
		{E6B4A775-5F7E-4129-928F-3B5F48023D3E}.Release|Any CPU.Build.0 = Release|Any CPU
		{E6B4A775-5F7E-4129-928F-3B5F48023D3E}.Release|x86.ActiveCfg = Release|Any CPU
		{E22FB7D4-13D8-4354-BE73-B2671360AB04}.Debug|Any CPU.ActiveCfg = Debug|Any CPU
		{E22FB7D4-13D8-4354-BE73-B2671360AB04}.Debug|Any CPU.Build.0 = Debug|Any CPU
		{E22FB7D4-13D8-4354-BE73-B2671360AB04}.Debug|x86.ActiveCfg = Debug|Any CPU
		{E22FB7D4-13D8-4354-BE73-B2671360AB04}.Release|Any CPU.ActiveCfg = Release|Any CPU
		{E22FB7D4-13D8-4354-BE73-B2671360AB04}.Release|Any CPU.Build.0 = Release|Any CPU
		{E22FB7D4-13D8-4354-BE73-B2671360AB04}.Release|x86.ActiveCfg = Release|Any CPU
		{60D8C317-AE83-4739-B63B-27DCF9323B66}.Debug|Any CPU.ActiveCfg = Debug|Any CPU
		{60D8C317-AE83-4739-B63B-27DCF9323B66}.Debug|Any CPU.Build.0 = Debug|Any CPU
		{60D8C317-AE83-4739-B63B-27DCF9323B66}.Debug|x86.ActiveCfg = Debug|Any CPU
		{60D8C317-AE83-4739-B63B-27DCF9323B66}.Release|Any CPU.ActiveCfg = Release|Any CPU
		{60D8C317-AE83-4739-B63B-27DCF9323B66}.Release|Any CPU.Build.0 = Release|Any CPU
		{60D8C317-AE83-4739-B63B-27DCF9323B66}.Release|x86.ActiveCfg = Release|Any CPU
		{F221A266-01C2-4ECA-ADED-0717573BCC2E}.Debug|Any CPU.ActiveCfg = Debug|Any CPU
		{F221A266-01C2-4ECA-ADED-0717573BCC2E}.Debug|Any CPU.Build.0 = Debug|Any CPU
		{F221A266-01C2-4ECA-ADED-0717573BCC2E}.Debug|x86.ActiveCfg = Debug|Any CPU
		{F221A266-01C2-4ECA-ADED-0717573BCC2E}.Release|Any CPU.ActiveCfg = Release|Any CPU
		{F221A266-01C2-4ECA-ADED-0717573BCC2E}.Release|Any CPU.Build.0 = Release|Any CPU
		{F221A266-01C2-4ECA-ADED-0717573BCC2E}.Release|x86.ActiveCfg = Release|Any CPU
		{DB822308-7562-4404-8D85-E1DE6F5A317D}.Debug|Any CPU.ActiveCfg = Debug|Any CPU
		{DB822308-7562-4404-8D85-E1DE6F5A317D}.Debug|Any CPU.Build.0 = Debug|Any CPU
		{DB822308-7562-4404-8D85-E1DE6F5A317D}.Debug|x86.ActiveCfg = Debug|Any CPU
		{DB822308-7562-4404-8D85-E1DE6F5A317D}.Release|Any CPU.ActiveCfg = Release|Any CPU
		{DB822308-7562-4404-8D85-E1DE6F5A317D}.Release|Any CPU.Build.0 = Release|Any CPU
		{DB822308-7562-4404-8D85-E1DE6F5A317D}.Release|x86.ActiveCfg = Release|Any CPU
		{07FBDC4F-2B59-4C74-8739-72E6A010802D}.Debug|Any CPU.ActiveCfg = Debug|Any CPU
		{07FBDC4F-2B59-4C74-8739-72E6A010802D}.Debug|Any CPU.Build.0 = Debug|Any CPU
		{07FBDC4F-2B59-4C74-8739-72E6A010802D}.Debug|x86.ActiveCfg = Debug|Any CPU
		{07FBDC4F-2B59-4C74-8739-72E6A010802D}.Release|Any CPU.ActiveCfg = Release|Any CPU
		{07FBDC4F-2B59-4C74-8739-72E6A010802D}.Release|Any CPU.Build.0 = Release|Any CPU
		{07FBDC4F-2B59-4C74-8739-72E6A010802D}.Release|x86.ActiveCfg = Release|Any CPU
		{618EA226-74BF-46BE-8345-65BED17E26BB}.Debug|Any CPU.ActiveCfg = Debug|Any CPU
		{618EA226-74BF-46BE-8345-65BED17E26BB}.Debug|Any CPU.Build.0 = Debug|Any CPU
		{618EA226-74BF-46BE-8345-65BED17E26BB}.Debug|x86.ActiveCfg = Debug|Any CPU
		{618EA226-74BF-46BE-8345-65BED17E26BB}.Release|Any CPU.ActiveCfg = Release|Any CPU
		{618EA226-74BF-46BE-8345-65BED17E26BB}.Release|Any CPU.Build.0 = Release|Any CPU
		{618EA226-74BF-46BE-8345-65BED17E26BB}.Release|x86.ActiveCfg = Release|Any CPU
		{77EDD942-555B-4D21-B68B-AFD0FBAB36B3}.Debug|Any CPU.ActiveCfg = Debug|Any CPU
		{77EDD942-555B-4D21-B68B-AFD0FBAB36B3}.Debug|Any CPU.Build.0 = Debug|Any CPU
		{77EDD942-555B-4D21-B68B-AFD0FBAB36B3}.Debug|x86.ActiveCfg = Debug|Any CPU
		{77EDD942-555B-4D21-B68B-AFD0FBAB36B3}.Release|Any CPU.ActiveCfg = Release|Any CPU
		{77EDD942-555B-4D21-B68B-AFD0FBAB36B3}.Release|Any CPU.Build.0 = Release|Any CPU
		{77EDD942-555B-4D21-B68B-AFD0FBAB36B3}.Release|x86.ActiveCfg = Release|Any CPU
		{F8EE7E38-74ED-4F8D-8095-B19EF19CD479}.Debug|Any CPU.ActiveCfg = Debug|Any CPU
		{F8EE7E38-74ED-4F8D-8095-B19EF19CD479}.Debug|Any CPU.Build.0 = Debug|Any CPU
		{F8EE7E38-74ED-4F8D-8095-B19EF19CD479}.Debug|x86.ActiveCfg = Debug|Any CPU
		{F8EE7E38-74ED-4F8D-8095-B19EF19CD479}.Release|Any CPU.ActiveCfg = Release|Any CPU
		{F8EE7E38-74ED-4F8D-8095-B19EF19CD479}.Release|Any CPU.Build.0 = Release|Any CPU
		{F8EE7E38-74ED-4F8D-8095-B19EF19CD479}.Release|x86.ActiveCfg = Release|Any CPU
		{FFBFBCF7-7CE3-4090-A744-A3309F87B283}.Debug|Any CPU.ActiveCfg = Debug|Any CPU
		{FFBFBCF7-7CE3-4090-A744-A3309F87B283}.Debug|Any CPU.Build.0 = Debug|Any CPU
		{FFBFBCF7-7CE3-4090-A744-A3309F87B283}.Debug|x86.ActiveCfg = Debug|Any CPU
		{FFBFBCF7-7CE3-4090-A744-A3309F87B283}.Release|Any CPU.ActiveCfg = Release|Any CPU
		{FFBFBCF7-7CE3-4090-A744-A3309F87B283}.Release|Any CPU.Build.0 = Release|Any CPU
		{FFBFBCF7-7CE3-4090-A744-A3309F87B283}.Release|x86.ActiveCfg = Release|Any CPU
		{64BF192C-6525-4901-B648-985DEE4B875F}.Debug|Any CPU.ActiveCfg = Debug|Any CPU
		{64BF192C-6525-4901-B648-985DEE4B875F}.Debug|Any CPU.Build.0 = Debug|Any CPU
		{64BF192C-6525-4901-B648-985DEE4B875F}.Debug|x86.ActiveCfg = Debug|Any CPU
		{64BF192C-6525-4901-B648-985DEE4B875F}.Release|Any CPU.ActiveCfg = Release|Any CPU
		{64BF192C-6525-4901-B648-985DEE4B875F}.Release|Any CPU.Build.0 = Release|Any CPU
		{64BF192C-6525-4901-B648-985DEE4B875F}.Release|x86.ActiveCfg = Release|Any CPU
		{E185F480-B1EA-4AD6-8A69-4F8CD6708D0D}.Debug|Any CPU.ActiveCfg = Debug|Any CPU
		{E185F480-B1EA-4AD6-8A69-4F8CD6708D0D}.Debug|Any CPU.Build.0 = Debug|Any CPU
		{E185F480-B1EA-4AD6-8A69-4F8CD6708D0D}.Debug|x86.ActiveCfg = Debug|Any CPU
		{E185F480-B1EA-4AD6-8A69-4F8CD6708D0D}.Release|Any CPU.ActiveCfg = Release|Any CPU
		{E185F480-B1EA-4AD6-8A69-4F8CD6708D0D}.Release|Any CPU.Build.0 = Release|Any CPU
		{E185F480-B1EA-4AD6-8A69-4F8CD6708D0D}.Release|x86.ActiveCfg = Release|Any CPU
		{6205A21C-5CBE-4C10-965C-383F26246DAD}.Debug|Any CPU.ActiveCfg = Debug|Any CPU
		{6205A21C-5CBE-4C10-965C-383F26246DAD}.Debug|Any CPU.Build.0 = Debug|Any CPU
		{6205A21C-5CBE-4C10-965C-383F26246DAD}.Debug|x86.ActiveCfg = Debug|Any CPU
		{6205A21C-5CBE-4C10-965C-383F26246DAD}.Release|Any CPU.ActiveCfg = Release|Any CPU
		{6205A21C-5CBE-4C10-965C-383F26246DAD}.Release|Any CPU.Build.0 = Release|Any CPU
		{6205A21C-5CBE-4C10-965C-383F26246DAD}.Release|x86.ActiveCfg = Release|Any CPU
		{8386B4A1-A60B-42E6-ADC1-007DC95AA438}.Debug|Any CPU.ActiveCfg = Debug|Any CPU
		{8386B4A1-A60B-42E6-ADC1-007DC95AA438}.Debug|Any CPU.Build.0 = Debug|Any CPU
		{8386B4A1-A60B-42E6-ADC1-007DC95AA438}.Debug|x86.ActiveCfg = Debug|Any CPU
		{8386B4A1-A60B-42E6-ADC1-007DC95AA438}.Release|Any CPU.ActiveCfg = Release|Any CPU
		{8386B4A1-A60B-42E6-ADC1-007DC95AA438}.Release|Any CPU.Build.0 = Release|Any CPU
		{8386B4A1-A60B-42E6-ADC1-007DC95AA438}.Release|x86.ActiveCfg = Release|Any CPU
		{BC0C239D-7F00-43B4-B94F-A2BD0A484F10}.Debug|Any CPU.ActiveCfg = Debug|Any CPU
		{BC0C239D-7F00-43B4-B94F-A2BD0A484F10}.Debug|Any CPU.Build.0 = Debug|Any CPU
		{BC0C239D-7F00-43B4-B94F-A2BD0A484F10}.Debug|x86.ActiveCfg = Debug|Any CPU
		{BC0C239D-7F00-43B4-B94F-A2BD0A484F10}.Release|Any CPU.ActiveCfg = Release|Any CPU
		{BC0C239D-7F00-43B4-B94F-A2BD0A484F10}.Release|Any CPU.Build.0 = Release|Any CPU
		{BC0C239D-7F00-43B4-B94F-A2BD0A484F10}.Release|x86.ActiveCfg = Release|Any CPU
		{1C384909-59F6-43A5-814C-8532D58A5267}.Debug|Any CPU.ActiveCfg = Debug|Any CPU
		{1C384909-59F6-43A5-814C-8532D58A5267}.Debug|Any CPU.Build.0 = Debug|Any CPU
		{1C384909-59F6-43A5-814C-8532D58A5267}.Debug|x86.ActiveCfg = Debug|Any CPU
		{1C384909-59F6-43A5-814C-8532D58A5267}.Release|Any CPU.ActiveCfg = Release|Any CPU
		{1C384909-59F6-43A5-814C-8532D58A5267}.Release|Any CPU.Build.0 = Release|Any CPU
		{1C384909-59F6-43A5-814C-8532D58A5267}.Release|x86.ActiveCfg = Release|Any CPU
		{10DD56D7-73F5-4213-9F65-74ABCCA49938}.Debug|Any CPU.ActiveCfg = Debug|Any CPU
		{10DD56D7-73F5-4213-9F65-74ABCCA49938}.Debug|Any CPU.Build.0 = Debug|Any CPU
		{10DD56D7-73F5-4213-9F65-74ABCCA49938}.Debug|x86.ActiveCfg = Debug|Any CPU
		{10DD56D7-73F5-4213-9F65-74ABCCA49938}.Release|Any CPU.ActiveCfg = Release|Any CPU
		{10DD56D7-73F5-4213-9F65-74ABCCA49938}.Release|Any CPU.Build.0 = Release|Any CPU
		{10DD56D7-73F5-4213-9F65-74ABCCA49938}.Release|x86.ActiveCfg = Release|Any CPU
		{4C0CBECD-F6FC-4B55-94E2-2ED811C2DB85}.Debug|Any CPU.ActiveCfg = Debug|Any CPU
		{4C0CBECD-F6FC-4B55-94E2-2ED811C2DB85}.Debug|Any CPU.Build.0 = Debug|Any CPU
		{4C0CBECD-F6FC-4B55-94E2-2ED811C2DB85}.Debug|x86.ActiveCfg = Debug|Any CPU
		{4C0CBECD-F6FC-4B55-94E2-2ED811C2DB85}.Release|Any CPU.ActiveCfg = Release|Any CPU
		{4C0CBECD-F6FC-4B55-94E2-2ED811C2DB85}.Release|Any CPU.Build.0 = Release|Any CPU
		{4C0CBECD-F6FC-4B55-94E2-2ED811C2DB85}.Release|x86.ActiveCfg = Release|Any CPU
		{A7618CC8-DF0E-4D12-AB7B-EE3269DC854D}.Debug|Any CPU.ActiveCfg = Debug|Any CPU
		{A7618CC8-DF0E-4D12-AB7B-EE3269DC854D}.Debug|Any CPU.Build.0 = Debug|Any CPU
		{A7618CC8-DF0E-4D12-AB7B-EE3269DC854D}.Debug|x86.ActiveCfg = Debug|Any CPU
		{A7618CC8-DF0E-4D12-AB7B-EE3269DC854D}.Release|Any CPU.ActiveCfg = Release|Any CPU
		{A7618CC8-DF0E-4D12-AB7B-EE3269DC854D}.Release|Any CPU.Build.0 = Release|Any CPU
		{A7618CC8-DF0E-4D12-AB7B-EE3269DC854D}.Release|x86.ActiveCfg = Release|Any CPU
		{A6B366D0-2376-48CE-A7C7-DBFFFCCEA694}.Debug|Any CPU.ActiveCfg = Debug|Any CPU
		{A6B366D0-2376-48CE-A7C7-DBFFFCCEA694}.Debug|Any CPU.Build.0 = Debug|Any CPU
		{A6B366D0-2376-48CE-A7C7-DBFFFCCEA694}.Debug|x86.ActiveCfg = Debug|Any CPU
		{A6B366D0-2376-48CE-A7C7-DBFFFCCEA694}.Release|Any CPU.ActiveCfg = Release|Any CPU
		{A6B366D0-2376-48CE-A7C7-DBFFFCCEA694}.Release|Any CPU.Build.0 = Release|Any CPU
		{A6B366D0-2376-48CE-A7C7-DBFFFCCEA694}.Release|x86.ActiveCfg = Release|Any CPU
		{CCE11E0D-2CF9-4EA1-9CCC-B86747687129}.Debug|Any CPU.ActiveCfg = Debug|Any CPU
		{CCE11E0D-2CF9-4EA1-9CCC-B86747687129}.Debug|Any CPU.Build.0 = Debug|Any CPU
		{CCE11E0D-2CF9-4EA1-9CCC-B86747687129}.Debug|x86.ActiveCfg = Debug|Any CPU
		{CCE11E0D-2CF9-4EA1-9CCC-B86747687129}.Release|Any CPU.ActiveCfg = Release|Any CPU
		{CCE11E0D-2CF9-4EA1-9CCC-B86747687129}.Release|Any CPU.Build.0 = Release|Any CPU
		{CCE11E0D-2CF9-4EA1-9CCC-B86747687129}.Release|x86.ActiveCfg = Release|Any CPU
		{64697A00-2561-4167-B31B-7E0596E34BA1}.Debug|Any CPU.ActiveCfg = Debug|Any CPU
		{64697A00-2561-4167-B31B-7E0596E34BA1}.Debug|Any CPU.Build.0 = Debug|Any CPU
		{64697A00-2561-4167-B31B-7E0596E34BA1}.Debug|x86.ActiveCfg = Debug|Any CPU
		{64697A00-2561-4167-B31B-7E0596E34BA1}.Release|Any CPU.ActiveCfg = Release|Any CPU
		{64697A00-2561-4167-B31B-7E0596E34BA1}.Release|Any CPU.Build.0 = Release|Any CPU
		{64697A00-2561-4167-B31B-7E0596E34BA1}.Release|x86.ActiveCfg = Release|Any CPU
		{4E18AA07-C6F6-47A6-A7C2-F4363281F978}.Debug|Any CPU.ActiveCfg = Debug|Any CPU
		{4E18AA07-C6F6-47A6-A7C2-F4363281F978}.Debug|Any CPU.Build.0 = Debug|Any CPU
		{4E18AA07-C6F6-47A6-A7C2-F4363281F978}.Debug|x86.ActiveCfg = Debug|Any CPU
		{4E18AA07-C6F6-47A6-A7C2-F4363281F978}.Release|Any CPU.ActiveCfg = Release|Any CPU
		{4E18AA07-C6F6-47A6-A7C2-F4363281F978}.Release|Any CPU.Build.0 = Release|Any CPU
		{4E18AA07-C6F6-47A6-A7C2-F4363281F978}.Release|x86.ActiveCfg = Release|Any CPU
		{5FB30912-0851-40EE-A312-9FB67D33AF3F}.Debug|Any CPU.ActiveCfg = Debug|Any CPU
		{5FB30912-0851-40EE-A312-9FB67D33AF3F}.Debug|Any CPU.Build.0 = Debug|Any CPU
		{5FB30912-0851-40EE-A312-9FB67D33AF3F}.Debug|x86.ActiveCfg = Debug|Any CPU
		{5FB30912-0851-40EE-A312-9FB67D33AF3F}.Release|Any CPU.ActiveCfg = Release|Any CPU
		{5FB30912-0851-40EE-A312-9FB67D33AF3F}.Release|Any CPU.Build.0 = Release|Any CPU
		{5FB30912-0851-40EE-A312-9FB67D33AF3F}.Release|x86.ActiveCfg = Release|Any CPU
		{4A035762-7313-4316-B3D3-D4CA11E303F5}.Debug|Any CPU.ActiveCfg = Debug|Any CPU
		{4A035762-7313-4316-B3D3-D4CA11E303F5}.Debug|Any CPU.Build.0 = Debug|Any CPU
		{4A035762-7313-4316-B3D3-D4CA11E303F5}.Debug|x86.ActiveCfg = Debug|Any CPU
		{4A035762-7313-4316-B3D3-D4CA11E303F5}.Release|Any CPU.ActiveCfg = Release|Any CPU
		{4A035762-7313-4316-B3D3-D4CA11E303F5}.Release|Any CPU.Build.0 = Release|Any CPU
		{4A035762-7313-4316-B3D3-D4CA11E303F5}.Release|x86.ActiveCfg = Release|Any CPU
		{0F1B569F-3A60-4D7B-BDE3-2803C218BAAC}.Debug|Any CPU.ActiveCfg = Debug|Any CPU
		{0F1B569F-3A60-4D7B-BDE3-2803C218BAAC}.Debug|Any CPU.Build.0 = Debug|Any CPU
		{0F1B569F-3A60-4D7B-BDE3-2803C218BAAC}.Debug|x86.ActiveCfg = Debug|Any CPU
		{0F1B569F-3A60-4D7B-BDE3-2803C218BAAC}.Release|Any CPU.ActiveCfg = Release|Any CPU
		{0F1B569F-3A60-4D7B-BDE3-2803C218BAAC}.Release|Any CPU.Build.0 = Release|Any CPU
		{0F1B569F-3A60-4D7B-BDE3-2803C218BAAC}.Release|x86.ActiveCfg = Release|Any CPU
		{8237C28A-EE49-4A68-A89A-1F1F6A939FC4}.Debug|Any CPU.ActiveCfg = Debug|Any CPU
		{8237C28A-EE49-4A68-A89A-1F1F6A939FC4}.Debug|Any CPU.Build.0 = Debug|Any CPU
		{8237C28A-EE49-4A68-A89A-1F1F6A939FC4}.Debug|x86.ActiveCfg = Debug|Any CPU
		{8237C28A-EE49-4A68-A89A-1F1F6A939FC4}.Release|Any CPU.ActiveCfg = Release|Any CPU
		{8237C28A-EE49-4A68-A89A-1F1F6A939FC4}.Release|Any CPU.Build.0 = Release|Any CPU
		{8237C28A-EE49-4A68-A89A-1F1F6A939FC4}.Release|x86.ActiveCfg = Release|Any CPU
		{0C0E7E36-5ABB-4D29-B872-272DB9B72399}.Debug|Any CPU.ActiveCfg = Debug|Any CPU
		{0C0E7E36-5ABB-4D29-B872-272DB9B72399}.Debug|Any CPU.Build.0 = Debug|Any CPU
		{0C0E7E36-5ABB-4D29-B872-272DB9B72399}.Debug|x86.ActiveCfg = Debug|Any CPU
		{0C0E7E36-5ABB-4D29-B872-272DB9B72399}.Release|Any CPU.ActiveCfg = Release|Any CPU
		{0C0E7E36-5ABB-4D29-B872-272DB9B72399}.Release|Any CPU.Build.0 = Release|Any CPU
		{0C0E7E36-5ABB-4D29-B872-272DB9B72399}.Release|x86.ActiveCfg = Release|Any CPU
		{51EC1DC4-28DE-466E-A90A-223CF59D0235}.Debug|Any CPU.ActiveCfg = Debug|Any CPU
		{51EC1DC4-28DE-466E-A90A-223CF59D0235}.Debug|Any CPU.Build.0 = Debug|Any CPU
		{51EC1DC4-28DE-466E-A90A-223CF59D0235}.Debug|x86.ActiveCfg = Debug|Any CPU
		{51EC1DC4-28DE-466E-A90A-223CF59D0235}.Release|Any CPU.ActiveCfg = Release|Any CPU
		{51EC1DC4-28DE-466E-A90A-223CF59D0235}.Release|Any CPU.Build.0 = Release|Any CPU
		{51EC1DC4-28DE-466E-A90A-223CF59D0235}.Release|x86.ActiveCfg = Release|Any CPU
		{81DD4C94-38CB-4836-A864-B9BF38EF5AF0}.Debug|Any CPU.ActiveCfg = Debug|Any CPU
		{81DD4C94-38CB-4836-A864-B9BF38EF5AF0}.Debug|Any CPU.Build.0 = Debug|Any CPU
		{81DD4C94-38CB-4836-A864-B9BF38EF5AF0}.Debug|x86.ActiveCfg = Debug|Any CPU
		{81DD4C94-38CB-4836-A864-B9BF38EF5AF0}.Release|Any CPU.ActiveCfg = Release|Any CPU
		{81DD4C94-38CB-4836-A864-B9BF38EF5AF0}.Release|Any CPU.Build.0 = Release|Any CPU
		{81DD4C94-38CB-4836-A864-B9BF38EF5AF0}.Release|x86.ActiveCfg = Release|Any CPU
		{461CB715-F2D5-429C-B36B-5F367375043B}.Debug|Any CPU.ActiveCfg = Debug|Any CPU
		{461CB715-F2D5-429C-B36B-5F367375043B}.Debug|Any CPU.Build.0 = Debug|Any CPU
		{461CB715-F2D5-429C-B36B-5F367375043B}.Debug|x86.ActiveCfg = Debug|Any CPU
		{461CB715-F2D5-429C-B36B-5F367375043B}.Release|Any CPU.ActiveCfg = Release|Any CPU
		{461CB715-F2D5-429C-B36B-5F367375043B}.Release|Any CPU.Build.0 = Release|Any CPU
		{461CB715-F2D5-429C-B36B-5F367375043B}.Release|x86.ActiveCfg = Release|Any CPU
		{BDE0C25D-08EF-477E-9ACE-E086AA3694BD}.Debug|Any CPU.ActiveCfg = Debug|Any CPU
		{BDE0C25D-08EF-477E-9ACE-E086AA3694BD}.Debug|Any CPU.Build.0 = Debug|Any CPU
		{BDE0C25D-08EF-477E-9ACE-E086AA3694BD}.Debug|x86.ActiveCfg = Debug|Any CPU
		{BDE0C25D-08EF-477E-9ACE-E086AA3694BD}.Release|Any CPU.ActiveCfg = Release|Any CPU
		{BDE0C25D-08EF-477E-9ACE-E086AA3694BD}.Release|Any CPU.Build.0 = Release|Any CPU
		{BDE0C25D-08EF-477E-9ACE-E086AA3694BD}.Release|x86.ActiveCfg = Release|Any CPU
		{41D53EF7-6606-41E1-8A40-5B55D8F47DBB}.Debug|Any CPU.ActiveCfg = Debug|Any CPU
		{41D53EF7-6606-41E1-8A40-5B55D8F47DBB}.Debug|Any CPU.Build.0 = Debug|Any CPU
		{41D53EF7-6606-41E1-8A40-5B55D8F47DBB}.Debug|x86.ActiveCfg = Debug|Any CPU
		{41D53EF7-6606-41E1-8A40-5B55D8F47DBB}.Release|Any CPU.ActiveCfg = Release|Any CPU
		{41D53EF7-6606-41E1-8A40-5B55D8F47DBB}.Release|Any CPU.Build.0 = Release|Any CPU
		{41D53EF7-6606-41E1-8A40-5B55D8F47DBB}.Release|x86.ActiveCfg = Release|Any CPU
		{0E2E40E8-8E6D-4730-9A00-E6FD1DECE9BC}.Debug|Any CPU.ActiveCfg = Debug|Any CPU
		{0E2E40E8-8E6D-4730-9A00-E6FD1DECE9BC}.Debug|Any CPU.Build.0 = Debug|Any CPU
		{0E2E40E8-8E6D-4730-9A00-E6FD1DECE9BC}.Debug|x86.ActiveCfg = Debug|Any CPU
		{0E2E40E8-8E6D-4730-9A00-E6FD1DECE9BC}.Release|Any CPU.ActiveCfg = Release|Any CPU
		{0E2E40E8-8E6D-4730-9A00-E6FD1DECE9BC}.Release|Any CPU.Build.0 = Release|Any CPU
		{0E2E40E8-8E6D-4730-9A00-E6FD1DECE9BC}.Release|x86.ActiveCfg = Release|Any CPU
		{80C5ADCE-8B79-4873-8544-80EC9EB4FD38}.Debug|Any CPU.ActiveCfg = Debug|Any CPU
		{80C5ADCE-8B79-4873-8544-80EC9EB4FD38}.Debug|Any CPU.Build.0 = Debug|Any CPU
		{80C5ADCE-8B79-4873-8544-80EC9EB4FD38}.Debug|x86.ActiveCfg = Debug|Any CPU
		{80C5ADCE-8B79-4873-8544-80EC9EB4FD38}.Release|Any CPU.ActiveCfg = Release|Any CPU
		{80C5ADCE-8B79-4873-8544-80EC9EB4FD38}.Release|Any CPU.Build.0 = Release|Any CPU
		{80C5ADCE-8B79-4873-8544-80EC9EB4FD38}.Release|x86.ActiveCfg = Release|Any CPU
		{81EB1E0A-9114-4B01-BC71-5816C6A4F495}.Debug|Any CPU.ActiveCfg = Debug|Any CPU
		{81EB1E0A-9114-4B01-BC71-5816C6A4F495}.Debug|Any CPU.Build.0 = Debug|Any CPU
		{81EB1E0A-9114-4B01-BC71-5816C6A4F495}.Debug|x86.ActiveCfg = Debug|Any CPU
		{81EB1E0A-9114-4B01-BC71-5816C6A4F495}.Release|Any CPU.ActiveCfg = Release|Any CPU
		{81EB1E0A-9114-4B01-BC71-5816C6A4F495}.Release|Any CPU.Build.0 = Release|Any CPU
		{81EB1E0A-9114-4B01-BC71-5816C6A4F495}.Release|x86.ActiveCfg = Release|Any CPU
		{6352B192-FC82-45AD-B543-10982F67DF4F}.Debug|Any CPU.ActiveCfg = Debug|Any CPU
		{6352B192-FC82-45AD-B543-10982F67DF4F}.Debug|Any CPU.Build.0 = Debug|Any CPU
		{6352B192-FC82-45AD-B543-10982F67DF4F}.Debug|x86.ActiveCfg = Debug|Any CPU
		{6352B192-FC82-45AD-B543-10982F67DF4F}.Release|Any CPU.ActiveCfg = Release|Any CPU
		{6352B192-FC82-45AD-B543-10982F67DF4F}.Release|Any CPU.Build.0 = Release|Any CPU
		{6352B192-FC82-45AD-B543-10982F67DF4F}.Release|x86.ActiveCfg = Release|Any CPU
		{55D5297C-F1DF-4B76-A3C1-D82CC294EEBB}.Debug|Any CPU.ActiveCfg = Debug|Any CPU
		{55D5297C-F1DF-4B76-A3C1-D82CC294EEBB}.Debug|Any CPU.Build.0 = Debug|Any CPU
		{55D5297C-F1DF-4B76-A3C1-D82CC294EEBB}.Debug|x86.ActiveCfg = Debug|x86
		{55D5297C-F1DF-4B76-A3C1-D82CC294EEBB}.Debug|x86.Build.0 = Debug|x86
		{55D5297C-F1DF-4B76-A3C1-D82CC294EEBB}.Release|Any CPU.ActiveCfg = Release|Any CPU
		{55D5297C-F1DF-4B76-A3C1-D82CC294EEBB}.Release|Any CPU.Build.0 = Release|Any CPU
		{55D5297C-F1DF-4B76-A3C1-D82CC294EEBB}.Release|x86.ActiveCfg = Release|x86
		{55D5297C-F1DF-4B76-A3C1-D82CC294EEBB}.Release|x86.Build.0 = Release|x86
		{25990F61-A27B-4EDF-A402-B31BF952153F}.Debug|Any CPU.ActiveCfg = Debug|Any CPU
		{25990F61-A27B-4EDF-A402-B31BF952153F}.Debug|Any CPU.Build.0 = Debug|Any CPU
		{25990F61-A27B-4EDF-A402-B31BF952153F}.Debug|x86.ActiveCfg = Debug|Any CPU
		{25990F61-A27B-4EDF-A402-B31BF952153F}.Release|Any CPU.ActiveCfg = Release|Any CPU
		{25990F61-A27B-4EDF-A402-B31BF952153F}.Release|Any CPU.Build.0 = Release|Any CPU
		{25990F61-A27B-4EDF-A402-B31BF952153F}.Release|x86.ActiveCfg = Release|Any CPU
		{A00A7A0B-2B49-4905-A043-DA6C7A012FE4}.Debug|Any CPU.ActiveCfg = Debug|Any CPU
		{A00A7A0B-2B49-4905-A043-DA6C7A012FE4}.Debug|Any CPU.Build.0 = Debug|Any CPU
		{A00A7A0B-2B49-4905-A043-DA6C7A012FE4}.Debug|x86.ActiveCfg = Debug|Any CPU
		{A00A7A0B-2B49-4905-A043-DA6C7A012FE4}.Release|Any CPU.ActiveCfg = Release|Any CPU
		{A00A7A0B-2B49-4905-A043-DA6C7A012FE4}.Release|Any CPU.Build.0 = Release|Any CPU
		{A00A7A0B-2B49-4905-A043-DA6C7A012FE4}.Release|x86.ActiveCfg = Release|Any CPU
		{29051B6F-74C5-4EF6-A792-4E382CE233FA}.Debug|Any CPU.ActiveCfg = Debug|Any CPU
		{29051B6F-74C5-4EF6-A792-4E382CE233FA}.Debug|Any CPU.Build.0 = Debug|Any CPU
		{29051B6F-74C5-4EF6-A792-4E382CE233FA}.Debug|x86.ActiveCfg = Debug|Any CPU
		{29051B6F-74C5-4EF6-A792-4E382CE233FA}.Release|Any CPU.ActiveCfg = Release|Any CPU
		{29051B6F-74C5-4EF6-A792-4E382CE233FA}.Release|Any CPU.Build.0 = Release|Any CPU
		{29051B6F-74C5-4EF6-A792-4E382CE233FA}.Release|x86.ActiveCfg = Release|Any CPU
		{BE2A9463-08F3-46C5-B230-165C3056718D}.Debug|Any CPU.ActiveCfg = Debug|Any CPU
		{BE2A9463-08F3-46C5-B230-165C3056718D}.Debug|Any CPU.Build.0 = Debug|Any CPU
		{BE2A9463-08F3-46C5-B230-165C3056718D}.Debug|x86.ActiveCfg = Debug|Any CPU
		{BE2A9463-08F3-46C5-B230-165C3056718D}.Release|Any CPU.ActiveCfg = Release|Any CPU
		{BE2A9463-08F3-46C5-B230-165C3056718D}.Release|Any CPU.Build.0 = Release|Any CPU
		{BE2A9463-08F3-46C5-B230-165C3056718D}.Release|x86.ActiveCfg = Release|Any CPU
		{F52AA97E-180A-40ED-8F2B-09080171D6C7}.Debug|Any CPU.ActiveCfg = Debug|Any CPU
		{F52AA97E-180A-40ED-8F2B-09080171D6C7}.Debug|Any CPU.Build.0 = Debug|Any CPU
		{F52AA97E-180A-40ED-8F2B-09080171D6C7}.Debug|x86.ActiveCfg = Debug|Any CPU
		{F52AA97E-180A-40ED-8F2B-09080171D6C7}.Release|Any CPU.ActiveCfg = Release|Any CPU
		{F52AA97E-180A-40ED-8F2B-09080171D6C7}.Release|Any CPU.Build.0 = Release|Any CPU
		{F52AA97E-180A-40ED-8F2B-09080171D6C7}.Release|x86.ActiveCfg = Release|Any CPU
		{BC4533C6-F705-48AD-B850-E3297D1942FE}.Debug|Any CPU.ActiveCfg = Debug|Any CPU
		{BC4533C6-F705-48AD-B850-E3297D1942FE}.Debug|Any CPU.Build.0 = Debug|Any CPU
		{BC4533C6-F705-48AD-B850-E3297D1942FE}.Debug|x86.ActiveCfg = Debug|Any CPU
		{BC4533C6-F705-48AD-B850-E3297D1942FE}.Release|Any CPU.ActiveCfg = Release|Any CPU
		{BC4533C6-F705-48AD-B850-E3297D1942FE}.Release|Any CPU.Build.0 = Release|Any CPU
		{BC4533C6-F705-48AD-B850-E3297D1942FE}.Release|x86.ActiveCfg = Release|Any CPU
		{C60CBC5A-199E-4516-857D-FA9873C067E8}.Debug|Any CPU.ActiveCfg = Debug|Any CPU
		{C60CBC5A-199E-4516-857D-FA9873C067E8}.Debug|Any CPU.Build.0 = Debug|Any CPU
		{C60CBC5A-199E-4516-857D-FA9873C067E8}.Debug|x86.ActiveCfg = Debug|Any CPU
		{C60CBC5A-199E-4516-857D-FA9873C067E8}.Release|Any CPU.ActiveCfg = Release|Any CPU
		{C60CBC5A-199E-4516-857D-FA9873C067E8}.Release|Any CPU.Build.0 = Release|Any CPU
		{C60CBC5A-199E-4516-857D-FA9873C067E8}.Release|x86.ActiveCfg = Release|Any CPU
		{E689F137-E3B0-431A-A41B-B073D1A89E1B}.Debug|Any CPU.ActiveCfg = Debug|Any CPU
		{E689F137-E3B0-431A-A41B-B073D1A89E1B}.Debug|Any CPU.Build.0 = Debug|Any CPU
		{E689F137-E3B0-431A-A41B-B073D1A89E1B}.Debug|x86.ActiveCfg = Debug|Any CPU
		{E689F137-E3B0-431A-A41B-B073D1A89E1B}.Release|Any CPU.ActiveCfg = Release|Any CPU
		{E689F137-E3B0-431A-A41B-B073D1A89E1B}.Release|Any CPU.Build.0 = Release|Any CPU
		{E689F137-E3B0-431A-A41B-B073D1A89E1B}.Release|x86.ActiveCfg = Release|Any CPU
		{498026B8-A7E0-4BFA-AC4F-C43DAA2A4835}.Debug|Any CPU.ActiveCfg = Debug|Any CPU
		{498026B8-A7E0-4BFA-AC4F-C43DAA2A4835}.Debug|Any CPU.Build.0 = Debug|Any CPU
		{498026B8-A7E0-4BFA-AC4F-C43DAA2A4835}.Debug|x86.ActiveCfg = Debug|Any CPU
		{498026B8-A7E0-4BFA-AC4F-C43DAA2A4835}.Release|Any CPU.ActiveCfg = Release|Any CPU
		{498026B8-A7E0-4BFA-AC4F-C43DAA2A4835}.Release|Any CPU.Build.0 = Release|Any CPU
		{498026B8-A7E0-4BFA-AC4F-C43DAA2A4835}.Release|x86.ActiveCfg = Release|Any CPU
		{2888477E-5152-4CBF-B120-97DB05CBC464}.Debug|Any CPU.ActiveCfg = Debug|Any CPU
		{2888477E-5152-4CBF-B120-97DB05CBC464}.Debug|Any CPU.Build.0 = Debug|Any CPU
		{2888477E-5152-4CBF-B120-97DB05CBC464}.Debug|x86.ActiveCfg = Debug|Any CPU
		{2888477E-5152-4CBF-B120-97DB05CBC464}.Release|Any CPU.ActiveCfg = Release|Any CPU
		{2888477E-5152-4CBF-B120-97DB05CBC464}.Release|Any CPU.Build.0 = Release|Any CPU
		{2888477E-5152-4CBF-B120-97DB05CBC464}.Release|x86.ActiveCfg = Release|Any CPU
		{33813047-BFB8-4434-B9C6-CA85B173646F}.Debug|Any CPU.ActiveCfg = Debug|Any CPU
		{33813047-BFB8-4434-B9C6-CA85B173646F}.Debug|Any CPU.Build.0 = Debug|Any CPU
		{33813047-BFB8-4434-B9C6-CA85B173646F}.Debug|x86.ActiveCfg = Debug|Any CPU
		{33813047-BFB8-4434-B9C6-CA85B173646F}.Release|Any CPU.ActiveCfg = Release|Any CPU
		{33813047-BFB8-4434-B9C6-CA85B173646F}.Release|Any CPU.Build.0 = Release|Any CPU
		{33813047-BFB8-4434-B9C6-CA85B173646F}.Release|x86.ActiveCfg = Release|Any CPU
		{B0EC40C3-11D8-4F1C-B6A7-7FC8674274EC}.Debug|Any CPU.ActiveCfg = Debug|Any CPU
		{B0EC40C3-11D8-4F1C-B6A7-7FC8674274EC}.Debug|Any CPU.Build.0 = Debug|Any CPU
		{B0EC40C3-11D8-4F1C-B6A7-7FC8674274EC}.Debug|x86.ActiveCfg = Debug|Any CPU
		{B0EC40C3-11D8-4F1C-B6A7-7FC8674274EC}.Release|Any CPU.ActiveCfg = Release|Any CPU
		{B0EC40C3-11D8-4F1C-B6A7-7FC8674274EC}.Release|Any CPU.Build.0 = Release|Any CPU
		{B0EC40C3-11D8-4F1C-B6A7-7FC8674274EC}.Release|x86.ActiveCfg = Release|Any CPU
		{B4EFD38B-6CDD-4963-82FC-67A1C8C71BA8}.Debug|Any CPU.ActiveCfg = Debug|Any CPU
		{B4EFD38B-6CDD-4963-82FC-67A1C8C71BA8}.Debug|Any CPU.Build.0 = Debug|Any CPU
		{B4EFD38B-6CDD-4963-82FC-67A1C8C71BA8}.Debug|x86.ActiveCfg = Debug|Any CPU
		{B4EFD38B-6CDD-4963-82FC-67A1C8C71BA8}.Release|Any CPU.ActiveCfg = Release|Any CPU
		{B4EFD38B-6CDD-4963-82FC-67A1C8C71BA8}.Release|Any CPU.Build.0 = Release|Any CPU
		{B4EFD38B-6CDD-4963-82FC-67A1C8C71BA8}.Release|x86.ActiveCfg = Release|Any CPU
		{22F06506-2258-4E7E-BE07-4DED5D8B8A6B}.Debug|Any CPU.ActiveCfg = Debug|Any CPU
		{22F06506-2258-4E7E-BE07-4DED5D8B8A6B}.Debug|Any CPU.Build.0 = Debug|Any CPU
		{22F06506-2258-4E7E-BE07-4DED5D8B8A6B}.Debug|x86.ActiveCfg = Debug|Any CPU
		{22F06506-2258-4E7E-BE07-4DED5D8B8A6B}.Release|Any CPU.ActiveCfg = Release|Any CPU
		{22F06506-2258-4E7E-BE07-4DED5D8B8A6B}.Release|Any CPU.Build.0 = Release|Any CPU
		{22F06506-2258-4E7E-BE07-4DED5D8B8A6B}.Release|x86.ActiveCfg = Release|Any CPU
		{9B6487CE-D331-4387-9585-1B3C1B1A4CFE}.Debug|Any CPU.ActiveCfg = Debug|Any CPU
		{9B6487CE-D331-4387-9585-1B3C1B1A4CFE}.Debug|Any CPU.Build.0 = Debug|Any CPU
		{9B6487CE-D331-4387-9585-1B3C1B1A4CFE}.Debug|x86.ActiveCfg = Debug|Any CPU
		{9B6487CE-D331-4387-9585-1B3C1B1A4CFE}.Release|Any CPU.ActiveCfg = Release|Any CPU
		{9B6487CE-D331-4387-9585-1B3C1B1A4CFE}.Release|Any CPU.Build.0 = Release|Any CPU
		{9B6487CE-D331-4387-9585-1B3C1B1A4CFE}.Release|x86.ActiveCfg = Release|Any CPU
		{A815C2B0-DB39-44FC-8A76-1452E794B2DA}.Debug|Any CPU.ActiveCfg = Debug|Any CPU
		{A815C2B0-DB39-44FC-8A76-1452E794B2DA}.Debug|Any CPU.Build.0 = Debug|Any CPU
		{A815C2B0-DB39-44FC-8A76-1452E794B2DA}.Debug|x86.ActiveCfg = Debug|Any CPU
		{A815C2B0-DB39-44FC-8A76-1452E794B2DA}.Debug|x86.Build.0 = Debug|Any CPU
		{A815C2B0-DB39-44FC-8A76-1452E794B2DA}.Release|Any CPU.ActiveCfg = Release|Any CPU
		{A815C2B0-DB39-44FC-8A76-1452E794B2DA}.Release|Any CPU.Build.0 = Release|Any CPU
		{A815C2B0-DB39-44FC-8A76-1452E794B2DA}.Release|x86.ActiveCfg = Release|Any CPU
		{A815C2B0-DB39-44FC-8A76-1452E794B2DA}.Release|x86.Build.0 = Release|Any CPU
		{35B3FD76-9AA5-424B-9E04-B7FF1EF1BFC2}.Debug|Any CPU.ActiveCfg = Debug|Any CPU
		{35B3FD76-9AA5-424B-9E04-B7FF1EF1BFC2}.Debug|Any CPU.Build.0 = Debug|Any CPU
		{35B3FD76-9AA5-424B-9E04-B7FF1EF1BFC2}.Debug|x86.ActiveCfg = Debug|Any CPU
		{35B3FD76-9AA5-424B-9E04-B7FF1EF1BFC2}.Debug|x86.Build.0 = Debug|Any CPU
		{35B3FD76-9AA5-424B-9E04-B7FF1EF1BFC2}.Release|Any CPU.ActiveCfg = Release|Any CPU
		{35B3FD76-9AA5-424B-9E04-B7FF1EF1BFC2}.Release|Any CPU.Build.0 = Release|Any CPU
		{35B3FD76-9AA5-424B-9E04-B7FF1EF1BFC2}.Release|x86.ActiveCfg = Release|Any CPU
		{35B3FD76-9AA5-424B-9E04-B7FF1EF1BFC2}.Release|x86.Build.0 = Release|Any CPU
		{AEBD67D7-2487-4D54-B93F-FE8B3685E6B3}.Debug|Any CPU.ActiveCfg = Debug|Any CPU
		{AEBD67D7-2487-4D54-B93F-FE8B3685E6B3}.Debug|Any CPU.Build.0 = Debug|Any CPU
		{AEBD67D7-2487-4D54-B93F-FE8B3685E6B3}.Debug|x86.ActiveCfg = Debug|Any CPU
		{AEBD67D7-2487-4D54-B93F-FE8B3685E6B3}.Debug|x86.Build.0 = Debug|Any CPU
		{AEBD67D7-2487-4D54-B93F-FE8B3685E6B3}.Release|Any CPU.ActiveCfg = Release|Any CPU
		{AEBD67D7-2487-4D54-B93F-FE8B3685E6B3}.Release|Any CPU.Build.0 = Release|Any CPU
		{AEBD67D7-2487-4D54-B93F-FE8B3685E6B3}.Release|x86.ActiveCfg = Release|Any CPU
		{AEBD67D7-2487-4D54-B93F-FE8B3685E6B3}.Release|x86.Build.0 = Release|Any CPU
		{79A6B4BD-7843-477B-A6D2-980BEDAB9F86}.Debug|Any CPU.ActiveCfg = Debug|Any CPU
		{79A6B4BD-7843-477B-A6D2-980BEDAB9F86}.Debug|Any CPU.Build.0 = Debug|Any CPU
		{79A6B4BD-7843-477B-A6D2-980BEDAB9F86}.Debug|x86.ActiveCfg = Debug|Any CPU
		{79A6B4BD-7843-477B-A6D2-980BEDAB9F86}.Debug|x86.Build.0 = Debug|Any CPU
		{79A6B4BD-7843-477B-A6D2-980BEDAB9F86}.Release|Any CPU.ActiveCfg = Release|Any CPU
		{79A6B4BD-7843-477B-A6D2-980BEDAB9F86}.Release|Any CPU.Build.0 = Release|Any CPU
		{79A6B4BD-7843-477B-A6D2-980BEDAB9F86}.Release|x86.ActiveCfg = Release|Any CPU
		{79A6B4BD-7843-477B-A6D2-980BEDAB9F86}.Release|x86.Build.0 = Release|Any CPU
		{7C2711ED-3C85-473D-BC01-06B640744889}.Debug|Any CPU.ActiveCfg = Debug|Any CPU
		{7C2711ED-3C85-473D-BC01-06B640744889}.Debug|Any CPU.Build.0 = Debug|Any CPU
		{7C2711ED-3C85-473D-BC01-06B640744889}.Debug|x86.ActiveCfg = Debug|Any CPU
		{7C2711ED-3C85-473D-BC01-06B640744889}.Debug|x86.Build.0 = Debug|Any CPU
		{7C2711ED-3C85-473D-BC01-06B640744889}.Release|Any CPU.ActiveCfg = Release|Any CPU
		{7C2711ED-3C85-473D-BC01-06B640744889}.Release|Any CPU.Build.0 = Release|Any CPU
		{7C2711ED-3C85-473D-BC01-06B640744889}.Release|x86.ActiveCfg = Release|Any CPU
		{7C2711ED-3C85-473D-BC01-06B640744889}.Release|x86.Build.0 = Release|Any CPU
		{E24D23E5-1AB0-4588-A7F8-03492C524B62}.Debug|Any CPU.ActiveCfg = Debug|Any CPU
		{E24D23E5-1AB0-4588-A7F8-03492C524B62}.Debug|Any CPU.Build.0 = Debug|Any CPU
		{E24D23E5-1AB0-4588-A7F8-03492C524B62}.Debug|x86.ActiveCfg = Debug|Any CPU
		{E24D23E5-1AB0-4588-A7F8-03492C524B62}.Debug|x86.Build.0 = Debug|Any CPU
		{E24D23E5-1AB0-4588-A7F8-03492C524B62}.Release|Any CPU.ActiveCfg = Release|Any CPU
		{E24D23E5-1AB0-4588-A7F8-03492C524B62}.Release|Any CPU.Build.0 = Release|Any CPU
		{E24D23E5-1AB0-4588-A7F8-03492C524B62}.Release|x86.ActiveCfg = Release|Any CPU
		{E24D23E5-1AB0-4588-A7F8-03492C524B62}.Release|x86.Build.0 = Release|Any CPU
		{4D196202-276E-4B9D-A377-642CD133226D}.Debug|Any CPU.ActiveCfg = Debug|Any CPU
		{4D196202-276E-4B9D-A377-642CD133226D}.Debug|Any CPU.Build.0 = Debug|Any CPU
		{4D196202-276E-4B9D-A377-642CD133226D}.Debug|x86.ActiveCfg = Debug|Any CPU
		{4D196202-276E-4B9D-A377-642CD133226D}.Debug|x86.Build.0 = Debug|Any CPU
		{4D196202-276E-4B9D-A377-642CD133226D}.Release|Any CPU.ActiveCfg = Release|Any CPU
		{4D196202-276E-4B9D-A377-642CD133226D}.Release|Any CPU.Build.0 = Release|Any CPU
		{4D196202-276E-4B9D-A377-642CD133226D}.Release|x86.ActiveCfg = Release|Any CPU
		{4D196202-276E-4B9D-A377-642CD133226D}.Release|x86.Build.0 = Release|Any CPU
		{1F37BEDF-4987-4317-A01B-16DB1596B5A7}.Debug|Any CPU.ActiveCfg = Debug|Any CPU
		{1F37BEDF-4987-4317-A01B-16DB1596B5A7}.Debug|Any CPU.Build.0 = Debug|Any CPU
		{1F37BEDF-4987-4317-A01B-16DB1596B5A7}.Debug|x86.ActiveCfg = Debug|Any CPU
		{1F37BEDF-4987-4317-A01B-16DB1596B5A7}.Debug|x86.Build.0 = Debug|Any CPU
		{1F37BEDF-4987-4317-A01B-16DB1596B5A7}.Release|Any CPU.ActiveCfg = Release|Any CPU
		{1F37BEDF-4987-4317-A01B-16DB1596B5A7}.Release|Any CPU.Build.0 = Release|Any CPU
		{1F37BEDF-4987-4317-A01B-16DB1596B5A7}.Release|x86.ActiveCfg = Release|Any CPU
		{1F37BEDF-4987-4317-A01B-16DB1596B5A7}.Release|x86.Build.0 = Release|Any CPU
		{87409B83-E284-40A0-8DAF-40B58413449C}.Debug|Any CPU.ActiveCfg = Debug|Any CPU
		{87409B83-E284-40A0-8DAF-40B58413449C}.Debug|Any CPU.Build.0 = Debug|Any CPU
		{87409B83-E284-40A0-8DAF-40B58413449C}.Debug|x86.ActiveCfg = Debug|Any CPU
		{87409B83-E284-40A0-8DAF-40B58413449C}.Debug|x86.Build.0 = Debug|Any CPU
		{87409B83-E284-40A0-8DAF-40B58413449C}.Release|Any CPU.ActiveCfg = Release|Any CPU
		{87409B83-E284-40A0-8DAF-40B58413449C}.Release|Any CPU.Build.0 = Release|Any CPU
		{87409B83-E284-40A0-8DAF-40B58413449C}.Release|x86.ActiveCfg = Release|Any CPU
		{87409B83-E284-40A0-8DAF-40B58413449C}.Release|x86.Build.0 = Release|Any CPU
		{7CADBFE3-8E3E-4C3B-A6DD-F3764519E6C2}.Debug|Any CPU.ActiveCfg = Debug|Any CPU
		{7CADBFE3-8E3E-4C3B-A6DD-F3764519E6C2}.Debug|Any CPU.Build.0 = Debug|Any CPU
		{7CADBFE3-8E3E-4C3B-A6DD-F3764519E6C2}.Debug|x86.ActiveCfg = Debug|Any CPU
		{7CADBFE3-8E3E-4C3B-A6DD-F3764519E6C2}.Debug|x86.Build.0 = Debug|Any CPU
		{7CADBFE3-8E3E-4C3B-A6DD-F3764519E6C2}.Release|Any CPU.ActiveCfg = Release|Any CPU
		{7CADBFE3-8E3E-4C3B-A6DD-F3764519E6C2}.Release|Any CPU.Build.0 = Release|Any CPU
		{7CADBFE3-8E3E-4C3B-A6DD-F3764519E6C2}.Release|x86.ActiveCfg = Release|Any CPU
		{7CADBFE3-8E3E-4C3B-A6DD-F3764519E6C2}.Release|x86.Build.0 = Release|Any CPU
		{6D05550A-9F3D-444E-882E-B67B5B32CE8C}.Debug|Any CPU.ActiveCfg = Debug|Any CPU
		{6D05550A-9F3D-444E-882E-B67B5B32CE8C}.Debug|Any CPU.Build.0 = Debug|Any CPU
		{6D05550A-9F3D-444E-882E-B67B5B32CE8C}.Debug|x86.ActiveCfg = Debug|Any CPU
		{6D05550A-9F3D-444E-882E-B67B5B32CE8C}.Debug|x86.Build.0 = Debug|Any CPU
		{6D05550A-9F3D-444E-882E-B67B5B32CE8C}.Release|Any CPU.ActiveCfg = Release|Any CPU
		{6D05550A-9F3D-444E-882E-B67B5B32CE8C}.Release|Any CPU.Build.0 = Release|Any CPU
		{6D05550A-9F3D-444E-882E-B67B5B32CE8C}.Release|x86.ActiveCfg = Release|Any CPU
		{6D05550A-9F3D-444E-882E-B67B5B32CE8C}.Release|x86.Build.0 = Release|Any CPU
		{C7D2FAEB-0FE4-4E42-8317-AC5249EE0E4E}.Debug|Any CPU.ActiveCfg = Debug|Any CPU
		{C7D2FAEB-0FE4-4E42-8317-AC5249EE0E4E}.Debug|Any CPU.Build.0 = Debug|Any CPU
		{C7D2FAEB-0FE4-4E42-8317-AC5249EE0E4E}.Debug|x86.ActiveCfg = Debug|Any CPU
		{C7D2FAEB-0FE4-4E42-8317-AC5249EE0E4E}.Debug|x86.Build.0 = Debug|Any CPU
		{C7D2FAEB-0FE4-4E42-8317-AC5249EE0E4E}.Release|Any CPU.ActiveCfg = Release|Any CPU
		{C7D2FAEB-0FE4-4E42-8317-AC5249EE0E4E}.Release|Any CPU.Build.0 = Release|Any CPU
		{C7D2FAEB-0FE4-4E42-8317-AC5249EE0E4E}.Release|x86.ActiveCfg = Release|Any CPU
		{C7D2FAEB-0FE4-4E42-8317-AC5249EE0E4E}.Release|x86.Build.0 = Release|Any CPU
		{A22B6965-1FE4-4CA2-9CDE-A1046F0872A6}.Debug|Any CPU.ActiveCfg = Debug|Any CPU
		{A22B6965-1FE4-4CA2-9CDE-A1046F0872A6}.Debug|Any CPU.Build.0 = Debug|Any CPU
		{A22B6965-1FE4-4CA2-9CDE-A1046F0872A6}.Debug|x86.ActiveCfg = Debug|Any CPU
		{A22B6965-1FE4-4CA2-9CDE-A1046F0872A6}.Debug|x86.Build.0 = Debug|Any CPU
		{A22B6965-1FE4-4CA2-9CDE-A1046F0872A6}.Release|Any CPU.ActiveCfg = Release|Any CPU
		{A22B6965-1FE4-4CA2-9CDE-A1046F0872A6}.Release|Any CPU.Build.0 = Release|Any CPU
		{A22B6965-1FE4-4CA2-9CDE-A1046F0872A6}.Release|x86.ActiveCfg = Release|Any CPU
		{A22B6965-1FE4-4CA2-9CDE-A1046F0872A6}.Release|x86.Build.0 = Release|Any CPU
	EndGlobalSection
	GlobalSection(SolutionProperties) = preSolution
		HideSolutionNode = FALSE
	EndGlobalSection
	GlobalSection(NestedProjects) = preSolution
		{F6494C0C-1A4A-41C0-AC7E-6446FF958CDC} = {0CA05515-7625-4500-AB21-AE4BF0B6C103}
		{15335EEB-7358-4FAA-A8ED-987F79A8BC6F} = {0CA05515-7625-4500-AB21-AE4BF0B6C103}
		{C01B0151-9FA1-41C3-A33B-4A32F264D036} = {0CA05515-7625-4500-AB21-AE4BF0B6C103}
		{CDC7EF78-A00D-4B5A-A500-DB31E2B45F48} = {0CA05515-7625-4500-AB21-AE4BF0B6C103}
		{132F431F-652A-49C0-81AC-1DB921BE02A8} = {0CA05515-7625-4500-AB21-AE4BF0B6C103}
		{7E180C04-2F09-49E7-A483-3F141C3547FE} = {0CA05515-7625-4500-AB21-AE4BF0B6C103}
		{D1291ECA-FF3C-4B6C-81DF-2DE12E81C0CD} = {0CA05515-7625-4500-AB21-AE4BF0B6C103}
		{E6B4A775-5F7E-4129-928F-3B5F48023D3E} = {0CA05515-7625-4500-AB21-AE4BF0B6C103}
		{E22FB7D4-13D8-4354-BE73-B2671360AB04} = {0CA05515-7625-4500-AB21-AE4BF0B6C103}
		{60D8C317-AE83-4739-B63B-27DCF9323B66} = {0CA05515-7625-4500-AB21-AE4BF0B6C103}
	EndGlobalSection
	GlobalSection(ExtensibilityGlobals) = postSolution
		SolutionGuid = {64415E0B-334D-49BF-92EF-36D246E029CC}
	EndGlobalSection
EndGlobal
