
Microsoft Visual Studio Solution File, Format Version 12.00
# Visual Studio Version 17
VisualStudioVersion = 17.3.32811.315
MinimumVisualStudioVersion = 10.0.40219.1
Project("{FAE04EC0-301F-11D3-BF4B-00C04F79EFBC}") = "Prana.PricingService2Host", "Application\Prana.PricingAnalysisModels\Prana.PricingService2Host\Prana.PricingService2Host.csproj", "{4D513E3D-B5E4-4E6C-A758-907CF61BCD4C}"
EndProject
Project("{2150E333-8FDC-42A3-9474-1A3956D46DE8}") = "Solution Items", "Solution Items", "{C42F1EF6-007E-414C-B9E4-26F58AF3DA78}"
EndProject
Project("{FAE04EC0-301F-11D3-BF4B-00C04F79EFBC}") = "Prana.PricingAnalysisModels", "Application\Prana.PricingAnalysisModels\Nirvana.PricingAnalysisModels\Prana.PricingAnalysisModels.csproj", "{461C86F3-4CA6-441C-8A90-34E4A753DFA9}"
EndProject
Project("{FAE04EC0-301F-11D3-BF4B-00C04F79EFBC}") = "Prana.OptionCalculator.Common", "Application\Prana.PricingAnalysisModels\Nirvana.OptionCalculator.Common\Prana.OptionCalculator.Common.csproj", "{278CBDB2-1971-4483-B45C-8A274CE377FA}"
EndProject
Project("{FAE04EC0-301F-11D3-BF4B-00C04F79EFBC}") = "Prana.OptionCalculator.CalculationComponent", "Application\Prana.PricingAnalysisModels\Nirvana.OptionDataCalculator\Prana.OptionCalculator.CalculationComponent.csproj", "{CC443E3A-AB7C-46C1-A9E1-633AD8362A05}"
EndProject
Project("{FAE04EC0-301F-11D3-BF4B-00C04F79EFBC}") = "Prana.BusinessObjects", "Application\Prana.BusinessObjects\Prana.BusinessObjects.csproj", "{B209105C-CA12-4CDA-9CC5-3540D487BBB6}"
EndProject
Project("{FAE04EC0-301F-11D3-BF4B-00C04F79EFBC}") = "Prana.Interfaces", "Application\Prana.Interfaces\Prana.Interfaces.csproj", "{0BAB7DC4-552E-41C6-B216-AB831495E5D5}"
EndProject
Project("{FAE04EC0-301F-11D3-BF4B-00C04F79EFBC}") = "Prana.Global", "Application\Prana.Global\Prana.Global.csproj", "{98BF7EEC-2A9A-4B4F-8809-E2AE23939F8A}"
EndProject
Project("{FAE04EC0-301F-11D3-BF4B-00C04F79EFBC}") = "Prana.QueueManager", "Application\Prana.Server\Prana.QueueManager\Prana.QueueManager.csproj", "{D3D605FA-45B0-41B6-ABC6-12CB49A81815}"
EndProject
Project("{FAE04EC0-301F-11D3-BF4B-00C04F79EFBC}") = "Prana.CommonDataCache", "Application\Prana.CommonDataCache\Prana.CommonDataCache.csproj", "{4EFE8391-0C06-425F-83C7-78E7FEF8717F}"
EndProject
Project("{FAE04EC0-301F-11D3-BF4B-00C04F79EFBC}") = "Prana.SocketCommunication", "Prana.SocketCommunication\Prana.SocketCommunication.csproj", "{F221A266-01C2-4ECA-ADED-0717573BCC2E}"
EndProject
Project("{FAE04EC0-301F-11D3-BF4B-00C04F79EFBC}") = "Prana.OptionServer", "Application\PranaOptionAnalytics\Prana.OptionServer.csproj", "{DE60D673-DC8E-42BF-8B3D-B70D3CCFF9BB}"
EndProject
Project("{FAE04EC0-301F-11D3-BF4B-00C04F79EFBC}") = "Prana.RiskServer", "Application\Prana.RiskAPI\Prana.RiskServer.csproj", "{60A87992-BC4C-4CE5-82E3-20A1E7459162}"
EndProject
Project("{FAE04EC0-301F-11D3-BF4B-00C04F79EFBC}") = "Prana.BusinessLogic", "Application\Prana.BusinessLogic\Prana.BusinessLogic.csproj", "{DB822308-7562-4404-8D85-E1DE6F5A317D}"
EndProject
Project("{FAE04EC0-301F-11D3-BF4B-00C04F79EFBC}") = "Prana.Utilities", "Application\Prana.Utilities\Prana.Utilities.csproj", "{6D8871AA-7521-4CE6-9755-F4B99E8ED081}"
EndProject
Project("{FAE04EC0-301F-11D3-BF4B-00C04F79EFBC}") = "Prana.Fix.FixDictionary", "Application\Prana.Fix.FixDictionary\Prana.Fix.FixDictionary.csproj", "{08AD82EF-9FC2-4225-8014-A030A9B1B356}"
EndProject
Project("{FAE04EC0-301F-11D3-BF4B-00C04F79EFBC}") = "Prana.MonitoringProcessor", "Prana.MonitoringProcessor\Prana.MonitoringProcessor.csproj", "{43AABD95-3224-4CF7-BB1D-C77A73EA01FB}"
EndProject
Project("{FAE04EC0-301F-11D3-BF4B-00C04F79EFBC}") = "Prana.LiveFeedManager", "Application\Prana.LiveFeedManager\Prana.LiveFeedManager.csproj", "{9EC0A3C2-A02C-4628-960A-0FB84EBACB11}"
EndProject
Project("{FAE04EC0-301F-11D3-BF4B-00C04F79EFBC}") = "Prana.ESignalAdapter", "Application\Prana.ESignalAdapter\Prana.ESignalAdapter.csproj", "{A1968E77-F603-42A2-B526-37BDA81F7747}"
EndProject
Project("{FAE04EC0-301F-11D3-BF4B-00C04F79EFBC}") = "Prana.PubSubService", "Application\Prana.PubSubService\Prana.PubSubService.csproj", "{80FA0EFA-0B1F-495E-BDFA-590C7C9686D3}"
EndProject
Project("{FAE04EC0-301F-11D3-BF4B-00C04F79EFBC}") = "Prana.WCFConnectionMgr", "Application\WCFConnectionMgr\Prana.WCFConnectionMgr.csproj", "{6205A21C-5CBE-4C10-965C-383F26246DAD}"
EndProject
Project("{FAE04EC0-301F-11D3-BF4B-00C04F79EFBC}") = "Prana.AmqpAdapter", "AmqpAdapter\Prana.AmqpAdapter.csproj", "{10DD56D7-73F5-4213-9F65-74ABCCA49938}"
EndProject
Project("{FAE04EC0-301F-11D3-BF4B-00C04F79EFBC}") = "Prana.SAPIAdapter", "Application\Prana.SAPIAdapter\Prana.SAPIAdapter.csproj", "{A7BAE2D8-E416-4B82-A709-403C313D64FF}"
EndProject
Project("{FAE04EC0-301F-11D3-BF4B-00C04F79EFBC}") = "Prana.LogManager", "Prana.LogManager\Prana.LogManager.csproj", "{498026B8-A7E0-4BFA-AC4F-C43DAA2A4835}"
EndProject
Project("{FAE04EC0-301F-11D3-BF4B-00C04F79EFBC}") = "Prana.DatabaseManager", "Prana.DatabaseManager\Prana.DatabaseManager.csproj", "{2888477E-5152-4CBF-B120-97DB05CBC464}"
EndProject
Project("{FAE04EC0-301F-11D3-BF4B-00C04F79EFBC}") = "Prana.PricingService2", "Application\Prana.PricingAnalysisModels\Prana.PricingService2\Prana.PricingService2.csproj", "{44376587-88C9-4988-801E-128A074DA34C}"
EndProject
Project("{FAE04EC0-301F-11D3-BF4B-00C04F79EFBC}") = "Prana.WindowsService.Common", "Prana.WindowsService.Common\Prana.WindowsService.Common.csproj", "{FD555DDD-FAA3-4FDD-86C5-1367C359270C}"
EndProject
Project("{FAE04EC0-301F-11D3-BF4B-00C04F79EFBC}") = "Prana.CoreService.Interfaces", "Prana.CoreService.Interfaces\Prana.CoreService.Interfaces.csproj", "{79A6B4BD-7843-477B-A6D2-980BEDAB9F86}"
EndProject
Project("{FAE04EC0-301F-11D3-BF4B-00C04F79EFBC}") = "Prana.LogManager.EnterpriseLibrary", "Prana.LogManager.EnterpriseLibrary\Prana.LogManager.EnterpriseLibrary.csproj", "{B0EC40C3-11D8-4F1C-B6A7-7FC8674274EC}"
EndProject
Project("{FAE04EC0-301F-11D3-BF4B-00C04F79EFBC}") = "Prana.DatabaseManager.EnterpriseLibrary", "Prana.DatabaseManager.EnterpriseLibrary\Prana.DatabaseManager.EnterpriseLibrary.csproj", "{B4EFD38B-6CDD-4963-82FC-67A1C8C71BA8}"
EndProject
Project("{FAE04EC0-301F-11D3-BF4B-00C04F79EFBC}") = "Prana.FactSetAdapter", "Application\Prana.FactSetAdapter\Prana.FactSetAdapter.csproj", "{C38C719B-9C5C-4217-97C6-522D2975C34E}"
EndProject
Project("{FAE04EC0-301F-11D3-BF4B-00C04F79EFBC}") = "Prana.MarketDataPermissionService", "Application\Prana.MarketDataPermissionService\Prana.MarketDataPermissionService.csproj", "{0BEEA4EC-FF7D-42B6-BE9F-B7D8E6A17369}"
EndProject
Project("{FAE04EC0-301F-11D3-BF4B-00C04F79EFBC}") = "Prana.MarketDataAdapter.Common", "Application\Prana.MarketDataAdapter.Common\Prana.MarketDataAdapter.Common.csproj", "{2FC67C23-3C11-4F13-B47D-D4E3C4E73DE0}"
EndProject
Project("{FAE04EC0-301F-11D3-BF4B-00C04F79EFBC}") = "Prana.APIAdapter", "Application\Prana.APIAdapter\Prana.APIAdapter.csproj", "{64B82919-3290-4866-949B-7F7EE7F8D7D9}"
EndProject
Project("{FAE04EC0-301F-11D3-BF4B-00C04F79EFBC}") = "Prana.ActivAdapter", "Application\Prana.ActivAdapter\Prana.ActivAdapter.csproj", "{14BB398C-11BC-4066-9929-85E25E423273}"
EndProject
Project("{FAE04EC0-301F-11D3-BF4B-00C04F79EFBC}") = "Prana.MarketDataService.Client", "Application\Prana.MarketDataService.Client\Prana.MarketDataService.Client.csproj", "{D289D7AB-98FD-4AB9-A415-5C5B765A088B}"
EndProject
Project("{FAE04EC0-301F-11D3-BF4B-00C04F79EFBC}") = "Prana.MarketDataService.Common", "Application\Prana.MarketDataService.Common\Prana.MarketDataService.Common.csproj", "{B13795E7-A2BA-4A3A-BBD9-AC84748A601A}"
EndProject
Project("{FAE04EC0-301F-11D3-BF4B-00C04F79EFBC}") = "Prana.BloombergAdapter", "Application\Prana.BloombergAdapter\Prana.BloombergAdapter.csproj", "{9DBE3CF9-2E73-49C7-9A2F-16451E5B4C5D}"
EndProject
Project("{FAE04EC0-301F-11D3-BF4B-00C04F79EFBC}") = "Prana.PubSubService.Interfaces", "Application\Prana.PubSubService.Interfaces\Prana.PubSubService.Interfaces.csproj", "{35B3FD76-9AA5-424B-9E04-B7FF1EF1BFC2}"
EndProject
Project("{FAE04EC0-301F-11D3-BF4B-00C04F79EFBC}") = "Prana.ServiceCommon.Interfaces", "Prana.ServiceCommon.Interfaces\Prana.ServiceCommon.Interfaces.csproj", "{AEBD67D7-2487-4D54-B93F-FE8B3685E6B3}"
EndProject
Project("{FAE04EC0-301F-11D3-BF4B-00C04F79EFBC}") = "Prana.CommonDatabaseAccess", "Prana.CommonDatabaseAccess\Prana.CommonDatabaseAccess.csproj", "{4D196202-276E-4B9D-A377-642CD133226D}"
EndProject
Global
	GlobalSection(SolutionConfigurationPlatforms) = preSolution
		Debug|Any CPU = Debug|Any CPU
		Release|Any CPU = Release|Any CPU
	EndGlobalSection
	GlobalSection(ProjectConfigurationPlatforms) = postSolution
		{4D513E3D-B5E4-4E6C-A758-907CF61BCD4C}.Debug|Any CPU.ActiveCfg = Debug|Any CPU
		{4D513E3D-B5E4-4E6C-A758-907CF61BCD4C}.Debug|Any CPU.Build.0 = Debug|Any CPU
		{4D513E3D-B5E4-4E6C-A758-907CF61BCD4C}.Release|Any CPU.ActiveCfg = Release|Any CPU
		{4D513E3D-B5E4-4E6C-A758-907CF61BCD4C}.Release|Any CPU.Build.0 = Release|Any CPU
		{461C86F3-4CA6-441C-8A90-34E4A753DFA9}.Debug|Any CPU.ActiveCfg = Debug|Any CPU
		{461C86F3-4CA6-441C-8A90-34E4A753DFA9}.Debug|Any CPU.Build.0 = Debug|Any CPU
		{461C86F3-4CA6-441C-8A90-34E4A753DFA9}.Release|Any CPU.ActiveCfg = Release|Any CPU
		{461C86F3-4CA6-441C-8A90-34E4A753DFA9}.Release|Any CPU.Build.0 = Release|Any CPU
		{278CBDB2-1971-4483-B45C-8A274CE377FA}.Debug|Any CPU.ActiveCfg = Debug|Any CPU
		{278CBDB2-1971-4483-B45C-8A274CE377FA}.Debug|Any CPU.Build.0 = Debug|Any CPU
		{278CBDB2-1971-4483-B45C-8A274CE377FA}.Release|Any CPU.ActiveCfg = Release|Any CPU
		{278CBDB2-1971-4483-B45C-8A274CE377FA}.Release|Any CPU.Build.0 = Release|Any CPU
		{CC443E3A-AB7C-46C1-A9E1-633AD8362A05}.Debug|Any CPU.ActiveCfg = Debug|Any CPU
		{CC443E3A-AB7C-46C1-A9E1-633AD8362A05}.Debug|Any CPU.Build.0 = Debug|Any CPU
		{CC443E3A-AB7C-46C1-A9E1-633AD8362A05}.Release|Any CPU.ActiveCfg = Release|Any CPU
		{CC443E3A-AB7C-46C1-A9E1-633AD8362A05}.Release|Any CPU.Build.0 = Release|Any CPU
		{B209105C-CA12-4CDA-9CC5-3540D487BBB6}.Debug|Any CPU.ActiveCfg = Debug|Any CPU
		{B209105C-CA12-4CDA-9CC5-3540D487BBB6}.Debug|Any CPU.Build.0 = Debug|Any CPU
		{B209105C-CA12-4CDA-9CC5-3540D487BBB6}.Release|Any CPU.ActiveCfg = Release|Any CPU
		{B209105C-CA12-4CDA-9CC5-3540D487BBB6}.Release|Any CPU.Build.0 = Release|Any CPU
		{0BAB7DC4-552E-41C6-B216-AB831495E5D5}.Debug|Any CPU.ActiveCfg = Debug|Any CPU
		{0BAB7DC4-552E-41C6-B216-AB831495E5D5}.Debug|Any CPU.Build.0 = Debug|Any CPU
		{0BAB7DC4-552E-41C6-B216-AB831495E5D5}.Release|Any CPU.ActiveCfg = Release|Any CPU
		{0BAB7DC4-552E-41C6-B216-AB831495E5D5}.Release|Any CPU.Build.0 = Release|Any CPU
		{98BF7EEC-2A9A-4B4F-8809-E2AE23939F8A}.Debug|Any CPU.ActiveCfg = Debug|Any CPU
		{98BF7EEC-2A9A-4B4F-8809-E2AE23939F8A}.Debug|Any CPU.Build.0 = Debug|Any CPU
		{98BF7EEC-2A9A-4B4F-8809-E2AE23939F8A}.Release|Any CPU.ActiveCfg = Release|Any CPU
		{98BF7EEC-2A9A-4B4F-8809-E2AE23939F8A}.Release|Any CPU.Build.0 = Release|Any CPU
		{D3D605FA-45B0-41B6-ABC6-12CB49A81815}.Debug|Any CPU.ActiveCfg = Debug|Any CPU
		{D3D605FA-45B0-41B6-ABC6-12CB49A81815}.Debug|Any CPU.Build.0 = Debug|Any CPU
		{D3D605FA-45B0-41B6-ABC6-12CB49A81815}.Release|Any CPU.ActiveCfg = Release|Any CPU
		{D3D605FA-45B0-41B6-ABC6-12CB49A81815}.Release|Any CPU.Build.0 = Release|Any CPU
		{4EFE8391-0C06-425F-83C7-78E7FEF8717F}.Debug|Any CPU.ActiveCfg = Debug|Any CPU
		{4EFE8391-0C06-425F-83C7-78E7FEF8717F}.Debug|Any CPU.Build.0 = Debug|Any CPU
		{4EFE8391-0C06-425F-83C7-78E7FEF8717F}.Release|Any CPU.ActiveCfg = Release|Any CPU
		{4EFE8391-0C06-425F-83C7-78E7FEF8717F}.Release|Any CPU.Build.0 = Release|Any CPU
		{F221A266-01C2-4ECA-ADED-0717573BCC2E}.Debug|Any CPU.ActiveCfg = Debug|Any CPU
		{F221A266-01C2-4ECA-ADED-0717573BCC2E}.Debug|Any CPU.Build.0 = Debug|Any CPU
		{F221A266-01C2-4ECA-ADED-0717573BCC2E}.Release|Any CPU.ActiveCfg = Release|Any CPU
		{F221A266-01C2-4ECA-ADED-0717573BCC2E}.Release|Any CPU.Build.0 = Release|Any CPU
		{DE60D673-DC8E-42BF-8B3D-B70D3CCFF9BB}.Debug|Any CPU.ActiveCfg = Debug|Any CPU
		{DE60D673-DC8E-42BF-8B3D-B70D3CCFF9BB}.Debug|Any CPU.Build.0 = Debug|Any CPU
		{DE60D673-DC8E-42BF-8B3D-B70D3CCFF9BB}.Release|Any CPU.ActiveCfg = Release|Any CPU
		{DE60D673-DC8E-42BF-8B3D-B70D3CCFF9BB}.Release|Any CPU.Build.0 = Release|Any CPU
		{60A87992-BC4C-4CE5-82E3-20A1E7459162}.Debug|Any CPU.ActiveCfg = Debug|Any CPU
		{60A87992-BC4C-4CE5-82E3-20A1E7459162}.Debug|Any CPU.Build.0 = Debug|Any CPU
		{60A87992-BC4C-4CE5-82E3-20A1E7459162}.Release|Any CPU.ActiveCfg = Release|Any CPU
		{60A87992-BC4C-4CE5-82E3-20A1E7459162}.Release|Any CPU.Build.0 = Release|Any CPU
		{DB822308-7562-4404-8D85-E1DE6F5A317D}.Debug|Any CPU.ActiveCfg = Debug|Any CPU
		{DB822308-7562-4404-8D85-E1DE6F5A317D}.Debug|Any CPU.Build.0 = Debug|Any CPU
		{DB822308-7562-4404-8D85-E1DE6F5A317D}.Release|Any CPU.ActiveCfg = Release|Any CPU
		{DB822308-7562-4404-8D85-E1DE6F5A317D}.Release|Any CPU.Build.0 = Release|Any CPU
		{6D8871AA-7521-4CE6-9755-F4B99E8ED081}.Debug|Any CPU.ActiveCfg = Debug|Any CPU
		{6D8871AA-7521-4CE6-9755-F4B99E8ED081}.Debug|Any CPU.Build.0 = Debug|Any CPU
		{6D8871AA-7521-4CE6-9755-F4B99E8ED081}.Release|Any CPU.ActiveCfg = Release|Any CPU
		{6D8871AA-7521-4CE6-9755-F4B99E8ED081}.Release|Any CPU.Build.0 = Release|Any CPU
		{08AD82EF-9FC2-4225-8014-A030A9B1B356}.Debug|Any CPU.ActiveCfg = Debug|Any CPU
		{08AD82EF-9FC2-4225-8014-A030A9B1B356}.Debug|Any CPU.Build.0 = Debug|Any CPU
		{08AD82EF-9FC2-4225-8014-A030A9B1B356}.Release|Any CPU.ActiveCfg = Release|Any CPU
		{08AD82EF-9FC2-4225-8014-A030A9B1B356}.Release|Any CPU.Build.0 = Release|Any CPU
		{43AABD95-3224-4CF7-BB1D-C77A73EA01FB}.Debug|Any CPU.ActiveCfg = Debug|Any CPU
		{43AABD95-3224-4CF7-BB1D-C77A73EA01FB}.Debug|Any CPU.Build.0 = Debug|Any CPU
		{43AABD95-3224-4CF7-BB1D-C77A73EA01FB}.Release|Any CPU.ActiveCfg = Release|Any CPU
		{43AABD95-3224-4CF7-BB1D-C77A73EA01FB}.Release|Any CPU.Build.0 = Release|Any CPU
		{9EC0A3C2-A02C-4628-960A-0FB84EBACB11}.Debug|Any CPU.ActiveCfg = Debug|Any CPU
		{9EC0A3C2-A02C-4628-960A-0FB84EBACB11}.Debug|Any CPU.Build.0 = Debug|Any CPU
		{9EC0A3C2-A02C-4628-960A-0FB84EBACB11}.Release|Any CPU.ActiveCfg = Release|Any CPU
		{9EC0A3C2-A02C-4628-960A-0FB84EBACB11}.Release|Any CPU.Build.0 = Release|Any CPU
		{A1968E77-F603-42A2-B526-37BDA81F7747}.Debug|Any CPU.ActiveCfg = Debug|Any CPU
		{A1968E77-F603-42A2-B526-37BDA81F7747}.Debug|Any CPU.Build.0 = Debug|Any CPU
		{A1968E77-F603-42A2-B526-37BDA81F7747}.Release|Any CPU.ActiveCfg = Release|Any CPU
		{A1968E77-F603-42A2-B526-37BDA81F7747}.Release|Any CPU.Build.0 = Release|Any CPU
		{80FA0EFA-0B1F-495E-BDFA-590C7C9686D3}.Debug|Any CPU.ActiveCfg = Debug|Any CPU
		{80FA0EFA-0B1F-495E-BDFA-590C7C9686D3}.Debug|Any CPU.Build.0 = Debug|Any CPU
		{80FA0EFA-0B1F-495E-BDFA-590C7C9686D3}.Release|Any CPU.ActiveCfg = Release|Any CPU
		{80FA0EFA-0B1F-495E-BDFA-590C7C9686D3}.Release|Any CPU.Build.0 = Release|Any CPU
		{6205A21C-5CBE-4C10-965C-383F26246DAD}.Debug|Any CPU.ActiveCfg = Debug|Any CPU
		{6205A21C-5CBE-4C10-965C-383F26246DAD}.Debug|Any CPU.Build.0 = Debug|Any CPU
		{6205A21C-5CBE-4C10-965C-383F26246DAD}.Release|Any CPU.ActiveCfg = Release|Any CPU
		{6205A21C-5CBE-4C10-965C-383F26246DAD}.Release|Any CPU.Build.0 = Release|Any CPU
		{10DD56D7-73F5-4213-9F65-74ABCCA49938}.Debug|Any CPU.ActiveCfg = Debug|Any CPU
		{10DD56D7-73F5-4213-9F65-74ABCCA49938}.Debug|Any CPU.Build.0 = Debug|Any CPU
		{10DD56D7-73F5-4213-9F65-74ABCCA49938}.Release|Any CPU.ActiveCfg = Release|Any CPU
		{10DD56D7-73F5-4213-9F65-74ABCCA49938}.Release|Any CPU.Build.0 = Release|Any CPU
		{A7BAE2D8-E416-4B82-A709-403C313D64FF}.Debug|Any CPU.ActiveCfg = Debug|Any CPU
		{A7BAE2D8-E416-4B82-A709-403C313D64FF}.Debug|Any CPU.Build.0 = Debug|Any CPU
		{A7BAE2D8-E416-4B82-A709-403C313D64FF}.Release|Any CPU.ActiveCfg = Release|Any CPU
		{A7BAE2D8-E416-4B82-A709-403C313D64FF}.Release|Any CPU.Build.0 = Release|Any CPU
		{498026B8-A7E0-4BFA-AC4F-C43DAA2A4835}.Debug|Any CPU.ActiveCfg = Debug|Any CPU
		{498026B8-A7E0-4BFA-AC4F-C43DAA2A4835}.Debug|Any CPU.Build.0 = Debug|Any CPU
		{498026B8-A7E0-4BFA-AC4F-C43DAA2A4835}.Release|Any CPU.ActiveCfg = Release|Any CPU
		{498026B8-A7E0-4BFA-AC4F-C43DAA2A4835}.Release|Any CPU.Build.0 = Release|Any CPU
		{2888477E-5152-4CBF-B120-97DB05CBC464}.Debug|Any CPU.ActiveCfg = Debug|Any CPU
		{2888477E-5152-4CBF-B120-97DB05CBC464}.Debug|Any CPU.Build.0 = Debug|Any CPU
		{2888477E-5152-4CBF-B120-97DB05CBC464}.Release|Any CPU.ActiveCfg = Release|Any CPU
		{2888477E-5152-4CBF-B120-97DB05CBC464}.Release|Any CPU.Build.0 = Release|Any CPU
		{44376587-88C9-4988-801E-128A074DA34C}.Debug|Any CPU.ActiveCfg = Debug|Any CPU
		{44376587-88C9-4988-801E-128A074DA34C}.Debug|Any CPU.Build.0 = Debug|Any CPU
		{44376587-88C9-4988-801E-128A074DA34C}.Release|Any CPU.ActiveCfg = Release|Any CPU
		{44376587-88C9-4988-801E-128A074DA34C}.Release|Any CPU.Build.0 = Release|Any CPU
		{FD555DDD-FAA3-4FDD-86C5-1367C359270C}.Debug|Any CPU.ActiveCfg = Debug|Any CPU
		{FD555DDD-FAA3-4FDD-86C5-1367C359270C}.Debug|Any CPU.Build.0 = Debug|Any CPU
		{FD555DDD-FAA3-4FDD-86C5-1367C359270C}.Release|Any CPU.ActiveCfg = Release|Any CPU
		{FD555DDD-FAA3-4FDD-86C5-1367C359270C}.Release|Any CPU.Build.0 = Release|Any CPU
		{79A6B4BD-7843-477B-A6D2-980BEDAB9F86}.Debug|Any CPU.ActiveCfg = Debug|Any CPU
		{79A6B4BD-7843-477B-A6D2-980BEDAB9F86}.Debug|Any CPU.Build.0 = Debug|Any CPU
		{79A6B4BD-7843-477B-A6D2-980BEDAB9F86}.Release|Any CPU.ActiveCfg = Release|Any CPU
		{79A6B4BD-7843-477B-A6D2-980BEDAB9F86}.Release|Any CPU.Build.0 = Release|Any CPU
		{B0EC40C3-11D8-4F1C-B6A7-7FC8674274EC}.Debug|Any CPU.ActiveCfg = Debug|Any CPU
		{B0EC40C3-11D8-4F1C-B6A7-7FC8674274EC}.Debug|Any CPU.Build.0 = Debug|Any CPU
		{B0EC40C3-11D8-4F1C-B6A7-7FC8674274EC}.Release|Any CPU.ActiveCfg = Release|Any CPU
		{B0EC40C3-11D8-4F1C-B6A7-7FC8674274EC}.Release|Any CPU.Build.0 = Release|Any CPU
		{B4EFD38B-6CDD-4963-82FC-67A1C8C71BA8}.Debug|Any CPU.ActiveCfg = Debug|Any CPU
		{B4EFD38B-6CDD-4963-82FC-67A1C8C71BA8}.Debug|Any CPU.Build.0 = Debug|Any CPU
		{B4EFD38B-6CDD-4963-82FC-67A1C8C71BA8}.Release|Any CPU.ActiveCfg = Release|Any CPU
		{B4EFD38B-6CDD-4963-82FC-67A1C8C71BA8}.Release|Any CPU.Build.0 = Release|Any CPU
		{C38C719B-9C5C-4217-97C6-522D2975C34E}.Debug|Any CPU.ActiveCfg = Debug|Any CPU
		{C38C719B-9C5C-4217-97C6-522D2975C34E}.Debug|Any CPU.Build.0 = Debug|Any CPU
		{C38C719B-9C5C-4217-97C6-522D2975C34E}.Release|Any CPU.ActiveCfg = Release|Any CPU
		{C38C719B-9C5C-4217-97C6-522D2975C34E}.Release|Any CPU.Build.0 = Release|Any CPU
		{0BEEA4EC-FF7D-42B6-BE9F-B7D8E6A17369}.Debug|Any CPU.ActiveCfg = Debug|Any CPU
		{0BEEA4EC-FF7D-42B6-BE9F-B7D8E6A17369}.Debug|Any CPU.Build.0 = Debug|Any CPU
		{0BEEA4EC-FF7D-42B6-BE9F-B7D8E6A17369}.Release|Any CPU.ActiveCfg = Release|Any CPU
		{0BEEA4EC-FF7D-42B6-BE9F-B7D8E6A17369}.Release|Any CPU.Build.0 = Release|Any CPU
		{2FC67C23-3C11-4F13-B47D-D4E3C4E73DE0}.Debug|Any CPU.ActiveCfg = Debug|Any CPU
		{2FC67C23-3C11-4F13-B47D-D4E3C4E73DE0}.Debug|Any CPU.Build.0 = Debug|Any CPU
		{2FC67C23-3C11-4F13-B47D-D4E3C4E73DE0}.Release|Any CPU.ActiveCfg = Release|Any CPU
		{2FC67C23-3C11-4F13-B47D-D4E3C4E73DE0}.Release|Any CPU.Build.0 = Release|Any CPU
		{64B82919-3290-4866-949B-7F7EE7F8D7D9}.Debug|Any CPU.ActiveCfg = Debug|Any CPU
		{64B82919-3290-4866-949B-7F7EE7F8D7D9}.Debug|Any CPU.Build.0 = Debug|Any CPU
		{64B82919-3290-4866-949B-7F7EE7F8D7D9}.Release|Any CPU.ActiveCfg = Release|Any CPU
		{64B82919-3290-4866-949B-7F7EE7F8D7D9}.Release|Any CPU.Build.0 = Release|Any CPU
		{14BB398C-11BC-4066-9929-85E25E423273}.Debug|Any CPU.ActiveCfg = Debug|Any CPU
		{14BB398C-11BC-4066-9929-85E25E423273}.Debug|Any CPU.Build.0 = Debug|Any CPU
		{14BB398C-11BC-4066-9929-85E25E423273}.Release|Any CPU.ActiveCfg = Release|Any CPU
		{14BB398C-11BC-4066-9929-85E25E423273}.Release|Any CPU.Build.0 = Release|Any CPU
		{D289D7AB-98FD-4AB9-A415-5C5B765A088B}.Debug|Any CPU.ActiveCfg = Debug|Any CPU
		{D289D7AB-98FD-4AB9-A415-5C5B765A088B}.Debug|Any CPU.Build.0 = Debug|Any CPU
		{D289D7AB-98FD-4AB9-A415-5C5B765A088B}.Release|Any CPU.ActiveCfg = Release|Any CPU
		{D289D7AB-98FD-4AB9-A415-5C5B765A088B}.Release|Any CPU.Build.0 = Release|Any CPU
		{B13795E7-A2BA-4A3A-BBD9-AC84748A601A}.Debug|Any CPU.ActiveCfg = Debug|Any CPU
		{B13795E7-A2BA-4A3A-BBD9-AC84748A601A}.Debug|Any CPU.Build.0 = Debug|Any CPU
		{B13795E7-A2BA-4A3A-BBD9-AC84748A601A}.Release|Any CPU.ActiveCfg = Release|Any CPU
		{B13795E7-A2BA-4A3A-BBD9-AC84748A601A}.Release|Any CPU.Build.0 = Release|Any CPU
		{9DBE3CF9-2E73-49C7-9A2F-16451E5B4C5D}.Debug|Any CPU.ActiveCfg = Debug|Any CPU
		{9DBE3CF9-2E73-49C7-9A2F-16451E5B4C5D}.Debug|Any CPU.Build.0 = Debug|Any CPU
		{9DBE3CF9-2E73-49C7-9A2F-16451E5B4C5D}.Release|Any CPU.ActiveCfg = Release|Any CPU
		{9DBE3CF9-2E73-49C7-9A2F-16451E5B4C5D}.Release|Any CPU.Build.0 = Release|Any CPU
		{35B3FD76-9AA5-424B-9E04-B7FF1EF1BFC2}.Debug|Any CPU.ActiveCfg = Debug|Any CPU
		{35B3FD76-9AA5-424B-9E04-B7FF1EF1BFC2}.Debug|Any CPU.Build.0 = Debug|Any CPU
		{35B3FD76-9AA5-424B-9E04-B7FF1EF1BFC2}.Release|Any CPU.ActiveCfg = Release|Any CPU
		{35B3FD76-9AA5-424B-9E04-B7FF1EF1BFC2}.Release|Any CPU.Build.0 = Release|Any CPU
		{AEBD67D7-2487-4D54-B93F-FE8B3685E6B3}.Debug|Any CPU.ActiveCfg = Debug|Any CPU
		{AEBD67D7-2487-4D54-B93F-FE8B3685E6B3}.Debug|Any CPU.Build.0 = Debug|Any CPU
		{AEBD67D7-2487-4D54-B93F-FE8B3685E6B3}.Release|Any CPU.ActiveCfg = Release|Any CPU
		{AEBD67D7-2487-4D54-B93F-FE8B3685E6B3}.Release|Any CPU.Build.0 = Release|Any CPU
		{4D196202-276E-4B9D-A377-642CD133226D}.Debug|Any CPU.ActiveCfg = Debug|Any CPU
		{4D196202-276E-4B9D-A377-642CD133226D}.Debug|Any CPU.Build.0 = Debug|Any CPU
		{4D196202-276E-4B9D-A377-642CD133226D}.Release|Any CPU.ActiveCfg = Release|Any CPU
		{4D196202-276E-4B9D-A377-642CD133226D}.Release|Any CPU.Build.0 = Release|Any CPU
	EndGlobalSection
	GlobalSection(SolutionProperties) = preSolution
		HideSolutionNode = FALSE
	EndGlobalSection
	GlobalSection(ExtensibilityGlobals) = postSolution
		SolutionGuid = {0EC1D034-898E-4FFE-8A30-B635207A45ED}
	EndGlobalSection
EndGlobal
