
Microsoft Visual Studio Solution File, Format Version 12.00
# Visual Studio Version 17
VisualStudioVersion = 17.5.33627.172
MinimumVisualStudioVersion = 10.0.40219.1
Project("{FAE04EC0-301F-11D3-BF4B-00C04F79EFBC}") = "Prana.Installer", "Installer\Prana.Installer\Prana.Installer\Prana.Installer.csproj", "{5DE365D6-DCF8-4ABD-B64C-5F7C38F15DB3}"
EndProject
Project("{FAE04EC0-301F-11D3-BF4B-00C04F79EFBC}") = "Prana.InstallerUtilities", "Installer\Prana.Installer\Prana.InstallerUtilities\Prana.InstallerUtilities.csproj", "{3E4D0C40-F4DE-4572-9B0A-6EF61786D4AB}"
EndProject
Project("{FAE04EC0-301F-11D3-BF4B-00C04F79EFBC}") = "Prana.ConfigMerger", "Installer\Prana.Installer\Prana.ConfigMerger\Prana.ConfigMerger.csproj", "{DE1F70BB-E538-4128-8C4C-9788D4401DD9}"
EndProject
Project("{FAE04EC0-301F-11D3-BF4B-00C04F79EFBC}") = "Prana.ConfigUpdater", "Installer\Prana.Installer\Prana.ConfigUpdater\Prana.ConfigUpdater.csproj", "{E9D701E8-7590-4603-846B-D77012A6145F}"
EndProject
Global
	GlobalSection(SolutionConfigurationPlatforms) = preSolution
		Debug|Any CPU = Debug|Any CPU
		Release|Any CPU = Release|Any CPU
	EndGlobalSection
	GlobalSection(ProjectConfigurationPlatforms) = postSolution
		{5DE365D6-DCF8-4ABD-B64C-5F7C38F15DB3}.Debug|Any CPU.ActiveCfg = Debug|Any CPU
		{5DE365D6-DCF8-4ABD-B64C-5F7C38F15DB3}.Debug|Any CPU.Build.0 = Debug|Any CPU
		{5DE365D6-DCF8-4ABD-B64C-5F7C38F15DB3}.Release|Any CPU.ActiveCfg = Release|Any CPU
		{5DE365D6-DCF8-4ABD-B64C-5F7C38F15DB3}.Release|Any CPU.Build.0 = Release|Any CPU
		{3E4D0C40-F4DE-4572-9B0A-6EF61786D4AB}.Debug|Any CPU.ActiveCfg = Debug|Any CPU
		{3E4D0C40-F4DE-4572-9B0A-6EF61786D4AB}.Debug|Any CPU.Build.0 = Debug|Any CPU
		{3E4D0C40-F4DE-4572-9B0A-6EF61786D4AB}.Release|Any CPU.ActiveCfg = Release|Any CPU
		{3E4D0C40-F4DE-4572-9B0A-6EF61786D4AB}.Release|Any CPU.Build.0 = Release|Any CPU
		{DE1F70BB-E538-4128-8C4C-9788D4401DD9}.Debug|Any CPU.ActiveCfg = Debug|Any CPU
		{DE1F70BB-E538-4128-8C4C-9788D4401DD9}.Debug|Any CPU.Build.0 = Debug|Any CPU
		{DE1F70BB-E538-4128-8C4C-9788D4401DD9}.Release|Any CPU.ActiveCfg = Release|Any CPU
		{DE1F70BB-E538-4128-8C4C-9788D4401DD9}.Release|Any CPU.Build.0 = Release|Any CPU
		{E9D701E8-7590-4603-846B-D77012A6145F}.Debug|Any CPU.ActiveCfg = Debug|Any CPU
		{E9D701E8-7590-4603-846B-D77012A6145F}.Debug|Any CPU.Build.0 = Debug|Any CPU
		{E9D701E8-7590-4603-846B-D77012A6145F}.Release|Any CPU.ActiveCfg = Release|Any CPU
		{E9D701E8-7590-4603-846B-D77012A6145F}.Release|Any CPU.Build.0 = Release|Any CPU
	EndGlobalSection
	GlobalSection(SolutionProperties) = preSolution
		HideSolutionNode = FALSE
	EndGlobalSection
EndGlobal
