
Microsoft Visual Studio Solution File, Format Version 12.00
# Visual Studio Version 17
VisualStudioVersion = 17.4.33205.214
MinimumVisualStudioVersion = 10.0.40219.1
Project("{FAE04EC0-301F-11D3-BF4B-00C04F79EFBC}") = "Prana.TradeServiceUI", "Application\Prana.Server\Prana.TradeServiceUI\Prana.TradeServiceUI.csproj", "{9F30B8CD-7D95-4B2F-9B05-C81818269C0F}"
EndProject
Project("{FAE04EC0-301F-11D3-BF4B-00C04F79EFBC}") = "Prana.Interfaces", "Application\Prana.Interfaces\Prana.Interfaces.csproj", "{0BAB7DC4-552E-41C6-B216-AB831495E5D5}"
EndProject
Project("{FAE04EC0-301F-11D3-BF4B-00C04F79EFBC}") = "Prana.WCFConnectionMgr", "Application\WCFConnectionMgr\Prana.WCFConnectionMgr.csproj", "{6205A21C-5CBE-4C10-965C-383F26246DAD}"
EndProject
Project("{FAE04EC0-301F-11D3-BF4B-00C04F79EFBC}") = "Prana.Global", "Application\Prana.Global\Prana.Global.csproj", "{98BF7EEC-2A9A-4B4F-8809-E2AE23939F8A}"
EndProject
Project("{FAE04EC0-301F-11D3-BF4B-00C04F79EFBC}") = "Prana.BusinessObjects", "Application\Prana.BusinessObjects\Prana.BusinessObjects.csproj", "{B209105C-CA12-4CDA-9CC5-3540D487BBB6}"
EndProject
Project("{FAE04EC0-301F-11D3-BF4B-00C04F79EFBC}") = "Prana.Utilities", "Application\Prana.Utilities\Prana.Utilities.csproj", "{6D8871AA-7521-4CE6-9755-F4B99E8ED081}"
EndProject
Project("{FAE04EC0-301F-11D3-BF4B-00C04F79EFBC}") = "Prana.LogManager", "Prana.LogManager\Prana.LogManager.csproj", "{498026B8-A7E0-4BFA-AC4F-C43DAA2A4835}"
EndProject
Project("{FAE04EC0-301F-11D3-BF4B-00C04F79EFBC}") = "Prana.TradeServiceManager", "Application\Prana.Server\Prana.TradeServiceManager\Prana.TradeServiceManager.csproj", "{9CE28222-025B-4A44-A51F-393B798302EB}"
EndProject
Project("{FAE04EC0-301F-11D3-BF4B-00C04F79EFBC}") = "Prana.DatabaseManager", "Prana.DatabaseManager\Prana.DatabaseManager.csproj", "{2888477E-5152-4CBF-B120-97DB05CBC464}"
EndProject
Project("{FAE04EC0-301F-11D3-BF4B-00C04F79EFBC}") = "Prana.CoreService.Interfaces", "Prana.CoreService.Interfaces\Prana.CoreService.Interfaces.csproj", "{79A6B4BD-7843-477B-A6D2-980BEDAB9F86}"
EndProject
Project("{FAE04EC0-301F-11D3-BF4B-00C04F79EFBC}") = "Prana.LogManager.EnterpriseLibrary", "Prana.LogManager.EnterpriseLibrary\Prana.LogManager.EnterpriseLibrary.csproj", "{B0EC40C3-11D8-4F1C-B6A7-7FC8674274EC}"
EndProject
Project("{FAE04EC0-301F-11D3-BF4B-00C04F79EFBC}") = "Prana.Utilities.UI", "Application\Prana.Utilities.UI\Prana.Utilities.UI.csproj", "{22F06506-2258-4E7E-BE07-4DED5D8B8A6B}"
EndProject
Project("{FAE04EC0-301F-11D3-BF4B-00C04F79EFBC}") = "Prana.PubSubService.Interfaces", "Application\Prana.PubSubService.Interfaces\Prana.PubSubService.Interfaces.csproj", "{35B3FD76-9AA5-424B-9E04-B7FF1EF1BFC2}"
EndProject
Project("{FAE04EC0-301F-11D3-BF4B-00C04F79EFBC}") = "Prana.ServiceCommon.Interfaces", "Prana.ServiceCommon.Interfaces\Prana.ServiceCommon.Interfaces.csproj", "{AEBD67D7-2487-4D54-B93F-FE8B3685E6B3}"
EndProject
Global
	GlobalSection(SolutionConfigurationPlatforms) = preSolution
		Debug|Any CPU = Debug|Any CPU
		Debug|x64 = Debug|x64
		Release|Any CPU = Release|Any CPU
		Release|x64 = Release|x64
	EndGlobalSection
	GlobalSection(ProjectConfigurationPlatforms) = postSolution
		{9F30B8CD-7D95-4B2F-9B05-C81818269C0F}.Debug|Any CPU.ActiveCfg = Debug|Any CPU
		{9F30B8CD-7D95-4B2F-9B05-C81818269C0F}.Debug|Any CPU.Build.0 = Debug|Any CPU
		{9F30B8CD-7D95-4B2F-9B05-C81818269C0F}.Debug|x64.ActiveCfg = Debug|Any CPU
		{9F30B8CD-7D95-4B2F-9B05-C81818269C0F}.Release|Any CPU.ActiveCfg = Release|Any CPU
		{9F30B8CD-7D95-4B2F-9B05-C81818269C0F}.Release|Any CPU.Build.0 = Release|Any CPU
		{9F30B8CD-7D95-4B2F-9B05-C81818269C0F}.Release|x64.ActiveCfg = Release|Any CPU
		{0BAB7DC4-552E-41C6-B216-AB831495E5D5}.Debug|Any CPU.ActiveCfg = Debug|Any CPU
		{0BAB7DC4-552E-41C6-B216-AB831495E5D5}.Debug|Any CPU.Build.0 = Debug|Any CPU
		{0BAB7DC4-552E-41C6-B216-AB831495E5D5}.Debug|x64.ActiveCfg = Debug|Any CPU
		{0BAB7DC4-552E-41C6-B216-AB831495E5D5}.Debug|x64.Build.0 = Debug|Any CPU
		{0BAB7DC4-552E-41C6-B216-AB831495E5D5}.Release|Any CPU.ActiveCfg = Release|Any CPU
		{0BAB7DC4-552E-41C6-B216-AB831495E5D5}.Release|Any CPU.Build.0 = Release|Any CPU
		{0BAB7DC4-552E-41C6-B216-AB831495E5D5}.Release|x64.ActiveCfg = Release|Any CPU
		{0BAB7DC4-552E-41C6-B216-AB831495E5D5}.Release|x64.Build.0 = Release|Any CPU
		{6205A21C-5CBE-4C10-965C-383F26246DAD}.Debug|Any CPU.ActiveCfg = Debug|Any CPU
		{6205A21C-5CBE-4C10-965C-383F26246DAD}.Debug|Any CPU.Build.0 = Debug|Any CPU
		{6205A21C-5CBE-4C10-965C-383F26246DAD}.Debug|x64.ActiveCfg = Debug|Any CPU
		{6205A21C-5CBE-4C10-965C-383F26246DAD}.Debug|x64.Build.0 = Debug|Any CPU
		{6205A21C-5CBE-4C10-965C-383F26246DAD}.Release|Any CPU.ActiveCfg = Release|Any CPU
		{6205A21C-5CBE-4C10-965C-383F26246DAD}.Release|Any CPU.Build.0 = Release|Any CPU
		{6205A21C-5CBE-4C10-965C-383F26246DAD}.Release|x64.ActiveCfg = Release|Any CPU
		{6205A21C-5CBE-4C10-965C-383F26246DAD}.Release|x64.Build.0 = Release|Any CPU
		{98BF7EEC-2A9A-4B4F-8809-E2AE23939F8A}.Debug|Any CPU.ActiveCfg = Debug|Any CPU
		{98BF7EEC-2A9A-4B4F-8809-E2AE23939F8A}.Debug|Any CPU.Build.0 = Debug|Any CPU
		{98BF7EEC-2A9A-4B4F-8809-E2AE23939F8A}.Debug|x64.ActiveCfg = Debug|Any CPU
		{98BF7EEC-2A9A-4B4F-8809-E2AE23939F8A}.Debug|x64.Build.0 = Debug|Any CPU
		{98BF7EEC-2A9A-4B4F-8809-E2AE23939F8A}.Release|Any CPU.ActiveCfg = Release|Any CPU
		{98BF7EEC-2A9A-4B4F-8809-E2AE23939F8A}.Release|Any CPU.Build.0 = Release|Any CPU
		{98BF7EEC-2A9A-4B4F-8809-E2AE23939F8A}.Release|x64.ActiveCfg = Release|Any CPU
		{98BF7EEC-2A9A-4B4F-8809-E2AE23939F8A}.Release|x64.Build.0 = Release|Any CPU
		{B209105C-CA12-4CDA-9CC5-3540D487BBB6}.Debug|Any CPU.ActiveCfg = Debug|Any CPU
		{B209105C-CA12-4CDA-9CC5-3540D487BBB6}.Debug|Any CPU.Build.0 = Debug|Any CPU
		{B209105C-CA12-4CDA-9CC5-3540D487BBB6}.Debug|x64.ActiveCfg = Debug|Any CPU
		{B209105C-CA12-4CDA-9CC5-3540D487BBB6}.Debug|x64.Build.0 = Debug|Any CPU
		{B209105C-CA12-4CDA-9CC5-3540D487BBB6}.Release|Any CPU.ActiveCfg = Release|Any CPU
		{B209105C-CA12-4CDA-9CC5-3540D487BBB6}.Release|Any CPU.Build.0 = Release|Any CPU
		{B209105C-CA12-4CDA-9CC5-3540D487BBB6}.Release|x64.ActiveCfg = Release|Any CPU
		{B209105C-CA12-4CDA-9CC5-3540D487BBB6}.Release|x64.Build.0 = Release|Any CPU
		{6D8871AA-7521-4CE6-9755-F4B99E8ED081}.Debug|Any CPU.ActiveCfg = Debug|Any CPU
		{6D8871AA-7521-4CE6-9755-F4B99E8ED081}.Debug|Any CPU.Build.0 = Debug|Any CPU
		{6D8871AA-7521-4CE6-9755-F4B99E8ED081}.Debug|x64.ActiveCfg = Debug|Any CPU
		{6D8871AA-7521-4CE6-9755-F4B99E8ED081}.Debug|x64.Build.0 = Debug|Any CPU
		{6D8871AA-7521-4CE6-9755-F4B99E8ED081}.Release|Any CPU.ActiveCfg = Release|Any CPU
		{6D8871AA-7521-4CE6-9755-F4B99E8ED081}.Release|Any CPU.Build.0 = Release|Any CPU
		{6D8871AA-7521-4CE6-9755-F4B99E8ED081}.Release|x64.ActiveCfg = Release|Any CPU
		{6D8871AA-7521-4CE6-9755-F4B99E8ED081}.Release|x64.Build.0 = Release|Any CPU
		{498026B8-A7E0-4BFA-AC4F-C43DAA2A4835}.Debug|Any CPU.ActiveCfg = Debug|Any CPU
		{498026B8-A7E0-4BFA-AC4F-C43DAA2A4835}.Debug|Any CPU.Build.0 = Debug|Any CPU
		{498026B8-A7E0-4BFA-AC4F-C43DAA2A4835}.Debug|x64.ActiveCfg = Debug|Any CPU
		{498026B8-A7E0-4BFA-AC4F-C43DAA2A4835}.Release|Any CPU.ActiveCfg = Release|Any CPU
		{498026B8-A7E0-4BFA-AC4F-C43DAA2A4835}.Release|Any CPU.Build.0 = Release|Any CPU
		{498026B8-A7E0-4BFA-AC4F-C43DAA2A4835}.Release|x64.ActiveCfg = Release|Any CPU
		{9CE28222-025B-4A44-A51F-393B798302EB}.Debug|Any CPU.ActiveCfg = Debug|Any CPU
		{9CE28222-025B-4A44-A51F-393B798302EB}.Debug|Any CPU.Build.0 = Debug|Any CPU
		{9CE28222-025B-4A44-A51F-393B798302EB}.Debug|x64.ActiveCfg = Debug|Any CPU
		{9CE28222-025B-4A44-A51F-393B798302EB}.Release|Any CPU.ActiveCfg = Release|Any CPU
		{9CE28222-025B-4A44-A51F-393B798302EB}.Release|Any CPU.Build.0 = Release|Any CPU
		{9CE28222-025B-4A44-A51F-393B798302EB}.Release|x64.ActiveCfg = Release|Any CPU
		{2888477E-5152-4CBF-B120-97DB05CBC464}.Debug|Any CPU.ActiveCfg = Debug|Any CPU
		{2888477E-5152-4CBF-B120-97DB05CBC464}.Debug|Any CPU.Build.0 = Debug|Any CPU
		{2888477E-5152-4CBF-B120-97DB05CBC464}.Debug|x64.ActiveCfg = Debug|Any CPU
		{2888477E-5152-4CBF-B120-97DB05CBC464}.Release|Any CPU.ActiveCfg = Release|Any CPU
		{2888477E-5152-4CBF-B120-97DB05CBC464}.Release|Any CPU.Build.0 = Release|Any CPU
		{2888477E-5152-4CBF-B120-97DB05CBC464}.Release|x64.ActiveCfg = Release|Any CPU
		{79A6B4BD-7843-477B-A6D2-980BEDAB9F86}.Debug|Any CPU.ActiveCfg = Debug|Any CPU
		{79A6B4BD-7843-477B-A6D2-980BEDAB9F86}.Debug|Any CPU.Build.0 = Debug|Any CPU
		{79A6B4BD-7843-477B-A6D2-980BEDAB9F86}.Debug|x64.ActiveCfg = Debug|Any CPU
		{79A6B4BD-7843-477B-A6D2-980BEDAB9F86}.Release|Any CPU.ActiveCfg = Release|Any CPU
		{79A6B4BD-7843-477B-A6D2-980BEDAB9F86}.Release|Any CPU.Build.0 = Release|Any CPU
		{79A6B4BD-7843-477B-A6D2-980BEDAB9F86}.Release|x64.ActiveCfg = Release|Any CPU
		{B0EC40C3-11D8-4F1C-B6A7-7FC8674274EC}.Debug|Any CPU.ActiveCfg = Debug|Any CPU
		{B0EC40C3-11D8-4F1C-B6A7-7FC8674274EC}.Debug|Any CPU.Build.0 = Debug|Any CPU
		{B0EC40C3-11D8-4F1C-B6A7-7FC8674274EC}.Debug|x64.ActiveCfg = Debug|Any CPU
		{B0EC40C3-11D8-4F1C-B6A7-7FC8674274EC}.Release|Any CPU.ActiveCfg = Release|Any CPU
		{B0EC40C3-11D8-4F1C-B6A7-7FC8674274EC}.Release|Any CPU.Build.0 = Release|Any CPU
		{B0EC40C3-11D8-4F1C-B6A7-7FC8674274EC}.Release|x64.ActiveCfg = Release|Any CPU
		{22F06506-2258-4E7E-BE07-4DED5D8B8A6B}.Debug|Any CPU.ActiveCfg = Debug|Any CPU
		{22F06506-2258-4E7E-BE07-4DED5D8B8A6B}.Debug|Any CPU.Build.0 = Debug|Any CPU
		{22F06506-2258-4E7E-BE07-4DED5D8B8A6B}.Debug|x64.ActiveCfg = Debug|Any CPU
		{22F06506-2258-4E7E-BE07-4DED5D8B8A6B}.Release|Any CPU.ActiveCfg = Release|Any CPU
		{22F06506-2258-4E7E-BE07-4DED5D8B8A6B}.Release|Any CPU.Build.0 = Release|Any CPU
		{22F06506-2258-4E7E-BE07-4DED5D8B8A6B}.Release|x64.ActiveCfg = Release|Any CPU
		{35B3FD76-9AA5-424B-9E04-B7FF1EF1BFC2}.Debug|Any CPU.ActiveCfg = Debug|Any CPU
		{35B3FD76-9AA5-424B-9E04-B7FF1EF1BFC2}.Debug|Any CPU.Build.0 = Debug|Any CPU
		{35B3FD76-9AA5-424B-9E04-B7FF1EF1BFC2}.Debug|x64.ActiveCfg = Debug|Any CPU
		{35B3FD76-9AA5-424B-9E04-B7FF1EF1BFC2}.Debug|x64.Build.0 = Debug|Any CPU
		{35B3FD76-9AA5-424B-9E04-B7FF1EF1BFC2}.Release|Any CPU.ActiveCfg = Release|Any CPU
		{35B3FD76-9AA5-424B-9E04-B7FF1EF1BFC2}.Release|Any CPU.Build.0 = Release|Any CPU
		{35B3FD76-9AA5-424B-9E04-B7FF1EF1BFC2}.Release|x64.ActiveCfg = Release|Any CPU
		{35B3FD76-9AA5-424B-9E04-B7FF1EF1BFC2}.Release|x64.Build.0 = Release|Any CPU
		{AEBD67D7-2487-4D54-B93F-FE8B3685E6B3}.Debug|Any CPU.ActiveCfg = Debug|Any CPU
		{AEBD67D7-2487-4D54-B93F-FE8B3685E6B3}.Debug|Any CPU.Build.0 = Debug|Any CPU
		{AEBD67D7-2487-4D54-B93F-FE8B3685E6B3}.Debug|x64.ActiveCfg = Debug|Any CPU
		{AEBD67D7-2487-4D54-B93F-FE8B3685E6B3}.Debug|x64.Build.0 = Debug|Any CPU
		{AEBD67D7-2487-4D54-B93F-FE8B3685E6B3}.Release|Any CPU.ActiveCfg = Release|Any CPU
		{AEBD67D7-2487-4D54-B93F-FE8B3685E6B3}.Release|Any CPU.Build.0 = Release|Any CPU
		{AEBD67D7-2487-4D54-B93F-FE8B3685E6B3}.Release|x64.ActiveCfg = Release|Any CPU
		{AEBD67D7-2487-4D54-B93F-FE8B3685E6B3}.Release|x64.Build.0 = Release|Any CPU
	EndGlobalSection
	GlobalSection(SolutionProperties) = preSolution
		HideSolutionNode = FALSE
	EndGlobalSection
	GlobalSection(ExtensibilityGlobals) = postSolution
		SolutionGuid = {FC15AA30-7565-4532-86AB-E8765CBA8E84}
	EndGlobalSection
EndGlobal
