
Microsoft Visual Studio Solution File, Format Version 12.00
# Visual Studio 2012
Project("{54435603-DBB4-11D2-8724-00A0C9A8B90C}") = "Prana.Installer", "Installers\Prana.Client\Prana.Installer\Prana.Installer.vdproj", "{C09A9F68-4DAD-4989-9B31-9CBF90F698D7}"
	ProjectSection(ProjectDependencies) = postProject
		{0C8B0907-0D5C-4264-B7EF-F596A7335A47} = {0C8B0907-0D5C-4264-B7EF-F596A7335A47}
		{80068016-A6BF-4D35-958D-1C6998254881} = {80068016-A6BF-4D35-958D-1C6998254881}
		{892F8D61-3CCE-4CBE-8409-0C0EEE11FB2F} = {892F8D61-3CCE-4CBE-8409-0C0EEE11FB2F}
	EndProjectSection
EndProject
Project("{FAE04EC0-301F-11D3-BF4B-00C04F79EFBC}") = "Prana.InstallSettings", "Installers\Prana.Client\Prana.InstallSettings\Prana.InstallSettings.csproj", "{D9CD1B8B-2421-4DD4-BE3C-703B572F7D96}"
EndProject
Project("{FAE04EC0-301F-11D3-BF4B-00C04F79EFBC}") = "Prana.RestartSetup", "Installers\Prana.Client\Prana.RestartSetup\Prana.RestartSetup.csproj", "{80068016-A6BF-4D35-958D-1C6998254881}"
EndProject
Project("{FAE04EC0-301F-11D3-BF4B-00C04F79EFBC}") = "Prana.Client.Installer", "Installers\Prana.Client\Prana.Client.Installer\Prana.Client.Installer.csproj", "{892F8D61-3CCE-4CBE-8409-0C0EEE11FB2F}"
EndProject
Project("{FAE04EC0-301F-11D3-BF4B-00C04F79EFBC}") = "Prana.ConfigUpdater", "Installers\Prana.ConfigUpdater\Prana.ConfigUpdater.csproj", "{57577D7A-7050-4C75-8B6B-467D66DADA97}"
EndProject
Project("{FAE04EC0-301F-11D3-BF4B-00C04F79EFBC}") = "Prana.Client.Installer.Utilities", "Installers\Prana.Client\Prana.Client.Installer.Utilities\Prana.Client.Installer.Utilities.csproj", "{0C8B0907-0D5C-4264-B7EF-F596A7335A47}"
EndProject
Project("{FAE04EC0-301F-11D3-BF4B-00C04F79EFBC}") = "Prana.Client.Installer.UpdateService", "Installers\Prana.Client\Prana.Client.Installer.UpdateService\Prana.Client.Installer.UpdateService.csproj", "{B9DA2B67-E1AC-4357-8AB1-C920CDBD5C7C}"
EndProject
Global
	GlobalSection(SolutionConfigurationPlatforms) = preSolution
		Debug|Any CPU = Debug|Any CPU
		Release|Any CPU = Release|Any CPU
	EndGlobalSection
	GlobalSection(ProjectConfigurationPlatforms) = postSolution
		{C09A9F68-4DAD-4989-9B31-9CBF90F698D7}.Debug|Any CPU.ActiveCfg = Debug
		{C09A9F68-4DAD-4989-9B31-9CBF90F698D7}.Release|Any CPU.ActiveCfg = Release
		{C09A9F68-4DAD-4989-9B31-9CBF90F698D7}.Release|Any CPU.Build.0 = Release
		{D9CD1B8B-2421-4DD4-BE3C-703B572F7D96}.Debug|Any CPU.ActiveCfg = Debug|Any CPU
		{D9CD1B8B-2421-4DD4-BE3C-703B572F7D96}.Debug|Any CPU.Build.0 = Debug|Any CPU
		{D9CD1B8B-2421-4DD4-BE3C-703B572F7D96}.Release|Any CPU.ActiveCfg = Release|Any CPU
		{D9CD1B8B-2421-4DD4-BE3C-703B572F7D96}.Release|Any CPU.Build.0 = Release|Any CPU
		{80068016-A6BF-4D35-958D-1C6998254881}.Debug|Any CPU.ActiveCfg = Debug|Any CPU
		{80068016-A6BF-4D35-958D-1C6998254881}.Debug|Any CPU.Build.0 = Debug|Any CPU
		{80068016-A6BF-4D35-958D-1C6998254881}.Release|Any CPU.ActiveCfg = Release|Any CPU
		{80068016-A6BF-4D35-958D-1C6998254881}.Release|Any CPU.Build.0 = Release|Any CPU
		{892F8D61-3CCE-4CBE-8409-0C0EEE11FB2F}.Debug|Any CPU.ActiveCfg = Debug|Any CPU
		{892F8D61-3CCE-4CBE-8409-0C0EEE11FB2F}.Debug|Any CPU.Build.0 = Debug|Any CPU
		{892F8D61-3CCE-4CBE-8409-0C0EEE11FB2F}.Release|Any CPU.ActiveCfg = Release|Any CPU
		{892F8D61-3CCE-4CBE-8409-0C0EEE11FB2F}.Release|Any CPU.Build.0 = Release|Any CPU
		{57577D7A-7050-4C75-8B6B-467D66DADA97}.Debug|Any CPU.ActiveCfg = Debug|Any CPU
		{57577D7A-7050-4C75-8B6B-467D66DADA97}.Debug|Any CPU.Build.0 = Debug|Any CPU
		{57577D7A-7050-4C75-8B6B-467D66DADA97}.Release|Any CPU.ActiveCfg = Release|Any CPU
		{57577D7A-7050-4C75-8B6B-467D66DADA97}.Release|Any CPU.Build.0 = Release|Any CPU
		{0C8B0907-0D5C-4264-B7EF-F596A7335A47}.Debug|Any CPU.ActiveCfg = Debug|Any CPU
		{0C8B0907-0D5C-4264-B7EF-F596A7335A47}.Debug|Any CPU.Build.0 = Debug|Any CPU
		{0C8B0907-0D5C-4264-B7EF-F596A7335A47}.Release|Any CPU.ActiveCfg = Release|Any CPU
		{0C8B0907-0D5C-4264-B7EF-F596A7335A47}.Release|Any CPU.Build.0 = Release|Any CPU
		{B9DA2B67-E1AC-4357-8AB1-C920CDBD5C7C}.Debug|Any CPU.ActiveCfg = Debug|Any CPU
		{B9DA2B67-E1AC-4357-8AB1-C920CDBD5C7C}.Debug|Any CPU.Build.0 = Debug|Any CPU
		{B9DA2B67-E1AC-4357-8AB1-C920CDBD5C7C}.Release|Any CPU.ActiveCfg = Release|Any CPU
		{B9DA2B67-E1AC-4357-8AB1-C920CDBD5C7C}.Release|Any CPU.Build.0 = Release|Any CPU
	EndGlobalSection
	GlobalSection(SolutionProperties) = preSolution
		HideSolutionNode = FALSE
	EndGlobalSection
EndGlobal
