
Microsoft Visual Studio Solution File, Format Version 9.00
# Visual Studio 2005
Project("{FAE04EC0-301F-11D3-BF4B-00C04F79EFBC}") = "Prana.BusinessObjects", "..\..\Prana.BusinessObjects\Prana.BusinessObjects.csproj", "{B209105C-CA12-4CDA-9CC5-3540D487BBB6}"
EndProject
Project("{FAE04EC0-301F-11D3-BF4B-00C04F79EFBC}") = "Prana.Global", "..\..\Prana.Global\Prana.Global.csproj", "{98BF7EEC-2A9A-4B4F-8809-E2AE23939F8A}"
EndProject
Project("{FAE04EC0-301F-11D3-BF4B-00C04F79EFBC}") = "Prana.Interfaces", "..\..\Prana.Interfaces\Prana.Interfaces.csproj", "{0BAB7DC4-552E-41C6-B216-AB831495E5D5}"
EndProject
Project("{FAE04EC0-301F-11D3-BF4B-00C04F79EFBC}") = "Prana.Utilities", "..\..\Prana.Utilities\Prana.Utilities.csproj", "{6D8871AA-7521-4CE6-9755-F4B99E8ED081}"
EndProject
Project("{FAE04EC0-301F-11D3-BF4B-00C04F79EFBC}") = "Prana.ClientCommon", "..\Prana.ClientCommon\Prana.ClientCommon.csproj", "{A28AE507-104B-45C5-BCB1-CE51394E3620}"
EndProject
Project("{FAE04EC0-301F-11D3-BF4B-00C04F79EFBC}") = "PranaAlgoStrategyControlsUCEndTime", "ClassLibrary1\PranaAlgoStrategyControlsUCEndTime.csproj", "{F6494C0C-1A4A-41C0-AC7E-6446FF958CDC}"
EndProject
Project("{FAE04EC0-301F-11D3-BF4B-00C04F79EFBC}") = "PranaAlgoStrategyControlsUCStartTime", "ClassLibrary2\PranaAlgoStrategyControlsUCStartTime.csproj", "{15335EEB-7358-4FAA-A8ED-987F79A8BC6F}"
EndProject
Project("{FAE04EC0-301F-11D3-BF4B-00C04F79EFBC}") = "PranaAlgoStrategyControlsUCParticipationRate", "ClassLibrary3\PranaAlgoStrategyControlsUCParticipationRate.csproj", "{C01B0151-9FA1-41C3-A33B-4A32F264D036}"
EndProject
Project("{FAE04EC0-301F-11D3-BF4B-00C04F79EFBC}") = "PranaAlgoStrategyControlsUCOnOpen", "ClassLibrary4\PranaAlgoStrategyControlsUCOnOpen.csproj", "{CDC7EF78-A00D-4B5A-A500-DB31E2B45F48}"
EndProject
Project("{FAE04EC0-301F-11D3-BF4B-00C04F79EFBC}") = "PranaAlgoStrategyControlsUCOnCloseandType", "ClassLibrary5\PranaAlgoStrategyControlsUCOnCloseandType.csproj", "{132F431F-652A-49C0-81AC-1DB921BE02A8}"
EndProject
Project("{FAE04EC0-301F-11D3-BF4B-00C04F79EFBC}") = "PranaAlgoStrategyControlsUCOnClose", "ClassLibrary6\PranaAlgoStrategyControlsUCOnClose.csproj", "{7E180C04-2F09-49E7-A483-3F141C3547FE}"
EndProject
Project("{FAE04EC0-301F-11D3-BF4B-00C04F79EFBC}") = "PranaAlgoStrategyControlsUCExecutionMode", "ClassLibrary7\PranaAlgoStrategyControlsUCExecutionMode.csproj", "{D1291ECA-FF3C-4B6C-81DF-2DE12E81C0CD}"
EndProject
Project("{FAE04EC0-301F-11D3-BF4B-00C04F79EFBC}") = "PranaAlgoStrategyControlsUCEndTimeandDuration", "ClassLibrary8\PranaAlgoStrategyControlsUCEndTimeandDuration.csproj", "{E6B4A775-5F7E-4129-928F-3B5F48023D3E}"
EndProject
Project("{FAE04EC0-301F-11D3-BF4B-00C04F79EFBC}") = "PranaAlgoStrategyControlsSpinner", "PranaAlgoStrategyControlsSpinner\PranaAlgoStrategyControlsSpinner.csproj", "{60D8C317-AE83-4739-B63B-27DCF9323B66}"
EndProject
Project("{FAE04EC0-301F-11D3-BF4B-00C04F79EFBC}") = "PranaAlgoStrategyControlsNoPost", "PranaAlgoStrategyControlsNoPost\PranaAlgoStrategyControlsNoPost.csproj", "{E22FB7D4-13D8-4354-BE73-B2671360AB04}"
EndProject
Global
	GlobalSection(TeamFoundationVersionControl) = preSolution
		SccNumberOfProjects = 16
		SccEnterpriseProvider = {4CA58AB2-18FA-4F8D-95D4-32DDF27D184C}
		SccTeamFoundationServer = http://vs20052k3e:8080/
		SccLocalPath0 = .
		SccProjectUniqueName1 = ..\\..\\Prana.BusinessObjects\\Prana.BusinessObjects.csproj
		SccProjectName1 = ../../Prana.BusinessObjects
		SccLocalPath1 = ..\\..\\Prana.BusinessObjects
		SccProjectUniqueName2 = ..\\..\\Prana.Global\\Prana.Global.csproj
		SccProjectName2 = ../../Prana.Global
		SccLocalPath2 = ..\\..\\Prana.Global
		SccProjectUniqueName3 = ..\\..\\Prana.Interfaces\\Prana.Interfaces.csproj
		SccProjectName3 = ../../Prana.Interfaces
		SccLocalPath3 = ..\\..\\Prana.Interfaces
		SccProjectUniqueName4 = ..\\..\\Prana.Utilities\\Prana.Utilities.csproj
		SccProjectName4 = ../../Prana.Utilities
		SccLocalPath4 = ..\\..\\Prana.Utilities
		SccProjectUniqueName5 = ..\\Prana.ClientCommon\\Prana.ClientCommon.csproj
		SccProjectName5 = ../Prana.ClientCommon
		SccLocalPath5 = ..\\Prana.ClientCommon
		SccProjectUniqueName6 = ClassLibrary1\\PranaAlgoStrategyControlsUCEndTime.csproj
		SccProjectName6 = ClassLibrary1
		SccLocalPath6 = ClassLibrary1
		SccProjectUniqueName7 = ClassLibrary2\\PranaAlgoStrategyControlsUCStartTime.csproj
		SccProjectName7 = ClassLibrary2
		SccLocalPath7 = ClassLibrary2
		SccProjectUniqueName8 = ClassLibrary3\\PranaAlgoStrategyControlsUCParticipationRate.csproj
		SccProjectName8 = ClassLibrary3
		SccLocalPath8 = ClassLibrary3
		SccProjectUniqueName9 = ClassLibrary4\\PranaAlgoStrategyControlsUCOnOpen.csproj
		SccProjectName9 = ClassLibrary4
		SccLocalPath9 = ClassLibrary4
		SccProjectUniqueName10 = ClassLibrary5\\PranaAlgoStrategyControlsUCOnCloseandType.csproj
		SccProjectName10 = ClassLibrary5
		SccLocalPath10 = ClassLibrary5
		SccProjectUniqueName11 = ClassLibrary6\\PranaAlgoStrategyControlsUCOnClose.csproj
		SccProjectName11 = ClassLibrary6
		SccLocalPath11 = ClassLibrary6
		SccProjectUniqueName12 = ClassLibrary7\\PranaAlgoStrategyControlsUCExecutionMode.csproj
		SccProjectName12 = ClassLibrary7
		SccLocalPath12 = ClassLibrary7
		SccProjectUniqueName13 = ClassLibrary8\\PranaAlgoStrategyControlsUCEndTimeandDuration.csproj
		SccProjectName13 = ClassLibrary8
		SccLocalPath13 = ClassLibrary8
		SccProjectUniqueName14 = PranaAlgoStrategyControlsSpinner\\PranaAlgoStrategyControlsSpinner.csproj
		SccProjectName14 = PranaAlgoStrategyControlsSpinner
		SccLocalPath14 = PranaAlgoStrategyControlsSpinner
		SccProjectUniqueName15 = PranaAlgoStrategyControlsNoPost\\PranaAlgoStrategyControlsNoPost.csproj
		SccProjectName15 = PranaAlgoStrategyControlsNoPost
		SccLocalPath15 = PranaAlgoStrategyControlsNoPost
	EndGlobalSection
	GlobalSection(SolutionConfigurationPlatforms) = preSolution
		Debug|Any CPU = Debug|Any CPU
		Release|Any CPU = Release|Any CPU
	EndGlobalSection
	GlobalSection(ProjectConfigurationPlatforms) = postSolution
		{B209105C-CA12-4CDA-9CC5-3540D487BBB6}.Debug|Any CPU.ActiveCfg = Debug|Any CPU
		{B209105C-CA12-4CDA-9CC5-3540D487BBB6}.Debug|Any CPU.Build.0 = Debug|Any CPU
		{B209105C-CA12-4CDA-9CC5-3540D487BBB6}.Release|Any CPU.ActiveCfg = Release|Any CPU
		{B209105C-CA12-4CDA-9CC5-3540D487BBB6}.Release|Any CPU.Build.0 = Release|Any CPU
		{98BF7EEC-2A9A-4B4F-8809-E2AE23939F8A}.Debug|Any CPU.ActiveCfg = Debug|Any CPU
		{98BF7EEC-2A9A-4B4F-8809-E2AE23939F8A}.Debug|Any CPU.Build.0 = Debug|Any CPU
		{98BF7EEC-2A9A-4B4F-8809-E2AE23939F8A}.Release|Any CPU.ActiveCfg = Release|Any CPU
		{98BF7EEC-2A9A-4B4F-8809-E2AE23939F8A}.Release|Any CPU.Build.0 = Release|Any CPU
		{0BAB7DC4-552E-41C6-B216-AB831495E5D5}.Debug|Any CPU.ActiveCfg = Debug|Any CPU
		{0BAB7DC4-552E-41C6-B216-AB831495E5D5}.Debug|Any CPU.Build.0 = Debug|Any CPU
		{0BAB7DC4-552E-41C6-B216-AB831495E5D5}.Release|Any CPU.ActiveCfg = Release|Any CPU
		{0BAB7DC4-552E-41C6-B216-AB831495E5D5}.Release|Any CPU.Build.0 = Release|Any CPU
		{6D8871AA-7521-4CE6-9755-F4B99E8ED081}.Debug|Any CPU.ActiveCfg = Debug|Any CPU
		{6D8871AA-7521-4CE6-9755-F4B99E8ED081}.Debug|Any CPU.Build.0 = Debug|Any CPU
		{6D8871AA-7521-4CE6-9755-F4B99E8ED081}.Release|Any CPU.ActiveCfg = Release|Any CPU
		{6D8871AA-7521-4CE6-9755-F4B99E8ED081}.Release|Any CPU.Build.0 = Release|Any CPU
		{A28AE507-104B-45C5-BCB1-CE51394E3620}.Debug|Any CPU.ActiveCfg = Debug|Any CPU
		{A28AE507-104B-45C5-BCB1-CE51394E3620}.Debug|Any CPU.Build.0 = Debug|Any CPU
		{A28AE507-104B-45C5-BCB1-CE51394E3620}.Release|Any CPU.ActiveCfg = Release|Any CPU
		{A28AE507-104B-45C5-BCB1-CE51394E3620}.Release|Any CPU.Build.0 = Release|Any CPU
		{F6494C0C-1A4A-41C0-AC7E-6446FF958CDC}.Debug|Any CPU.ActiveCfg = Debug|Any CPU
		{F6494C0C-1A4A-41C0-AC7E-6446FF958CDC}.Debug|Any CPU.Build.0 = Debug|Any CPU
		{F6494C0C-1A4A-41C0-AC7E-6446FF958CDC}.Release|Any CPU.ActiveCfg = Release|Any CPU
		{F6494C0C-1A4A-41C0-AC7E-6446FF958CDC}.Release|Any CPU.Build.0 = Release|Any CPU
		{15335EEB-7358-4FAA-A8ED-987F79A8BC6F}.Debug|Any CPU.ActiveCfg = Debug|Any CPU
		{15335EEB-7358-4FAA-A8ED-987F79A8BC6F}.Debug|Any CPU.Build.0 = Debug|Any CPU
		{15335EEB-7358-4FAA-A8ED-987F79A8BC6F}.Release|Any CPU.ActiveCfg = Release|Any CPU
		{15335EEB-7358-4FAA-A8ED-987F79A8BC6F}.Release|Any CPU.Build.0 = Release|Any CPU
		{C01B0151-9FA1-41C3-A33B-4A32F264D036}.Debug|Any CPU.ActiveCfg = Debug|Any CPU
		{C01B0151-9FA1-41C3-A33B-4A32F264D036}.Debug|Any CPU.Build.0 = Debug|Any CPU
		{C01B0151-9FA1-41C3-A33B-4A32F264D036}.Release|Any CPU.ActiveCfg = Release|Any CPU
		{C01B0151-9FA1-41C3-A33B-4A32F264D036}.Release|Any CPU.Build.0 = Release|Any CPU
		{CDC7EF78-A00D-4B5A-A500-DB31E2B45F48}.Debug|Any CPU.ActiveCfg = Debug|Any CPU
		{CDC7EF78-A00D-4B5A-A500-DB31E2B45F48}.Debug|Any CPU.Build.0 = Debug|Any CPU
		{CDC7EF78-A00D-4B5A-A500-DB31E2B45F48}.Release|Any CPU.ActiveCfg = Release|Any CPU
		{CDC7EF78-A00D-4B5A-A500-DB31E2B45F48}.Release|Any CPU.Build.0 = Release|Any CPU
		{132F431F-652A-49C0-81AC-1DB921BE02A8}.Debug|Any CPU.ActiveCfg = Debug|Any CPU
		{132F431F-652A-49C0-81AC-1DB921BE02A8}.Debug|Any CPU.Build.0 = Debug|Any CPU
		{132F431F-652A-49C0-81AC-1DB921BE02A8}.Release|Any CPU.ActiveCfg = Release|Any CPU
		{132F431F-652A-49C0-81AC-1DB921BE02A8}.Release|Any CPU.Build.0 = Release|Any CPU
		{7E180C04-2F09-49E7-A483-3F141C3547FE}.Debug|Any CPU.ActiveCfg = Debug|Any CPU
		{7E180C04-2F09-49E7-A483-3F141C3547FE}.Debug|Any CPU.Build.0 = Debug|Any CPU
		{7E180C04-2F09-49E7-A483-3F141C3547FE}.Release|Any CPU.ActiveCfg = Release|Any CPU
		{7E180C04-2F09-49E7-A483-3F141C3547FE}.Release|Any CPU.Build.0 = Release|Any CPU
		{D1291ECA-FF3C-4B6C-81DF-2DE12E81C0CD}.Debug|Any CPU.ActiveCfg = Debug|Any CPU
		{D1291ECA-FF3C-4B6C-81DF-2DE12E81C0CD}.Debug|Any CPU.Build.0 = Debug|Any CPU
		{D1291ECA-FF3C-4B6C-81DF-2DE12E81C0CD}.Release|Any CPU.ActiveCfg = Release|Any CPU
		{D1291ECA-FF3C-4B6C-81DF-2DE12E81C0CD}.Release|Any CPU.Build.0 = Release|Any CPU
		{E6B4A775-5F7E-4129-928F-3B5F48023D3E}.Debug|Any CPU.ActiveCfg = Debug|Any CPU
		{E6B4A775-5F7E-4129-928F-3B5F48023D3E}.Debug|Any CPU.Build.0 = Debug|Any CPU
		{E6B4A775-5F7E-4129-928F-3B5F48023D3E}.Release|Any CPU.ActiveCfg = Release|Any CPU
		{E6B4A775-5F7E-4129-928F-3B5F48023D3E}.Release|Any CPU.Build.0 = Release|Any CPU
		{60D8C317-AE83-4739-B63B-27DCF9323B66}.Debug|Any CPU.ActiveCfg = Debug|Any CPU
		{60D8C317-AE83-4739-B63B-27DCF9323B66}.Debug|Any CPU.Build.0 = Debug|Any CPU
		{60D8C317-AE83-4739-B63B-27DCF9323B66}.Release|Any CPU.ActiveCfg = Release|Any CPU
		{60D8C317-AE83-4739-B63B-27DCF9323B66}.Release|Any CPU.Build.0 = Release|Any CPU
		{E22FB7D4-13D8-4354-BE73-B2671360AB04}.Debug|Any CPU.ActiveCfg = Debug|Any CPU
		{E22FB7D4-13D8-4354-BE73-B2671360AB04}.Debug|Any CPU.Build.0 = Debug|Any CPU
		{E22FB7D4-13D8-4354-BE73-B2671360AB04}.Release|Any CPU.ActiveCfg = Release|Any CPU
		{E22FB7D4-13D8-4354-BE73-B2671360AB04}.Release|Any CPU.Build.0 = Release|Any CPU
	EndGlobalSection
	GlobalSection(SolutionProperties) = preSolution
		HideSolutionNode = FALSE
	EndGlobalSection
EndGlobal
