
Microsoft Visual Studio Solution File, Format Version 9.00
# Visual Studio 2005
Project("{FAE04EC0-301F-11D3-BF4B-00C04F79EFBC}") = "RMStart", "RMStart\RMStart.csproj", "{67866D0B-8FD2-49CB-993E-FB710D9171FE}"
EndProject
Project("{FAE04EC0-301F-11D3-BF4B-00C04F79EFBC}") = "Nirvana.Admin.RiskManagement", "..\NirvanaSuperAdmin\Nirvana.Admin.RiskManagement\Nirvana.Admin.RiskManagement.csproj", "{2C180E8F-8ED9-41E4-BF5F-0961A5305270}"
EndProject
Project("{FAE04EC0-301F-11D3-BF4B-00C04F79EFBC}") = "Nirvana.Admin.BLL", "..\NirvanaSuperAdmin\Nirvana.Admin.BLL\Nirvana.Admin.BLL.csproj", "{F015C504-985F-44AA-92EC-E6F8C8461F9C}"
EndProject
Project("{FAE04EC0-301F-11D3-BF4B-00C04F79EFBC}") = "Nirvana.Admin.Utility", "..\NirvanaSuperAdmin\Nirvana.Admin.Utility\Nirvana.Admin.Utility.csproj", "{F607BA15-449F-4064-AE8C-BD16FE329BAA}"
EndProject
Project("{FAE04EC0-301F-11D3-BF4B-00C04F79EFBC}") = "Nirvana.Global", "..\..\Application\Nirvana.Global\Nirvana.Global.csproj", "{98BF7EEC-2A9A-4B4F-8809-E2AE23939F8A}"
EndProject
Project("{FAE04EC0-301F-11D3-BF4B-00C04F79EFBC}") = "TestProject", "TestProject\TestProject.csproj", "{20E6D760-4EAD-4017-B6A1-09A4281A69A6}"
EndProject
Project("{2150E333-8FDC-42A3-9474-1A3956D46DE8}") = "Solution Items", "Solution Items", "{C0F07F41-A4BD-4677-B55F-9D7D33E39AA4}"
	ProjectSection(SolutionItems) = preProject
		localtestrun.testrunconfig = localtestrun.testrunconfig
		NewRMSolution.vsmdi = NewRMSolution.vsmdi
	EndProjectSection
EndProject
Global
	GlobalSection(TeamFoundationVersionControl) = preSolution
		SccNumberOfProjects = 7
		SccEnterpriseProvider = {4CA58AB2-18FA-4F8D-95D4-32DDF27D184C}
		SccTeamFoundationServer = http://vs20052k3e:8080/
		SccLocalPath0 = .
		SccProjectUniqueName1 = RMStart\\RMStart.csproj
		SccProjectName1 = RMStart
		SccLocalPath1 = RMStart
		SccProjectUniqueName2 = ..\\..\\Application\\Nirvana.Global\\Nirvana.Global.csproj
		SccProjectName2 = ../../Application/Nirvana.Global
		SccLocalPath2 = ..\\..\\Application\\Nirvana.Global
		SccProjectUniqueName3 = ..\\NirvanaSuperAdmin\\Nirvana.Admin.RiskManagement\\Nirvana.Admin.RiskManagement.csproj
		SccProjectName3 = ../NirvanaSuperAdmin/Nirvana.Admin.RiskManagement
		SccLocalPath3 = ..\\NirvanaSuperAdmin\\Nirvana.Admin.RiskManagement
		SccProjectUniqueName4 = ..\\NirvanaSuperAdmin\\Nirvana.Admin.BLL\\Nirvana.Admin.BLL.csproj
		SccProjectName4 = ../NirvanaSuperAdmin/Nirvana.Admin.BLL
		SccLocalPath4 = ..\\NirvanaSuperAdmin\\Nirvana.Admin.BLL
		SccProjectUniqueName5 = ..\\NirvanaSuperAdmin\\Nirvana.Admin.Utility\\Nirvana.Admin.Utility.csproj
		SccProjectName5 = ../NirvanaSuperAdmin/Nirvana.Admin.Utility
		SccLocalPath5 = ..\\NirvanaSuperAdmin\\Nirvana.Admin.Utility
		SccProjectUniqueName6 = TestProject\\TestProject.csproj
		SccProjectName6 = TestProject
		SccLocalPath6 = TestProject
	EndGlobalSection
	GlobalSection(TestCaseManagementSettings) = postSolution
		CategoryFile = NewRMSolution.vsmdi
	EndGlobalSection
	GlobalSection(SolutionConfigurationPlatforms) = preSolution
		Debug|Any CPU = Debug|Any CPU
		Release|Any CPU = Release|Any CPU
	EndGlobalSection
	GlobalSection(ProjectConfigurationPlatforms) = postSolution
		{67866D0B-8FD2-49CB-993E-FB710D9171FE}.Debug|Any CPU.ActiveCfg = Debug|Any CPU
		{67866D0B-8FD2-49CB-993E-FB710D9171FE}.Debug|Any CPU.Build.0 = Debug|Any CPU
		{67866D0B-8FD2-49CB-993E-FB710D9171FE}.Release|Any CPU.ActiveCfg = Release|Any CPU
		{67866D0B-8FD2-49CB-993E-FB710D9171FE}.Release|Any CPU.Build.0 = Release|Any CPU
		{2C180E8F-8ED9-41E4-BF5F-0961A5305270}.Debug|Any CPU.ActiveCfg = Debug|Any CPU
		{2C180E8F-8ED9-41E4-BF5F-0961A5305270}.Debug|Any CPU.Build.0 = Debug|Any CPU
		{2C180E8F-8ED9-41E4-BF5F-0961A5305270}.Release|Any CPU.ActiveCfg = Release|Any CPU
		{2C180E8F-8ED9-41E4-BF5F-0961A5305270}.Release|Any CPU.Build.0 = Release|Any CPU
		{F015C504-985F-44AA-92EC-E6F8C8461F9C}.Debug|Any CPU.ActiveCfg = Debug|Any CPU
		{F015C504-985F-44AA-92EC-E6F8C8461F9C}.Debug|Any CPU.Build.0 = Debug|Any CPU
		{F015C504-985F-44AA-92EC-E6F8C8461F9C}.Release|Any CPU.ActiveCfg = Release|Any CPU
		{F015C504-985F-44AA-92EC-E6F8C8461F9C}.Release|Any CPU.Build.0 = Release|Any CPU
		{F607BA15-449F-4064-AE8C-BD16FE329BAA}.Debug|Any CPU.ActiveCfg = Debug|Any CPU
		{F607BA15-449F-4064-AE8C-BD16FE329BAA}.Debug|Any CPU.Build.0 = Debug|Any CPU
		{F607BA15-449F-4064-AE8C-BD16FE329BAA}.Release|Any CPU.ActiveCfg = Release|Any CPU
		{F607BA15-449F-4064-AE8C-BD16FE329BAA}.Release|Any CPU.Build.0 = Release|Any CPU
		{98BF7EEC-2A9A-4B4F-8809-E2AE23939F8A}.Debug|Any CPU.ActiveCfg = Debug|Any CPU
		{98BF7EEC-2A9A-4B4F-8809-E2AE23939F8A}.Debug|Any CPU.Build.0 = Debug|Any CPU
		{98BF7EEC-2A9A-4B4F-8809-E2AE23939F8A}.Release|Any CPU.ActiveCfg = Release|Any CPU
		{98BF7EEC-2A9A-4B4F-8809-E2AE23939F8A}.Release|Any CPU.Build.0 = Release|Any CPU
		{20E6D760-4EAD-4017-B6A1-09A4281A69A6}.Debug|Any CPU.ActiveCfg = Debug|Any CPU
		{20E6D760-4EAD-4017-B6A1-09A4281A69A6}.Debug|Any CPU.Build.0 = Debug|Any CPU
		{20E6D760-4EAD-4017-B6A1-09A4281A69A6}.Release|Any CPU.ActiveCfg = Release|Any CPU
		{20E6D760-4EAD-4017-B6A1-09A4281A69A6}.Release|Any CPU.Build.0 = Release|Any CPU
	EndGlobalSection
	GlobalSection(SolutionProperties) = preSolution
		HideSolutionNode = FALSE
	EndGlobalSection
EndGlobal
