
Microsoft Visual Studio Solution File, Format Version 9.00
# Visual Studio 2005
Project("{FAE04EC0-301F-11D3-BF4B-00C04F79EFBC}") = "Nirvana.RiskManagement", "Nirvana.RiskManagement\Nirvana.RiskManagement.csproj", "{AFEC2174-71E9-47E5-BF29-A938D916B042}"
EndProject
Project("{FAE04EC0-301F-11D3-BF4B-00C04F79EFBC}") = "Nirvana.BusinessObjects", "D:\ram\Projects\Nirvana\Code\Application\Nirvana.BusinessObjects\Nirvana.BusinessObjects.csproj", "{B209105C-CA12-4CDA-9CC5-3540D487BBB6}"
EndProject
Project("{FAE04EC0-301F-11D3-BF4B-00C04F79EFBC}") = "Nirvana.ExposureAndPNLCalculator", "D:\ram\Projects\Nirvana\Code\Application\Nirvana.ExposureAndPNLCalculator\Nirvana.ExposureAndPNLCalculator\Nirvana.ExposureAndPNLCalculator.csproj", "{4DE35B6A-43E2-4C84-BCF2-E5BAE15CC2BC}"
EndProject
Project("{FAE04EC0-301F-11D3-BF4B-00C04F79EFBC}") = "Nirvana.Admin.Utility", "..\..\ApplicationAdmin\NirvanaSuperAdmin\Nirvana.Admin.Utility\Nirvana.Admin.Utility.csproj", "{F607BA15-449F-4064-AE8C-BD16FE329BAA}"
EndProject
Project("{FAE04EC0-301F-11D3-BF4B-00C04F79EFBC}") = "Nirvana.Global", "..\Nirvana.Global\Nirvana.Global.csproj", "{98BF7EEC-2A9A-4B4F-8809-E2AE23939F8A}"
EndProject
Project("{FAE04EC0-301F-11D3-BF4B-00C04F79EFBC}") = "Nirvana.Admin.BLL", "..\..\ApplicationAdmin\NirvanaSuperAdmin\Nirvana.Admin.BLL\Nirvana.Admin.BLL.csproj", "{F015C504-985F-44AA-92EC-E6F8C8461F9C}"
EndProject
Project("{FAE04EC0-301F-11D3-BF4B-00C04F79EFBC}") = "Nirvana.RuleEngine.Core", "Nirvana.RiskManagement.RiskRuleEngine.Core\Nirvana.RuleEngine.Core.csproj", "{CF4726A9-FBDF-4F5C-B3FC-2A7B32E3CEA4}"
EndProject
Project("{FAE04EC0-301F-11D3-BF4B-00C04F79EFBC}") = "Nirvana.RiskManagement.RiskRuleEngine.BusinessRules", "Nirvana.RiskManagement.RiskRuleEngine.BusinessRules\Nirvana.RiskManagement.RiskRuleEngine.BusinessRules.csproj", "{A7943E93-71A6-4992-8027-BB48897CF037}"
EndProject
Global
	GlobalSection(TeamFoundationVersionControl) = preSolution
		SccNumberOfProjects = 9
		SccEnterpriseProvider = {4CA58AB2-18FA-4F8D-95D4-32DDF27D184C}
		SccTeamFoundationServer = http://vs20052k3e:8080/
		SccLocalPath0 = .
		SccProjectUniqueName1 = Nirvana.RiskManagement\\Nirvana.RiskManagement.csproj
		SccProjectName1 = Nirvana.RiskManagement
		SccLocalPath1 = Nirvana.RiskManagement
		SccProjectUniqueName2 = ..\\Nirvana.BusinessObjects\\Nirvana.BusinessObjects.csproj
		SccProjectName2 = ../Nirvana.BusinessObjects
		SccLocalPath2 = ..\\Nirvana.BusinessObjects
		SccProjectUniqueName3 = ..\\Nirvana.ExposureAndPNLCalculator\\Nirvana.ExposureAndPNLCalculator\\Nirvana.ExposureAndPNLCalculator.csproj
		SccProjectName3 = ../Nirvana.ExposureAndPNLCalculator/Nirvana.ExposureAndPNLCalculator
		SccLocalPath3 = ..\\Nirvana.ExposureAndPNLCalculator\\Nirvana.ExposureAndPNLCalculator
		SccProjectUniqueName4 = ..\\..\\ApplicationAdmin\\NirvanaSuperAdmin\\Nirvana.Admin.Utility\\Nirvana.Admin.Utility.csproj
		SccProjectName4 = ../../ApplicationAdmin/NirvanaSuperAdmin/Nirvana.Admin.Utility
		SccLocalPath4 = ..\\..\\ApplicationAdmin\\NirvanaSuperAdmin\\Nirvana.Admin.Utility
		SccProjectUniqueName5 = ..\\Nirvana.Global\\Nirvana.Global.csproj
		SccProjectName5 = ../Nirvana.Global
		SccLocalPath5 = ..\\Nirvana.Global
		SccProjectUniqueName6 = ..\\..\\ApplicationAdmin\\NirvanaSuperAdmin\\Nirvana.Admin.BLL\\Nirvana.Admin.BLL.csproj
		SccProjectName6 = ../../ApplicationAdmin/NirvanaSuperAdmin/Nirvana.Admin.BLL
		SccLocalPath6 = ..\\..\\ApplicationAdmin\\NirvanaSuperAdmin\\Nirvana.Admin.BLL
		SccProjectUniqueName7 = Nirvana.RiskManagement.RiskRuleEngine.BusinessRules\\Nirvana.RiskManagement.RiskRuleEngine.BusinessRules.csproj
		SccProjectName7 = Nirvana.RiskManagement.RiskRuleEngine.BusinessRules
		SccLocalPath7 = Nirvana.RiskManagement.RiskRuleEngine.BusinessRules
		SccProjectUniqueName8 = Nirvana.RiskManagement.RiskRuleEngine.Core\\Nirvana.RuleEngine.Core.csproj
		SccProjectName8 = Nirvana.RiskManagement.RiskRuleEngine.Core
		SccLocalPath8 = Nirvana.RiskManagement.RiskRuleEngine.Core
	EndGlobalSection
	GlobalSection(SolutionConfigurationPlatforms) = preSolution
		Debug|Any CPU = Debug|Any CPU
		Release|Any CPU = Release|Any CPU
	EndGlobalSection
	GlobalSection(ProjectConfigurationPlatforms) = postSolution
		{AFEC2174-71E9-47E5-BF29-A938D916B042}.Debug|Any CPU.ActiveCfg = Debug|Any CPU
		{AFEC2174-71E9-47E5-BF29-A938D916B042}.Debug|Any CPU.Build.0 = Debug|Any CPU
		{AFEC2174-71E9-47E5-BF29-A938D916B042}.Release|Any CPU.ActiveCfg = Release|Any CPU
		{AFEC2174-71E9-47E5-BF29-A938D916B042}.Release|Any CPU.Build.0 = Release|Any CPU
		{B209105C-CA12-4CDA-9CC5-3540D487BBB6}.Debug|Any CPU.ActiveCfg = Debug|Any CPU
		{B209105C-CA12-4CDA-9CC5-3540D487BBB6}.Debug|Any CPU.Build.0 = Debug|Any CPU
		{B209105C-CA12-4CDA-9CC5-3540D487BBB6}.Release|Any CPU.ActiveCfg = Release|Any CPU
		{B209105C-CA12-4CDA-9CC5-3540D487BBB6}.Release|Any CPU.Build.0 = Release|Any CPU
		{4DE35B6A-43E2-4C84-BCF2-E5BAE15CC2BC}.Debug|Any CPU.ActiveCfg = Debug|Any CPU
		{4DE35B6A-43E2-4C84-BCF2-E5BAE15CC2BC}.Debug|Any CPU.Build.0 = Debug|Any CPU
		{4DE35B6A-43E2-4C84-BCF2-E5BAE15CC2BC}.Release|Any CPU.ActiveCfg = Release|Any CPU
		{4DE35B6A-43E2-4C84-BCF2-E5BAE15CC2BC}.Release|Any CPU.Build.0 = Release|Any CPU
		{F607BA15-449F-4064-AE8C-BD16FE329BAA}.Debug|Any CPU.ActiveCfg = Debug|Any CPU
		{F607BA15-449F-4064-AE8C-BD16FE329BAA}.Debug|Any CPU.Build.0 = Debug|Any CPU
		{F607BA15-449F-4064-AE8C-BD16FE329BAA}.Release|Any CPU.ActiveCfg = Release|Any CPU
		{F607BA15-449F-4064-AE8C-BD16FE329BAA}.Release|Any CPU.Build.0 = Release|Any CPU
		{98BF7EEC-2A9A-4B4F-8809-E2AE23939F8A}.Debug|Any CPU.ActiveCfg = Debug|Any CPU
		{98BF7EEC-2A9A-4B4F-8809-E2AE23939F8A}.Debug|Any CPU.Build.0 = Debug|Any CPU
		{98BF7EEC-2A9A-4B4F-8809-E2AE23939F8A}.Release|Any CPU.ActiveCfg = Release|Any CPU
		{98BF7EEC-2A9A-4B4F-8809-E2AE23939F8A}.Release|Any CPU.Build.0 = Release|Any CPU
		{F015C504-985F-44AA-92EC-E6F8C8461F9C}.Debug|Any CPU.ActiveCfg = Debug|Any CPU
		{F015C504-985F-44AA-92EC-E6F8C8461F9C}.Debug|Any CPU.Build.0 = Debug|Any CPU
		{F015C504-985F-44AA-92EC-E6F8C8461F9C}.Release|Any CPU.ActiveCfg = Release|Any CPU
		{F015C504-985F-44AA-92EC-E6F8C8461F9C}.Release|Any CPU.Build.0 = Release|Any CPU
		{CF4726A9-FBDF-4F5C-B3FC-2A7B32E3CEA4}.Debug|Any CPU.ActiveCfg = Debug|Any CPU
		{CF4726A9-FBDF-4F5C-B3FC-2A7B32E3CEA4}.Debug|Any CPU.Build.0 = Debug|Any CPU
		{CF4726A9-FBDF-4F5C-B3FC-2A7B32E3CEA4}.Release|Any CPU.ActiveCfg = Release|Any CPU
		{CF4726A9-FBDF-4F5C-B3FC-2A7B32E3CEA4}.Release|Any CPU.Build.0 = Release|Any CPU
		{A7943E93-71A6-4992-8027-BB48897CF037}.Debug|Any CPU.ActiveCfg = Debug|Any CPU
		{A7943E93-71A6-4992-8027-BB48897CF037}.Debug|Any CPU.Build.0 = Debug|Any CPU
		{A7943E93-71A6-4992-8027-BB48897CF037}.Release|Any CPU.ActiveCfg = Release|Any CPU
		{A7943E93-71A6-4992-8027-BB48897CF037}.Release|Any CPU.Build.0 = Release|Any CPU
	EndGlobalSection
	GlobalSection(SolutionProperties) = preSolution
		HideSolutionNode = FALSE
	EndGlobalSection
EndGlobal
