
Microsoft Visual Studio Solution File, Format Version 9.00
# Visual Studio 2005
Project("{D2ABAB84-BF74-430A-B69E-9DC6D40DDA17}") = "PranaAnalysisServices", "PranaAnalysisServices\PranaAnalysisServices.dwproj", "{42B24731-599D-4DA5-BCBB-9D10F8890068}"
EndProject
Project("{F14B399A-7131-4C87-9E4B-1186C45EF12D}") = "Analysis Report Project", "Report Project1\Analysis Report Project.rptproj", "{DD3FE3D6-E15E-46A1-8570-5D8FD3427344}"
EndProject
Project("{2150E333-8FDC-42A3-9474-1A3956D46DE8}") = "Solution Items", "Solution Items", "{4037C218-D936-40BC-BE8F-E9CA472D569B}"
EndProject
Project("{D183A3D8-5FD8-494B-B014-37F57B35E655}") = "Integration Services Project", "Integration Services Project\Integration Services Project.dtproj", "{2F8B7EC7-01B2-48EE-9031-5258D308C285}"
EndProject
Project("{FAE04EC0-301F-11D3-BF4B-00C04F79EFBC}") = "DemoTools", "DemoTools\DemoTools.csproj", "{CB199470-5CB8-400F-9F3B-33520CFD2562}"
EndProject
Project("{FAE04EC0-301F-11D3-BF4B-00C04F79EFBC}") = "DataProcessor", "DataProcessor\DataProcessor.csproj", "{85477795-C118-47B0-9D97-E6D2FCAA5411}"
EndProject
Project("{FAE04EC0-301F-11D3-BF4B-00C04F79EFBC}") = "Prana.Global", "..\..\Application\Prana.Global\Prana.Global.csproj", "{98BF7EEC-2A9A-4B4F-8809-E2AE23939F8A}"
EndProject
Project("{D2ABAB84-BF74-430A-B69E-9DC6D40DDA17}") = "PranaAnalysisServicesTest", "PranaAnalysisServicesTest\PranaAnalysisServicesTest.dwproj", "{D948CFA8-470A-4E69-81F7-498AEAFF7FC9}"
EndProject
Global
	GlobalSection(SolutionConfigurationPlatforms) = preSolution
		Debug|Any CPU = Debug|Any CPU
		DebuggableRelease|Any CPU = DebuggableRelease|Any CPU
		DebugLocal|Any CPU = DebugLocal|Any CPU
		Development|Any CPU = Development|Any CPU
		Production|Any CPU = Production|Any CPU
		Release|Any CPU = Release|Any CPU
	EndGlobalSection
	GlobalSection(ProjectConfigurationPlatforms) = postSolution
		{42B24731-599D-4DA5-BCBB-9D10F8890068}.Debug|Any CPU.ActiveCfg = Development
		{42B24731-599D-4DA5-BCBB-9D10F8890068}.DebuggableRelease|Any CPU.ActiveCfg = Development
		{42B24731-599D-4DA5-BCBB-9D10F8890068}.DebuggableRelease|Any CPU.Build.0 = Development
		{42B24731-599D-4DA5-BCBB-9D10F8890068}.DebuggableRelease|Any CPU.Deploy.0 = Development
		{42B24731-599D-4DA5-BCBB-9D10F8890068}.DebugLocal|Any CPU.ActiveCfg = Development
		{42B24731-599D-4DA5-BCBB-9D10F8890068}.DebugLocal|Any CPU.Build.0 = Development
		{42B24731-599D-4DA5-BCBB-9D10F8890068}.DebugLocal|Any CPU.Deploy.0 = Development
		{42B24731-599D-4DA5-BCBB-9D10F8890068}.Development|Any CPU.ActiveCfg = Development
		{42B24731-599D-4DA5-BCBB-9D10F8890068}.Development|Any CPU.Build.0 = Development
		{42B24731-599D-4DA5-BCBB-9D10F8890068}.Development|Any CPU.Deploy.0 = Development
		{42B24731-599D-4DA5-BCBB-9D10F8890068}.Production|Any CPU.ActiveCfg = Development
		{42B24731-599D-4DA5-BCBB-9D10F8890068}.Production|Any CPU.Build.0 = Development
		{42B24731-599D-4DA5-BCBB-9D10F8890068}.Production|Any CPU.Deploy.0 = Development
		{42B24731-599D-4DA5-BCBB-9D10F8890068}.Release|Any CPU.ActiveCfg = Development
		{42B24731-599D-4DA5-BCBB-9D10F8890068}.Release|Any CPU.Build.0 = Development
		{42B24731-599D-4DA5-BCBB-9D10F8890068}.Release|Any CPU.Deploy.0 = Development
		{DD3FE3D6-E15E-46A1-8570-5D8FD3427344}.Debug|Any CPU.ActiveCfg = DebugLocal
		{DD3FE3D6-E15E-46A1-8570-5D8FD3427344}.DebuggableRelease|Any CPU.ActiveCfg = DebugLocal
		{DD3FE3D6-E15E-46A1-8570-5D8FD3427344}.DebuggableRelease|Any CPU.Build.0 = DebugLocal
		{DD3FE3D6-E15E-46A1-8570-5D8FD3427344}.DebuggableRelease|Any CPU.Deploy.0 = DebugLocal
		{DD3FE3D6-E15E-46A1-8570-5D8FD3427344}.DebugLocal|Any CPU.ActiveCfg = DebugLocal
		{DD3FE3D6-E15E-46A1-8570-5D8FD3427344}.DebugLocal|Any CPU.Build.0 = DebugLocal
		{DD3FE3D6-E15E-46A1-8570-5D8FD3427344}.DebugLocal|Any CPU.Deploy.0 = DebugLocal
		{DD3FE3D6-E15E-46A1-8570-5D8FD3427344}.Development|Any CPU.ActiveCfg = DebugLocal
		{DD3FE3D6-E15E-46A1-8570-5D8FD3427344}.Development|Any CPU.Build.0 = DebugLocal
		{DD3FE3D6-E15E-46A1-8570-5D8FD3427344}.Development|Any CPU.Deploy.0 = DebugLocal
		{DD3FE3D6-E15E-46A1-8570-5D8FD3427344}.Production|Any CPU.ActiveCfg = Production
		{DD3FE3D6-E15E-46A1-8570-5D8FD3427344}.Production|Any CPU.Build.0 = Production
		{DD3FE3D6-E15E-46A1-8570-5D8FD3427344}.Production|Any CPU.Deploy.0 = Production
		{DD3FE3D6-E15E-46A1-8570-5D8FD3427344}.Release|Any CPU.ActiveCfg = Production
		{DD3FE3D6-E15E-46A1-8570-5D8FD3427344}.Release|Any CPU.Build.0 = Production
		{DD3FE3D6-E15E-46A1-8570-5D8FD3427344}.Release|Any CPU.Deploy.0 = Production
		{2F8B7EC7-01B2-48EE-9031-5258D308C285}.Debug|Any CPU.ActiveCfg = Development
		{2F8B7EC7-01B2-48EE-9031-5258D308C285}.DebuggableRelease|Any CPU.ActiveCfg = Development
		{2F8B7EC7-01B2-48EE-9031-5258D308C285}.DebuggableRelease|Any CPU.Build.0 = Development
		{2F8B7EC7-01B2-48EE-9031-5258D308C285}.DebugLocal|Any CPU.ActiveCfg = Development
		{2F8B7EC7-01B2-48EE-9031-5258D308C285}.DebugLocal|Any CPU.Build.0 = Development
		{2F8B7EC7-01B2-48EE-9031-5258D308C285}.Development|Any CPU.ActiveCfg = Development
		{2F8B7EC7-01B2-48EE-9031-5258D308C285}.Development|Any CPU.Build.0 = Development
		{2F8B7EC7-01B2-48EE-9031-5258D308C285}.Production|Any CPU.ActiveCfg = Development
		{2F8B7EC7-01B2-48EE-9031-5258D308C285}.Production|Any CPU.Build.0 = Development
		{2F8B7EC7-01B2-48EE-9031-5258D308C285}.Release|Any CPU.ActiveCfg = Development
		{2F8B7EC7-01B2-48EE-9031-5258D308C285}.Release|Any CPU.Build.0 = Development
		{CB199470-5CB8-400F-9F3B-33520CFD2562}.Debug|Any CPU.ActiveCfg = Debug|Any CPU
		{CB199470-5CB8-400F-9F3B-33520CFD2562}.Debug|Any CPU.Build.0 = Debug|Any CPU
		{CB199470-5CB8-400F-9F3B-33520CFD2562}.DebuggableRelease|Any CPU.ActiveCfg = Release|Any CPU
		{CB199470-5CB8-400F-9F3B-33520CFD2562}.DebuggableRelease|Any CPU.Build.0 = Release|Any CPU
		{CB199470-5CB8-400F-9F3B-33520CFD2562}.DebugLocal|Any CPU.ActiveCfg = Debug|Any CPU
		{CB199470-5CB8-400F-9F3B-33520CFD2562}.DebugLocal|Any CPU.Build.0 = Debug|Any CPU
		{CB199470-5CB8-400F-9F3B-33520CFD2562}.Development|Any CPU.ActiveCfg = Debug|Any CPU
		{CB199470-5CB8-400F-9F3B-33520CFD2562}.Development|Any CPU.Build.0 = Debug|Any CPU
		{CB199470-5CB8-400F-9F3B-33520CFD2562}.Production|Any CPU.ActiveCfg = Release|Any CPU
		{CB199470-5CB8-400F-9F3B-33520CFD2562}.Production|Any CPU.Build.0 = Release|Any CPU
		{CB199470-5CB8-400F-9F3B-33520CFD2562}.Release|Any CPU.ActiveCfg = Release|Any CPU
		{CB199470-5CB8-400F-9F3B-33520CFD2562}.Release|Any CPU.Build.0 = Release|Any CPU
		{85477795-C118-47B0-9D97-E6D2FCAA5411}.Debug|Any CPU.ActiveCfg = Debug|Any CPU
		{85477795-C118-47B0-9D97-E6D2FCAA5411}.Debug|Any CPU.Build.0 = Debug|Any CPU
		{85477795-C118-47B0-9D97-E6D2FCAA5411}.DebuggableRelease|Any CPU.ActiveCfg = Release|Any CPU
		{85477795-C118-47B0-9D97-E6D2FCAA5411}.DebuggableRelease|Any CPU.Build.0 = Release|Any CPU
		{85477795-C118-47B0-9D97-E6D2FCAA5411}.DebugLocal|Any CPU.ActiveCfg = Debug|Any CPU
		{85477795-C118-47B0-9D97-E6D2FCAA5411}.DebugLocal|Any CPU.Build.0 = Debug|Any CPU
		{85477795-C118-47B0-9D97-E6D2FCAA5411}.Development|Any CPU.ActiveCfg = Debug|Any CPU
		{85477795-C118-47B0-9D97-E6D2FCAA5411}.Development|Any CPU.Build.0 = Debug|Any CPU
		{85477795-C118-47B0-9D97-E6D2FCAA5411}.Production|Any CPU.ActiveCfg = Release|Any CPU
		{85477795-C118-47B0-9D97-E6D2FCAA5411}.Production|Any CPU.Build.0 = Release|Any CPU
		{85477795-C118-47B0-9D97-E6D2FCAA5411}.Release|Any CPU.ActiveCfg = Release|Any CPU
		{85477795-C118-47B0-9D97-E6D2FCAA5411}.Release|Any CPU.Build.0 = Release|Any CPU
		{98BF7EEC-2A9A-4B4F-8809-E2AE23939F8A}.Debug|Any CPU.ActiveCfg = Debug|Any CPU
		{98BF7EEC-2A9A-4B4F-8809-E2AE23939F8A}.Debug|Any CPU.Build.0 = Debug|Any CPU
		{98BF7EEC-2A9A-4B4F-8809-E2AE23939F8A}.DebuggableRelease|Any CPU.ActiveCfg = DebuggableRelease|Any CPU
		{98BF7EEC-2A9A-4B4F-8809-E2AE23939F8A}.DebuggableRelease|Any CPU.Build.0 = DebuggableRelease|Any CPU
		{98BF7EEC-2A9A-4B4F-8809-E2AE23939F8A}.DebugLocal|Any CPU.ActiveCfg = DebuggableRelease|Any CPU
		{98BF7EEC-2A9A-4B4F-8809-E2AE23939F8A}.DebugLocal|Any CPU.Build.0 = DebuggableRelease|Any CPU
		{98BF7EEC-2A9A-4B4F-8809-E2AE23939F8A}.Development|Any CPU.ActiveCfg = DebuggableRelease|Any CPU
		{98BF7EEC-2A9A-4B4F-8809-E2AE23939F8A}.Development|Any CPU.Build.0 = DebuggableRelease|Any CPU
		{98BF7EEC-2A9A-4B4F-8809-E2AE23939F8A}.Production|Any CPU.ActiveCfg = DebuggableRelease|Any CPU
		{98BF7EEC-2A9A-4B4F-8809-E2AE23939F8A}.Production|Any CPU.Build.0 = DebuggableRelease|Any CPU
		{98BF7EEC-2A9A-4B4F-8809-E2AE23939F8A}.Release|Any CPU.ActiveCfg = Release|Any CPU
		{98BF7EEC-2A9A-4B4F-8809-E2AE23939F8A}.Release|Any CPU.Build.0 = Release|Any CPU
		{D948CFA8-470A-4E69-81F7-498AEAFF7FC9}.Debug|Any CPU.ActiveCfg = Development
		{D948CFA8-470A-4E69-81F7-498AEAFF7FC9}.Debug|Any CPU.Build.0 = Development
		{D948CFA8-470A-4E69-81F7-498AEAFF7FC9}.Debug|Any CPU.Deploy.0 = Development
		{D948CFA8-470A-4E69-81F7-498AEAFF7FC9}.DebuggableRelease|Any CPU.ActiveCfg = Development
		{D948CFA8-470A-4E69-81F7-498AEAFF7FC9}.DebuggableRelease|Any CPU.Build.0 = Development
		{D948CFA8-470A-4E69-81F7-498AEAFF7FC9}.DebuggableRelease|Any CPU.Deploy.0 = Development
		{D948CFA8-470A-4E69-81F7-498AEAFF7FC9}.DebugLocal|Any CPU.ActiveCfg = Development
		{D948CFA8-470A-4E69-81F7-498AEAFF7FC9}.DebugLocal|Any CPU.Build.0 = Development
		{D948CFA8-470A-4E69-81F7-498AEAFF7FC9}.DebugLocal|Any CPU.Deploy.0 = Development
		{D948CFA8-470A-4E69-81F7-498AEAFF7FC9}.Development|Any CPU.ActiveCfg = Development
		{D948CFA8-470A-4E69-81F7-498AEAFF7FC9}.Development|Any CPU.Build.0 = Development
		{D948CFA8-470A-4E69-81F7-498AEAFF7FC9}.Development|Any CPU.Deploy.0 = Development
		{D948CFA8-470A-4E69-81F7-498AEAFF7FC9}.Production|Any CPU.ActiveCfg = Development
		{D948CFA8-470A-4E69-81F7-498AEAFF7FC9}.Production|Any CPU.Build.0 = Development
		{D948CFA8-470A-4E69-81F7-498AEAFF7FC9}.Production|Any CPU.Deploy.0 = Development
		{D948CFA8-470A-4E69-81F7-498AEAFF7FC9}.Release|Any CPU.ActiveCfg = Development
		{D948CFA8-470A-4E69-81F7-498AEAFF7FC9}.Release|Any CPU.Build.0 = Development
		{D948CFA8-470A-4E69-81F7-498AEAFF7FC9}.Release|Any CPU.Deploy.0 = Development
	EndGlobalSection
	GlobalSection(SolutionProperties) = preSolution
		HideSolutionNode = FALSE
	EndGlobalSection
EndGlobal
